{"format_version":"1.2","terraform_version":"1.12.2","variables":{"account_id":{"value":"123456789012"},"acm_certificate_arn":{"value":"arn:aws:acm:ap-northeast-1:123456789012:certificate/abcd1234"},"alarm_email":{"value":"alerts@example.com"},"anomaly_threshold_amount":{"value":50000},"app_initial_secret":{"value":"32_char_long_random_string"},"app_secret_arn":{"value":"arn:aws:secretsmanager:ap-northeast-1:123456789012:secret:/crm/prod/app_secret-ABC"},"app_secret_value":{"value":"32_char_long_random_string"},"azs":{"value":["ap-northeast-1a","ap-northeast-1b"]},"budget_threshold_percent":{"value":80},"cur_s3_bucket":{"value":"my-crm-cur-bucket"},"db_initial_password":{"value":"secure_db_password"},"db_instance_class":{"value":"db.t3.medium"},"db_name":{"value":"twenty"},"db_password":{"value":"secure_db_password"},"db_sg_ids":{"value":["sg-0123456789abcdef0"]},"db_username":{"value":"twenty_admin"},"domain_name":{"value":"crm.example.com"},"dr_region":{"value":"ap-southeast-1"},"lambda_code_bucket":{"value":"my-deployed-lambda-bucket"},"lambda_code_key":{"value":"dr/promote-replica.zip"},"monthly_budget_limit":{"value":1000000},"pg_initial_password":{"value":"secure_superuser_password"},"pgpassword_secret_arn":{"value":"arn:aws:secretsmanager:ap-northeast-1:123456789012:secret:/crm/prod/pg_superuser_password-XYZ"},"pgpassword_value":{"value":"secure_superuser_password"},"pipeline_name":{"value":"crm-prod-deployment"},"prefix":{"value":"crm-prod"},"private_subnets":{"value":["10.0.3.0/24","10.0.4.0/24"]},"public_subnets":{"value":["10.0.1.0/24","10.0.2.0/24"]},"region":{"value":"ap-northeast-1"},"vpc_cidr":{"value":"10.0.0.0/16"}},"planned_values":{"root_module":{"child_modules":[{"resources":[{"address":"module.backup.aws_backup_plan.cross_region","mode":"managed","type":"aws_backup_plan","name":"cross_region","provider_name":"registry.terraform.io/hashicorp/aws","schema_version":1,"values":{"advanced_backup_setting":[],"name":"crm-prod-cross-region-backup","region":"ap-northeast-1","rule":[{"completion_window":180,"copy_action":[{"lifecycle":[{"cold_storage_after":null,"delete_after":90}]}],"enable_continuous_backup":false,"lifecycle":[{"cold_storage_after":null,"delete_after":35}],"recovery_point_tags":null,"rule_name":"daily-backup","schedule":"cron(0 3 * * ? *)","schedule_expression_timezone":"Etc/UTC","start_window":60,"target_vault_name":"crm-prod-backup-vault"}],"tags":null},"sensitive_values":{"advanced_backup_setting":[],"rule":[{"copy_action":[{"lifecycle":[{}]}],"lifecycle":[{}]}],"tags_all":{}}},{"address":"module.backup.aws_backup_selection.rds","mode":"managed","type":"aws_backup_selection","name":"rds","provider_name":"registry.terraform.io/hashicorp/aws","schema_version":0,"values":{"name":"crm-prod-rds-selection","region":"ap-northeast-1","selection_tag":[]},"sensitive_values":{"condition":[],"not_resources":[],"resources":[],"selection_tag":[]}},{"address":"module.backup.aws_backup_vault.primary","mode":"managed","type":"aws_backup_vault","name":"primary","provider_name":"registry.terraform.io/hashicorp/aws","schema_version":0,"values":{"force_destroy":false,"name":"crm-prod-backup-vault","region":"ap-northeast-1","tags":null,"timeouts":null},"sensitive_values":{"tags_all":{}}},{"address":"module.backup.aws_backup_vault.secondary","mode":"managed","type":"aws_backup_vault","name":"secondary","provider_name":"registry.terraform.io/hashicorp/aws","schema_version":0,"values":{"force_destroy":false,"name":"crm-prod-backup-vault-dr","region":"ap-southeast-1","tags":null,"timeouts":null},"sensitive_values":{"tags_all":{}}},{"address":"module.backup.aws_iam_role.backup_role","mode":"managed","type":"aws_iam_role","name":"backup_role","provider_name":"registry.terraform.io/hashicorp/aws","schema_version":0,"values":{"assume_role_policy":"{\"Statement\":[{\"Action\":\"sts:AssumeRole\",\"Effect\":\"Allow\",\"Principal\":{\"Service\":\"backup.amazonaws.com\"}}],\"Version\":\"2012-10-17\"}","description":null,"force_detach_policies":false,"max_session_duration":3600,"name":"crm-prod-backup-role","path":"/","permissions_boundary":null,"tags":null},"sensitive_values":{"inline_policy":[],"managed_policy_arns":[],"tags_all":{}},"identity_schema_version":0,"identity":{"account_id":null,"name":null}},{"address":"module.backup.aws_iam_role_policy_attachment.backup_policy","mode":"managed","type":"aws_iam_role_policy_attachment","name":"backup_policy","provider_name":"registry.terraform.io/hashicorp/aws","schema_version":0,"values":{"policy_arn":"arn:aws:iam::aws:policy/service-role/AWSBackupServiceRolePolicyForBackup","role":"crm-prod-backup-role"},"sensitive_values":{},"identity_schema_version":0,"identity":{"account_id":null,"policy_arn":null,"role":null}}],"address":"module.backup"},{"resources":[{"address":"module.ci_cd.aws_codebuild_project.build","mode":"managed","type":"aws_codebuild_project","name":"build","provider_name":"registry.terraform.io/hashicorp/aws","schema_version":0,"values":{"artifacts":[{"artifact_identifier":null,"bucket_owner_access":null,"encryption_disabled":false,"location":null,"name":null,"namespace_type":null,"override_artifact_name":false,"packaging":null,"path":null,"type":"CODEPIPELINE"}],"badge_enabled":false,"build_batch_config":[],"build_timeout":60,"cache":[{"location":null,"modes":["LOCAL_SOURCE_CACHE","LOCAL_DOCKER_LAYER_CACHE"],"type":"LOCAL"}],"concurrent_build_limit":null,"description":"CRM build project","environment":[{"certificate":null,"compute_type":"BUILD_GENERAL1_MEDIUM","docker_server":[],"environment_variable":[{"name":"AWS_ACCOUNT_ID","type":"PLAINTEXT","value":"123456789012"},{"name":"AWS_DEFAULT_REGION","type":"PLAINTEXT","value":"ap-northeast-1"}],"fleet":[],"image":"aws/codebuild/standard:6.0","image_pull_credentials_type":"CODEBUILD","privileged_mode":true,"registry_credential":[],"type":"LINUX_CONTAINER"}],"file_system_locations":[],"logs_config":[],"name":"crm-build","project_visibility":"PRIVATE","queued_timeout":480,"region":"ap-northeast-1","resource_access_role":null,"secondary_artifacts":[],"secondary_source_version":[],"secondary_sources":[],"source":[{"auth":[],"build_status_config":[],"buildspec":"version: 0.2\n\nphases:\n  pre_build:\n    commands:\n      - echo Logging in to Amazon ECR...\n      - aws ecr get-login-password --region $AWS_DEFAULT_REGION | docker login --username AWS --password-stdin $AWS_ACCOUNT_ID.dkr.ecr.$AWS_DEFAULT_REGION.amazonaws.com\n  build:\n    commands:\n      - echo Build started on `date`\n      - echo Building the Docker image for server...\n      - cd application/twenty-server\n      - docker build -t $AWS_ACCOUNT_ID.dkr.ecr.$AWS_DEFAULT_REGION.amazonaws.com/twenty-server:latest .\n      - cd ../..\n      - echo Building the Docker image for worker...\n      - cd application/twenty-worker\n      - docker build -t $AWS_ACCOUNT_ID.dkr.ecr.$AWS_DEFAULT_REGION.amazonaws.com/twenty-worker:latest .\n      - cd ../..\n  post_build:\n    commands:\n      - echo Build completed on `date`\n      - echo Pushing the Docker images to ECR...\n      - docker push $AWS_ACCOUNT_ID.dkr.ecr.$AWS_DEFAULT_REGION.amazonaws.com/twenty-server:latest\n      - docker push $AWS_ACCOUNT_ID.dkr.ecr.$AWS_DEFAULT_REGION.amazonaws.com/twenty-worker:latest\n      - echo Writing image definitions file...\n      - printf '[{\"name\":\"twenty-server\",\"imageUri\":\"%s\"},{\"name\":\"twenty-worker\",\"imageUri\":\"%s\"}]' $AWS_ACCOUNT_ID.dkr.ecr.$AWS_DEFAULT_REGION.amazonaws.com/twenty-server:latest $AWS_ACCOUNT_ID.dkr.ecr.$AWS_DEFAULT_REGION.amazonaws.com/twenty-worker:latest \u003e imagedefinitions.json\nartifacts:\n  files:\n    - \"imagedefinitions.json\"\n","git_clone_depth":null,"git_submodules_config":[],"insecure_ssl":null,"location":null,"report_build_status":null,"type":"CODEPIPELINE"}],"source_version":null,"tags":null,"vpc_config":[]},"sensitive_values":{"artifacts":[{}],"build_batch_config":[],"cache":[{"modes":[false,false]}],"environment":[{"docker_server":[],"environment_variable":[{},{}],"fleet":[],"registry_credential":[]}],"file_system_locations":[],"logs_config":[],"secondary_artifacts":[],"secondary_source_version":[],"secondary_sources":[],"source":[{"auth":[],"build_status_config":[],"git_submodules_config":[]}],"tags_all":{},"vpc_config":[]},"identity_schema_version":0,"identity":{"arn":null}},{"address":"module.ci_cd.aws_codedeploy_app.ecs","mode":"managed","type":"aws_codedeploy_app","name":"ecs","provider_name":"registry.terraform.io/hashicorp/aws","schema_version":0,"values":{"compute_platform":"ECS","name":"crm-prod-deployment-cd-app","region":"ap-northeast-1","tags":null},"sensitive_values":{"tags_all":{}}},{"address":"module.ci_cd.aws_codedeploy_deployment_group.ecs","mode":"managed","type":"aws_codedeploy_deployment_group","name":"ecs","provider_name":"registry.terraform.io/hashicorp/aws","schema_version":0,"values":{"alarm_configuration":[{"alarms":["crm-prod-deployment-alb-5xx","ecs-high-cpu","ecs-high-memory","rds-high-cpu"],"enabled":true,"ignore_poll_alarm_failure":false}],"app_name":"crm-prod-deployment-cd-app","auto_rollback_configuration":[{"enabled":true,"events":["DEPLOYMENT_FAILURE","DEPLOYMENT_STOP_ON_ALARM"]}],"autoscaling_groups":null,"blue_green_deployment_config":[{"deployment_ready_option":[{"action_on_timeout":"CONTINUE_DEPLOYMENT","wait_time_in_minutes":0}],"green_fleet_provisioning_option":[{"action":"DISCOVER_EXISTING"}],"terminate_blue_instances_on_deployment_success":[{"action":"TERMINATE","termination_wait_time_in_minutes":5}]}],"deployment_config_name":"CodeDeployDefault.OneAtATime","deployment_group_name":"crm-prod-deployment-dg","deployment_style":[{"deployment_option":"WITH_TRAFFIC_CONTROL","deployment_type":"BLUE_GREEN"}],"ec2_tag_filter":[],"ec2_tag_set":[],"ecs_service":[{"cluster_name":"crm-cluster","service_name":"twenty-server"}],"load_balancer_info":[{"elb_info":[],"target_group_info":[],"target_group_pair_info":[{"prod_traffic_route":[{}],"target_group":[{"name":"crm-tg"},{"name":"crm-tg-green"}],"test_traffic_route":[{}]}]}],"on_premises_instance_tag_filter":[],"outdated_instances_strategy":"UPDATE","region":"ap-northeast-1","tags":null,"termination_hook_enabled":false,"trigger_configuration":[]},"sensitive_values":{"alarm_configuration":[{"alarms":[false,false,false,false]}],"auto_rollback_configuration":[{"events":[false,false]}],"blue_green_deployment_config":[{"deployment_ready_option":[{}],"green_fleet_provisioning_option":[{}],"terminate_blue_instances_on_deployment_success":[{}]}],"deployment_style":[{}],"ec2_tag_filter":[],"ec2_tag_set":[],"ecs_service":[{}],"load_balancer_info":[{"elb_info":[],"target_group_info":[],"target_group_pair_info":[{"prod_traffic_route":[{"listener_arns":[]}],"target_group":[{},{}],"test_traffic_route":[{"listener_arns":[]}]}]}],"on_premises_instance_tag_filter":[],"tags_all":{},"trigger_configuration":[]}},{"address":"module.ci_cd.aws_codepipeline.crm","mode":"managed","type":"aws_codepipeline","name":"crm","provider_name":"registry.terraform.io/hashicorp/aws","schema_version":0,"values":{"artifact_store":[{"encryption_key":[],"location":"crm-prod-deployment-artifacts","region":"","type":"S3"}],"execution_mode":"SUPERSEDED","name":"crm-prod-deployment","pipeline_type":"V1","region":"ap-northeast-1","stage":[{"action":[{"category":"Source","input_artifacts":null,"name":"GitHub_Source","namespace":null,"output_artifacts":["source_output"],"owner":"AWS","provider":"CodeStarSourceConnection","role_arn":null,"timeout_in_minutes":null,"version":"1"}],"before_entry":[],"name":"Source","on_failure":[],"on_success":[]},{"action":[{"category":"Build","configuration":{"ProjectName":"crm-build"},"input_artifacts":["source_output"],"name":"Build","namespace":null,"output_artifacts":["build_output"],"owner":"AWS","provider":"CodeBuild","role_arn":null,"timeout_in_minutes":null,"version":"1"}],"before_entry":[],"name":"Build","on_failure":[],"on_success":[]},{"action":[{"category":"Approval","configuration":null,"input_artifacts":null,"name":"ManualApproval","namespace":null,"output_artifacts":null,"owner":"AWS","provider":"Manual","role_arn":null,"run_order":1,"timeout_in_minutes":null,"version":"1"}],"before_entry":[],"name":"Approve","on_failure":[],"on_success":[]},{"action":[{"category":"Deploy","configuration":{"ApplicationName":"crm-prod-deployment-cd-app","DeploymentGroupName":"crm-prod-deployment-dg","FileExistsBehavior":"OVERWRITE"},"input_artifacts":["build_output"],"name":"BlueGreenDeploy","namespace":null,"output_artifacts":null,"owner":"AWS","provider":"CodeDeploy","role_arn":null,"timeout_in_minutes":null,"version":"1"}],"before_entry":[],"name":"Deploy","on_failure":[],"on_success":[]}],"tags":null,"trigger":[],"variable":[]},"sensitive_values":{"artifact_store":[{"encryption_key":[]}],"stage":[{"action":[{"configuration":{},"output_artifacts":[false]}],"before_entry":[],"on_failure":[],"on_success":[]},{"action":[{"configuration":{},"input_artifacts":[false],"output_artifacts":[false]}],"before_entry":[],"on_failure":[],"on_success":[]},{"action":[{}],"before_entry":[],"on_failure":[],"on_success":[]},{"action":[{"configuration":{},"input_artifacts":[false]}],"before_entry":[],"on_failure":[],"on_success":[]}],"tags_all":{},"trigger":[],"trigger_all":[],"variable":[]}},{"address":"module.ci_cd.aws_codestarconnections_connection.github","mode":"managed","type":"aws_codestarconnections_connection","name":"github","provider_name":"registry.terraform.io/hashicorp/aws","schema_version":0,"values":{"host_arn":null,"name":"crm-github-connection","provider_type":"GitHub","region":"ap-northeast-1","tags":null},"sensitive_values":{"tags_all":{}},"identity_schema_version":0,"identity":{"arn":null}},{"address":"module.ci_cd.aws_ecr_repository.server","mode":"managed","type":"aws_ecr_repository","name":"server","provider_name":"registry.terraform.io/hashicorp/aws","schema_version":0,"values":{"encryption_configuration":[],"force_delete":null,"image_scanning_configuration":[{"scan_on_push":true}],"image_tag_mutability":"MUTABLE","name":"twenty-server","region":"ap-northeast-1","tags":null,"timeouts":null},"sensitive_values":{"encryption_configuration":[],"image_scanning_configuration":[{}],"tags_all":{}}},{"address":"module.ci_cd.aws_ecr_repository.worker","mode":"managed","type":"aws_ecr_repository","name":"worker","provider_name":"registry.terraform.io/hashicorp/aws","schema_version":0,"values":{"encryption_configuration":[],"force_delete":null,"image_scanning_configuration":[{"scan_on_push":true}],"image_tag_mutability":"MUTABLE","name":"twenty-worker","region":"ap-northeast-1","tags":null,"timeouts":null},"sensitive_values":{"encryption_configuration":[],"image_scanning_configuration":[{}],"tags_all":{}}},{"address":"module.ci_cd.aws_iam_role.codebuild","mode":"managed","type":"aws_iam_role","name":"codebuild","provider_name":"registry.terraform.io/hashicorp/aws","schema_version":0,"values":{"assume_role_policy":"{\"Statement\":[{\"Action\":\"sts:AssumeRole\",\"Effect\":\"Allow\",\"Principal\":{\"Service\":\"codebuild.amazonaws.com\"}}],\"Version\":\"2012-10-17\"}","description":null,"force_detach_policies":false,"max_session_duration":3600,"name":"crm-codebuild-role","path":"/","permissions_boundary":null,"tags":null},"sensitive_values":{"inline_policy":[],"managed_policy_arns":[],"tags_all":{}},"identity_schema_version":0,"identity":{"account_id":null,"name":null}},{"address":"module.ci_cd.aws_iam_role.codepipeline","mode":"managed","type":"aws_iam_role","name":"codepipeline","provider_name":"registry.terraform.io/hashicorp/aws","schema_version":0,"values":{"assume_role_policy":"{\"Statement\":[{\"Action\":\"sts:AssumeRole\",\"Effect\":\"Allow\",\"Principal\":{\"Service\":\"codepipeline.amazonaws.com\"}}],\"Version\":\"2012-10-17\"}","description":null,"force_detach_policies":false,"max_session_duration":3600,"name":"crm-codepipeline-role","path":"/","permissions_boundary":null,"tags":null},"sensitive_values":{"inline_policy":[],"managed_policy_arns":[],"tags_all":{}},"identity_schema_version":0,"identity":{"account_id":null,"name":null}},{"address":"module.ci_cd.aws_iam_role_policy.codebuild","mode":"managed","type":"aws_iam_role_policy","name":"codebuild","provider_name":"registry.terraform.io/hashicorp/aws","schema_version":0,"values":{"role":"crm-codebuild-role"},"sensitive_values":{},"identity_schema_version":0,"identity":{"account_id":null,"name":null,"role":null}},{"address":"module.ci_cd.aws_iam_role_policy.codepipeline","mode":"managed","type":"aws_iam_role_policy","name":"codepipeline","provider_name":"registry.terraform.io/hashicorp/aws","schema_version":0,"values":{"role":"crm-codepipeline-role"},"sensitive_values":{},"identity_schema_version":0,"identity":{"account_id":null,"name":null,"role":null}},{"address":"module.ci_cd.aws_s3_bucket.artifacts","mode":"managed","type":"aws_s3_bucket","name":"artifacts","provider_name":"registry.terraform.io/hashicorp/aws","schema_version":0,"values":{"bucket":"crm-prod-deployment-artifacts","force_destroy":true,"region":"ap-northeast-1","tags":null,"timeouts":null},"sensitive_values":{"cors_rule":[],"grant":[],"lifecycle_rule":[],"logging":[],"object_lock_configuration":[],"replication_configuration":[],"server_side_encryption_configuration":[],"tags_all":{},"versioning":[],"website":[]},"identity_schema_version":0,"identity":{"account_id":null,"bucket":null,"region":null}},{"address":"module.ci_cd.aws_s3_bucket_acl.artifacts","mode":"managed","type":"aws_s3_bucket_acl","name":"artifacts","provider_name":"registry.terraform.io/hashicorp/aws","schema_version":0,"values":{"acl":"private","expected_bucket_owner":null,"region":"ap-northeast-1"},"sensitive_values":{"access_control_policy":[]}}],"address":"module.ci_cd"},{"resources":[{"address":"module.compute.aws_appautoscaling_policy.server_scale_cpu","mode":"managed","type":"aws_appautoscaling_policy","name":"server_scale_cpu","provider_name":"registry.terraform.io/hashicorp/aws","schema_version":0,"values":{"name":"server-scale-cpu","policy_type":"TargetTrackingScaling","region":"ap-northeast-1","resource_id":"service/crm-cluster/twenty-server","scalable_dimension":"ecs:service:DesiredCount","service_namespace":"ecs","step_scaling_policy_configuration":[],"target_tracking_scaling_policy_configuration":[{"customized_metric_specification":[],"disable_scale_in":false,"predefined_metric_specification":[{"predefined_metric_type":"ECSServiceAverageCPUUtilization","resource_label":null}],"scale_in_cooldown":null,"scale_out_cooldown":null,"target_value":70}]},"sensitive_values":{"alarm_arns":[],"step_scaling_policy_configuration":[],"target_tracking_scaling_policy_configuration":[{"customized_metric_specification":[],"predefined_metric_specification":[{}]}]}},{"address":"module.compute.aws_appautoscaling_target.server_scale","mode":"managed","type":"aws_appautoscaling_target","name":"server_scale","provider_name":"registry.terraform.io/hashicorp/aws","schema_version":0,"values":{"max_capacity":10,"min_capacity":2,"region":"ap-northeast-1","resource_id":"service/crm-cluster/twenty-server","scalable_dimension":"ecs:service:DesiredCount","service_namespace":"ecs","tags":null},"sensitive_values":{"suspended_state":[],"tags_all":{}}},{"address":"module.compute.aws_cloudwatch_log_group.main","mode":"managed","type":"aws_cloudwatch_log_group","name":"main","provider_name":"registry.terraform.io/hashicorp/aws","schema_version":0,"values":{"name":"/ecs/crm-app","region":"ap-northeast-1","retention_in_days":30,"skip_destroy":false,"tags":null},"sensitive_values":{"tags_all":{}}},{"address":"module.compute.aws_ecs_cluster.main","mode":"managed","type":"aws_ecs_cluster","name":"main","provider_name":"registry.terraform.io/hashicorp/aws","schema_version":0,"values":{"configuration":[],"name":"crm-cluster","region":"ap-northeast-1","service_connect_defaults":[],"setting":[{"name":"containerInsights","value":"enabled"}],"tags":null},"sensitive_values":{"configuration":[],"service_connect_defaults":[],"setting":[{}],"tags_all":{}}},{"address":"module.compute.aws_ecs_service.server","mode":"managed","type":"aws_ecs_service","name":"server","provider_name":"registry.terraform.io/hashicorp/aws","schema_version":1,"values":{"alarms":[],"availability_zone_rebalancing":"DISABLED","capacity_provider_strategy":[],"deployment_circuit_breaker":[],"deployment_controller":[{"type":"CODE_DEPLOY"}],"deployment_maximum_percent":200,"deployment_minimum_healthy_percent":100,"desired_count":2,"enable_ecs_managed_tags":false,"enable_execute_command":false,"force_delete":null,"force_new_deployment":null,"health_check_grace_period_seconds":null,"launch_type":"FARGATE","load_balancer":[{"container_name":"twenty-server","container_port":3000,"elb_name":""}],"name":"twenty-server","network_configuration":[{"assign_public_ip":false}],"ordered_placement_strategy":[],"placement_constraints":[],"propagate_tags":null,"region":"ap-northeast-1","scheduling_strategy":"REPLICA","service_connect_configuration":[],"service_registries":[],"tags":null,"timeouts":null,"volume_configuration":[],"vpc_lattice_configurations":[],"wait_for_steady_state":false},"sensitive_values":{"alarms":[],"capacity_provider_strategy":[],"deployment_circuit_breaker":[],"deployment_controller":[{}],"load_balancer":[{}],"network_configuration":[{"security_groups":[],"subnets":[]}],"ordered_placement_strategy":[],"placement_constraints":[],"service_connect_configuration":[],"service_registries":[],"tags_all":{},"triggers":{},"volume_configuration":[],"vpc_lattice_configurations":[]}},{"address":"module.compute.aws_ecs_service.worker","mode":"managed","type":"aws_ecs_service","name":"worker","provider_name":"registry.terraform.io/hashicorp/aws","schema_version":1,"values":{"alarms":[],"availability_zone_rebalancing":"DISABLED","capacity_provider_strategy":[],"deployment_circuit_breaker":[],"deployment_controller":[],"deployment_maximum_percent":200,"deployment_minimum_healthy_percent":100,"desired_count":1,"enable_ecs_managed_tags":false,"enable_execute_command":false,"force_delete":null,"force_new_deployment":null,"health_check_grace_period_seconds":null,"launch_type":"FARGATE","load_balancer":[],"name":"twenty-worker","network_configuration":[{"assign_public_ip":false}],"ordered_placement_strategy":[],"placement_constraints":[],"propagate_tags":null,"region":"ap-northeast-1","scheduling_strategy":"REPLICA","service_connect_configuration":[],"service_registries":[],"tags":null,"timeouts":null,"volume_configuration":[],"vpc_lattice_configurations":[],"wait_for_steady_state":false},"sensitive_values":{"alarms":[],"capacity_provider_strategy":[],"deployment_circuit_breaker":[],"deployment_controller":[],"load_balancer":[],"network_configuration":[{"security_groups":[],"subnets":[]}],"ordered_placement_strategy":[],"placement_constraints":[],"service_connect_configuration":[],"service_registries":[],"tags_all":{},"triggers":{},"volume_configuration":[],"vpc_lattice_configurations":[]}},{"address":"module.compute.aws_ecs_task_definition.server","mode":"managed","type":"aws_ecs_task_definition","name":"server","provider_name":"registry.terraform.io/hashicorp/aws","schema_version":1,"values":{"cpu":"512","ephemeral_storage":[],"family":"twenty-server","ipc_mode":null,"memory":"1024","network_mode":"awsvpc","pid_mode":null,"placement_constraints":[],"proxy_configuration":[],"region":"ap-northeast-1","requires_compatibilities":["FARGATE"],"runtime_platform":[],"skip_destroy":false,"tags":null,"track_latest":false,"volume":[]},"sensitive_values":{"ephemeral_storage":[],"placement_constraints":[],"proxy_configuration":[],"requires_compatibilities":[false],"runtime_platform":[],"tags_all":{},"volume":[]}},{"address":"module.compute.aws_ecs_task_definition.worker","mode":"managed","type":"aws_ecs_task_definition","name":"worker","provider_name":"registry.terraform.io/hashicorp/aws","schema_version":1,"values":{"cpu":"256","ephemeral_storage":[],"family":"twenty-worker","ipc_mode":null,"memory":"512","network_mode":"awsvpc","pid_mode":null,"placement_constraints":[],"proxy_configuration":[],"region":"ap-northeast-1","requires_compatibilities":["FARGATE"],"runtime_platform":[],"skip_destroy":false,"tags":null,"track_latest":false,"volume":[]},"sensitive_values":{"ephemeral_storage":[],"placement_constraints":[],"proxy_configuration":[],"requires_compatibilities":[false],"runtime_platform":[],"tags_all":{},"volume":[]}}],"address":"module.compute"},{"resources":[{"address":"module.cost.aws_budgets_budget.monthly","mode":"managed","type":"aws_budgets_budget","name":"monthly","provider_name":"registry.terraform.io/hashicorp/aws","schema_version":0,"values":{"auto_adjust_data":[],"budget_type":"COST","cost_types":[{"include_credit":true,"include_discount":true,"include_other_subscription":true,"include_recurring":true,"include_refund":true,"include_subscription":true,"include_support":true,"include_tax":true,"include_upfront":true,"use_amortized":false,"use_blended":false}],"limit_amount":"1000000","limit_unit":"JPY","name":"crm-prod-monthly-budget","notification":[{"comparison_operator":"GREATER_THAN","notification_type":"ACTUAL","subscriber_email_addresses":["alerts@example.com"],"subscriber_sns_topic_arns":[],"threshold":80,"threshold_type":"PERCENTAGE"}],"planned_limit":[],"tags":null,"time_period_end":"2087-06-15_00:00","time_unit":"MONTHLY"},"sensitive_values":{"auto_adjust_data":[],"cost_filter":[],"cost_types":[{}],"notification":[{"subscriber_email_addresses":[false],"subscriber_sns_topic_arns":[]}],"planned_limit":[],"tags_all":{}}},{"address":"module.cost.aws_cloudwatch_event_rule.cost_anomaly","mode":"managed","type":"aws_cloudwatch_event_rule","name":"cost_anomaly","provider_name":"registry.terraform.io/hashicorp/aws","schema_version":1,"values":{"description":null,"event_bus_name":"default","event_pattern":"{\"detail-type\":[\"Cost Anomaly Detection Notification\"],\"source\":[\"aws.costexplorer\"]}","force_destroy":false,"is_enabled":null,"name":"crm-prod-cost-anomaly-rule","region":"ap-northeast-1","role_arn":null,"schedule_expression":null,"state":null,"tags":null},"sensitive_values":{"tags_all":{}}},{"address":"module.cost.aws_cloudwatch_event_target.cost_anomaly_to_sns","mode":"managed","type":"aws_cloudwatch_event_target","name":"cost_anomaly_to_sns","provider_name":"registry.terraform.io/hashicorp/aws","schema_version":1,"values":{"appsync_target":[],"batch_target":[],"dead_letter_config":[],"ecs_target":[],"event_bus_name":"default","force_destroy":false,"http_target":[],"input":null,"input_path":null,"input_transformer":[],"kinesis_target":[],"redshift_target":[],"region":"ap-northeast-1","retry_policy":[],"role_arn":null,"rule":"crm-prod-cost-anomaly-rule","run_command_targets":[],"sagemaker_pipeline_target":[],"sqs_target":[]},"sensitive_values":{"appsync_target":[],"batch_target":[],"dead_letter_config":[],"ecs_target":[],"http_target":[],"input_transformer":[],"kinesis_target":[],"redshift_target":[],"retry_policy":[],"run_command_targets":[],"sagemaker_pipeline_target":[],"sqs_target":[]}},{"address":"module.cost.aws_cur_report_definition.daily","mode":"managed","type":"aws_cur_report_definition","name":"daily","provider_name":"registry.terraform.io/hashicorp/aws","schema_version":0,"values":{"additional_artifacts":null,"additional_schema_elements":["RESOURCES"],"compression":"GZIP","format":"textORcsv","refresh_closed_reports":true,"report_name":"crm-prod-daily-cur","report_versioning":"CREATE_NEW_REPORT","s3_bucket":"my-crm-cur-bucket","s3_prefix":"cur-reports/","s3_region":"ap-northeast-1","tags":null,"time_unit":"DAILY"},"sensitive_values":{"additional_schema_elements":[false],"tags_all":{}}},{"address":"module.cost.aws_s3_bucket.cur","mode":"managed","type":"aws_s3_bucket","name":"cur","provider_name":"registry.terraform.io/hashicorp/aws","schema_version":0,"values":{"bucket":"my-crm-cur-bucket","force_destroy":true,"region":"ap-northeast-1","tags":null,"timeouts":null},"sensitive_values":{"cors_rule":[],"grant":[],"lifecycle_rule":[],"logging":[],"object_lock_configuration":[],"replication_configuration":[],"server_side_encryption_configuration":[],"tags_all":{},"versioning":[],"website":[]},"identity_schema_version":0,"identity":{"account_id":null,"bucket":null,"region":null}},{"address":"module.cost.aws_s3_bucket_lifecycle_configuration.cur","mode":"managed","type":"aws_s3_bucket_lifecycle_configuration","name":"cur","provider_name":"registry.terraform.io/hashicorp/aws","schema_version":1,"values":{"region":"ap-northeast-1","rule":[{"abort_incomplete_multipart_upload":[],"expiration":[{"date":null,"days":365,"expired_object_delete_marker":false}],"filter":[{"and":[],"object_size_greater_than":null,"object_size_less_than":null,"prefix":"","tag":[]}],"id":"expire-old-cur","noncurrent_version_expiration":[],"noncurrent_version_transition":[],"prefix":"","status":"Enabled","transition":[]}],"timeouts":null,"transition_default_minimum_object_size":"all_storage_classes_128K"},"sensitive_values":{"rule":[{"abort_incomplete_multipart_upload":[],"expiration":[{}],"filter":[{"and":[],"tag":[]}],"noncurrent_version_expiration":[],"noncurrent_version_transition":[],"transition":[]}]}},{"address":"module.cost.aws_s3_bucket_versioning.cur","mode":"managed","type":"aws_s3_bucket_versioning","name":"cur","provider_name":"registry.terraform.io/hashicorp/aws","schema_version":0,"values":{"expected_bucket_owner":null,"mfa":null,"region":"ap-northeast-1","versioning_configuration":[{"status":"Enabled"}]},"sensitive_values":{"versioning_configuration":[{}]}},{"address":"module.cost.aws_sns_topic.cost_alerts","mode":"managed","type":"aws_sns_topic","name":"cost_alerts","provider_name":"registry.terraform.io/hashicorp/aws","schema_version":0,"values":{"application_failure_feedback_role_arn":null,"application_success_feedback_role_arn":null,"application_success_feedback_sample_rate":null,"archive_policy":null,"content_based_deduplication":false,"delivery_policy":null,"display_name":null,"fifo_topic":false,"firehose_failure_feedback_role_arn":null,"firehose_success_feedback_role_arn":null,"firehose_success_feedback_sample_rate":null,"http_failure_feedback_role_arn":null,"http_success_feedback_role_arn":null,"http_success_feedback_sample_rate":null,"kms_master_key_id":null,"lambda_failure_feedback_role_arn":null,"lambda_success_feedback_role_arn":null,"lambda_success_feedback_sample_rate":null,"name":"crm-prod-cost-alerts","region":"ap-northeast-1","sqs_failure_feedback_role_arn":null,"sqs_success_feedback_role_arn":null,"sqs_success_feedback_sample_rate":null,"tags":null},"sensitive_values":{"tags_all":{}}},{"address":"module.cost.aws_sns_topic_policy.cost_alerts_policy","mode":"managed","type":"aws_sns_topic_policy","name":"cost_alerts_policy","provider_name":"registry.terraform.io/hashicorp/aws","schema_version":0,"values":{"region":"ap-northeast-1"},"sensitive_values":{}},{"address":"module.cost.data.aws_iam_policy_document.events_to_sns","mode":"data","type":"aws_iam_policy_document","name":"events_to_sns","provider_name":"registry.terraform.io/hashicorp/aws","schema_version":0,"values":{"override_json":null,"override_policy_documents":null,"policy_id":null,"source_json":null,"source_policy_documents":null,"statement":[{"actions":["sns:Publish"],"condition":[{"test":"ArnEquals","values":[null],"variable":"aws:SourceArn"}],"effect":"Allow","not_actions":null,"not_principals":[],"not_resources":null,"principals":[{"identifiers":["events.amazonaws.com"],"type":"Service"}],"resources":[null],"sid":null}],"version":null},"sensitive_values":{"statement":[{"actions":[false],"condition":[{"values":[false]}],"not_principals":[],"principals":[{"identifiers":[false]}],"resources":[false]}]}}],"address":"module.cost"},{"resources":[{"address":"module.database.aws_db_instance.main","mode":"managed","type":"aws_db_instance","name":"main","provider_name":"registry.terraform.io/hashicorp/aws","schema_version":2,"values":{"allocated_storage":20,"allow_major_version_upgrade":null,"apply_immediately":true,"auto_minor_version_upgrade":true,"backup_retention_period":7,"backup_window":"03:00-06:00","blue_green_update":[],"copy_tags_to_snapshot":false,"custom_iam_instance_profile":null,"customer_owned_ip_enabled":null,"db_name":"twenty","db_subnet_group_name":"crm-db-subnet-group","dedicated_log_volume":false,"delete_automated_backups":true,"deletion_protection":null,"domain":null,"domain_auth_secret_arn":null,"domain_dns_ips":null,"domain_iam_role_name":null,"domain_ou":null,"enabled_cloudwatch_logs_exports":null,"engine":"postgres","engine_version":"15.5","final_snapshot_identifier":null,"iam_database_authentication_enabled":null,"identifier":"crm-db","instance_class":"db.t3.medium","maintenance_window":"mon:00:00-mon:03:00","manage_master_user_password":null,"max_allocated_storage":null,"monitoring_interval":0,"multi_az":true,"parameter_group_name":"crm-pg-15","password":"secure_db_password","password_wo":null,"password_wo_version":null,"performance_insights_enabled":false,"publicly_accessible":false,"region":"ap-northeast-1","replicate_source_db":null,"restore_to_point_in_time":[],"s3_import":[],"skip_final_snapshot":true,"storage_encrypted":true,"storage_type":"gp3","tags":{"Name":"crm-db"},"tags_all":{"Name":"crm-db"},"timeouts":null,"upgrade_storage_config":null,"username":"twenty_admin"},"sensitive_values":{"blue_green_update":[],"listener_endpoint":[],"master_user_secret":[],"password":true,"password_wo":true,"replicas":[],"restore_to_point_in_time":[],"s3_import":[],"tags":{},"tags_all":{},"vpc_security_group_ids":[]}},{"address":"module.database.aws_db_instance.replica","mode":"managed","type":"aws_db_instance","name":"replica","provider_name":"registry.terraform.io/hashicorp/aws","schema_version":2,"values":{"allow_major_version_upgrade":null,"apply_immediately":false,"auto_minor_version_upgrade":true,"blue_green_update":[],"copy_tags_to_snapshot":false,"custom_iam_instance_profile":null,"customer_owned_ip_enabled":null,"db_subnet_group_name":"crm-db-subnet-group","dedicated_log_volume":false,"delete_automated_backups":true,"deletion_protection":null,"domain":null,"domain_auth_secret_arn":null,"domain_dns_ips":null,"domain_iam_role_name":null,"domain_ou":null,"enabled_cloudwatch_logs_exports":null,"final_snapshot_identifier":null,"iam_database_authentication_enabled":null,"identifier":"crm-prod-db-replica","instance_class":"db.t3.medium","manage_master_user_password":null,"max_allocated_storage":null,"monitoring_interval":0,"password":null,"password_wo":null,"password_wo_version":null,"performance_insights_enabled":false,"publicly_accessible":false,"region":"ap-southeast-1","restore_to_point_in_time":[],"s3_import":[],"skip_final_snapshot":false,"storage_encrypted":true,"tags":{"Name":"crm-prod-db-replica"},"tags_all":{"Name":"crm-prod-db-replica"},"timeouts":null,"upgrade_storage_config":null,"vpc_security_group_ids":["sg-0123456789abcdef0"]},"sensitive_values":{"blue_green_update":[],"listener_endpoint":[],"master_user_secret":[],"password":true,"password_wo":true,"replicas":[],"restore_to_point_in_time":[],"s3_import":[],"tags":{},"tags_all":{},"vpc_security_group_ids":[false]}},{"address":"module.database.aws_db_parameter_group.main","mode":"managed","type":"aws_db_parameter_group","name":"main","provider_name":"registry.terraform.io/hashicorp/aws","schema_version":0,"values":{"description":"Managed by Terraform","family":"postgres15","name":"crm-pg-15","parameter":[{"apply_method":"immediate","name":"log_min_duration_statement","value":"1000"},{"apply_method":"immediate","name":"log_statement","value":"all"}],"region":"ap-northeast-1","skip_destroy":false,"tags":null},"sensitive_values":{"parameter":[{},{}],"tags_all":{}}},{"address":"module.database.aws_db_subnet_group.main","mode":"managed","type":"aws_db_subnet_group","name":"main","provider_name":"registry.terraform.io/hashicorp/aws","schema_version":0,"values":{"description":"Managed by Terraform","name":"crm-db-subnet-group","region":"ap-northeast-1","tags":{"Name":"crm-db-subnet-group"},"tags_all":{"Name":"crm-db-subnet-group"}},"sensitive_values":{"subnet_ids":[],"supported_network_types":[],"tags":{},"tags_all":{}}}],"address":"module.database"},{"resources":[{"address":"module.edge.aws_cloudfront_distribution.crm","mode":"managed","type":"aws_cloudfront_distribution","name":"crm","provider_name":"registry.terraform.io/hashicorp/aws","schema_version":1,"values":{"aliases":["crm.example.com"],"comment":null,"custom_error_response":[],"default_cache_behavior":[{"allowed_methods":["DELETE","GET","HEAD","OPTIONS","PATCH","POST","PUT"],"cache_policy_id":null,"cached_methods":["GET","HEAD"],"compress":true,"default_ttl":3600,"field_level_encryption_id":null,"forwarded_values":[{"cookies":[{"forward":"all"}],"headers":["*"],"query_string":true}],"function_association":[],"lambda_function_association":[],"max_ttl":86400,"min_ttl":0,"origin_request_policy_id":null,"realtime_log_config_arn":null,"response_headers_policy_id":null,"smooth_streaming":null,"target_origin_id":"alb-origin","viewer_protocol_policy":"redirect-to-https"}],"default_root_object":"index.html","enabled":true,"http_version":"http2","is_ipv6_enabled":false,"logging_config":[],"ordered_cache_behavior":[],"origin":[{"connection_attempts":3,"connection_timeout":10,"custom_header":[],"custom_origin_config":[{"http_port":80,"https_port":443,"origin_keepalive_timeout":5,"origin_protocol_policy":"https-only","origin_read_timeout":30,"origin_ssl_protocols":["TLSv1.2"]}],"origin_access_control_id":"","origin_id":"alb-origin","origin_path":"","origin_shield":[],"s3_origin_config":[],"vpc_origin_config":[]}],"origin_group":[],"price_class":"PriceClass_100","restrictions":[{"geo_restriction":[{"restriction_type":"none"}]}],"retain_on_delete":false,"staging":false,"tags":null,"viewer_certificate":[{"acm_certificate_arn":"arn:aws:acm:ap-northeast-1:123456789012:certificate/abcd1234","cloudfront_default_certificate":false,"iam_certificate_id":null,"minimum_protocol_version":"TLSv1.2_2021","ssl_support_method":"sni-only"}],"wait_for_deployment":true},"sensitive_values":{"aliases":[false],"custom_error_response":[],"default_cache_behavior":[{"allowed_methods":[false,false,false,false,false,false,false],"cached_methods":[false,false],"forwarded_values":[{"cookies":[{"whitelisted_names":[]}],"headers":[false],"query_string_cache_keys":[]}],"function_association":[],"grpc_config":[],"lambda_function_association":[],"trusted_key_groups":[],"trusted_signers":[]}],"logging_config":[],"ordered_cache_behavior":[],"origin":[{"custom_header":[],"custom_origin_config":[{"origin_ssl_protocols":[false]}],"origin_shield":[],"s3_origin_config":[],"vpc_origin_config":[]}],"origin_group":[],"restrictions":[{"geo_restriction":[{"locations":[]}]}],"tags_all":{},"trusted_key_groups":[],"trusted_signers":[],"viewer_certificate":[{}]}},{"address":"module.edge.aws_route53_record.crm","mode":"managed","type":"aws_route53_record","name":"crm","provider_name":"registry.terraform.io/hashicorp/aws","schema_version":2,"values":{"alias":[{"evaluate_target_health":true}],"cidr_routing_policy":[],"failover_routing_policy":[],"geolocation_routing_policy":[],"geoproximity_routing_policy":[],"health_check_id":null,"latency_routing_policy":[],"multivalue_answer_routing_policy":null,"name":"crm.example.com","records":null,"set_identifier":null,"timeouts":null,"ttl":null,"type":"A","weighted_routing_policy":[]},"sensitive_values":{"alias":[{}],"cidr_routing_policy":[],"failover_routing_policy":[],"geolocation_routing_policy":[],"geoproximity_routing_policy":[],"latency_routing_policy":[],"weighted_routing_policy":[]}},{"address":"module.edge.aws_route53_zone.main","mode":"managed","type":"aws_route53_zone","name":"main","provider_name":"registry.terraform.io/hashicorp/aws","schema_version":0,"values":{"comment":"Managed by Terraform","delegation_set_id":null,"force_destroy":false,"name":"crm.example.com","tags":null,"timeouts":null,"vpc":[]},"sensitive_values":{"name_servers":[],"tags_all":{},"vpc":[]}}],"address":"module.edge"},{"resources":[{"address":"module.failover.aws_cloudwatch_event_rule.rds_failover","mode":"managed","type":"aws_cloudwatch_event_rule","name":"rds_failover","provider_name":"registry.terraform.io/hashicorp/aws","schema_version":1,"values":{"description":null,"event_bus_name":"default","force_destroy":false,"is_enabled":null,"name":"crm-prod-rds-failover","region":"ap-northeast-1","role_arn":null,"schedule_expression":null,"state":null,"tags":null},"sensitive_values":{"tags_all":{}}},{"address":"module.failover.aws_cloudwatch_event_target.to_lambda","mode":"managed","type":"aws_cloudwatch_event_target","name":"to_lambda","provider_name":"registry.terraform.io/hashicorp/aws","schema_version":1,"values":{"appsync_target":[],"batch_target":[],"dead_letter_config":[],"ecs_target":[],"event_bus_name":"default","force_destroy":false,"http_target":[],"input":null,"input_path":null,"input_transformer":[],"kinesis_target":[],"redshift_target":[],"region":"ap-northeast-1","retry_policy":[],"role_arn":null,"rule":"crm-prod-rds-failover","run_command_targets":[],"sagemaker_pipeline_target":[],"sqs_target":[]},"sensitive_values":{"appsync_target":[],"batch_target":[],"dead_letter_config":[],"ecs_target":[],"http_target":[],"input_transformer":[],"kinesis_target":[],"redshift_target":[],"retry_policy":[],"run_command_targets":[],"sagemaker_pipeline_target":[],"sqs_target":[]}},{"address":"module.failover.aws_iam_policy.promote_policy","mode":"managed","type":"aws_iam_policy","name":"promote_policy","provider_name":"registry.terraform.io/hashicorp/aws","schema_version":0,"values":{"description":null,"name":"crm-prod-promote-replica","path":"/","tags":null},"sensitive_values":{"tags_all":{}}},{"address":"module.failover.aws_iam_role.promote_role","mode":"managed","type":"aws_iam_role","name":"promote_role","provider_name":"registry.terraform.io/hashicorp/aws","schema_version":0,"values":{"assume_role_policy":"{\"Statement\":[{\"Action\":\"sts:AssumeRole\",\"Effect\":\"Allow\",\"Principal\":{\"Service\":\"lambda.amazonaws.com\"}}],\"Version\":\"2012-10-17\"}","description":null,"force_detach_policies":false,"max_session_duration":3600,"name":"crm-prod-promote-replica-role","path":"/","permissions_boundary":null,"tags":null},"sensitive_values":{"inline_policy":[],"managed_policy_arns":[],"tags_all":{}},"identity_schema_version":0,"identity":{"account_id":null,"name":null}},{"address":"module.failover.aws_iam_role_policy_attachment.attach_promote","mode":"managed","type":"aws_iam_role_policy_attachment","name":"attach_promote","provider_name":"registry.terraform.io/hashicorp/aws","schema_version":0,"values":{"role":"crm-prod-promote-replica-role"},"sensitive_values":{},"identity_schema_version":0,"identity":{"account_id":null,"policy_arn":null,"role":null}},{"address":"module.failover.aws_lambda_function.promote","mode":"managed","type":"aws_lambda_function","name":"promote","provider_name":"registry.terraform.io/hashicorp/aws","schema_version":0,"values":{"code_signing_config_arn":null,"dead_letter_config":[],"description":null,"environment":[{}],"file_system_config":[],"filename":null,"function_name":"crm-prod-promote-replica","handler":"index.handler","image_config":[],"image_uri":null,"kms_key_arn":null,"layers":null,"memory_size":128,"package_type":"Zip","publish":false,"region":"ap-northeast-1","replace_security_groups_on_destroy":null,"replacement_security_group_ids":null,"reserved_concurrent_executions":-1,"runtime":"nodejs18.x","s3_bucket":"my-deployed-lambda-bucket","s3_key":"dr/promote-replica.zip","s3_object_version":null,"skip_destroy":false,"snap_start":[],"tags":null,"timeout":3,"timeouts":null,"vpc_config":[]},"sensitive_values":{"architectures":[],"dead_letter_config":[],"environment":[{"variables":{}}],"ephemeral_storage":[],"file_system_config":[],"image_config":[],"logging_config":[],"snap_start":[],"tags_all":{},"tracing_config":[],"vpc_config":[]}},{"address":"module.failover.aws_lambda_permission.allow_event","mode":"managed","type":"aws_lambda_permission","name":"allow_event","provider_name":"registry.terraform.io/hashicorp/aws","schema_version":0,"values":{"action":"lambda:InvokeFunction","event_source_token":null,"function_name":"crm-prod-promote-replica","function_url_auth_type":null,"principal":"events.amazonaws.com","principal_org_id":null,"qualifier":null,"region":"ap-northeast-1","source_account":null,"statement_id":"AllowEvents"},"sensitive_values":{}}],"address":"module.failover"},{"resources":[{"address":"module.monitoring.aws_cloudwatch_log_group.flow_logs","mode":"managed","type":"aws_cloudwatch_log_group","name":"flow_logs","provider_name":"registry.terraform.io/hashicorp/aws","schema_version":0,"values":{"kms_key_id":null,"name":"/aws/vpc/flow-logs","region":"ap-northeast-1","retention_in_days":14,"skip_destroy":false,"tags":{"Name":"crm-flow-logs"},"tags_all":{"Name":"crm-flow-logs"}},"sensitive_values":{"tags":{},"tags_all":{}}},{"address":"module.monitoring.aws_cloudwatch_metric_alarm.alb_5xx","mode":"managed","type":"aws_cloudwatch_metric_alarm","name":"alb_5xx","provider_name":"registry.terraform.io/hashicorp/aws","schema_version":1,"values":{"actions_enabled":true,"alarm_description":null,"alarm_name":"crm-prod-deployment-alb-5xx","comparison_operator":"GreaterThanThreshold","datapoints_to_alarm":null,"evaluation_periods":1,"extended_statistic":null,"insufficient_data_actions":null,"metric_name":"HTTPCode_Target_5XX_Count","metric_query":[],"namespace":"AWS/ApplicationELB","ok_actions":null,"period":60,"region":"ap-northeast-1","statistic":"Sum","tags":null,"threshold":10,"threshold_metric_id":null,"treat_missing_data":"missing","unit":null},"sensitive_values":{"alarm_actions":[],"dimensions":{},"metric_query":[],"tags_all":{}}},{"address":"module.monitoring.aws_cloudwatch_metric_alarm.backup_failure","mode":"managed","type":"aws_cloudwatch_metric_alarm","name":"backup_failure","provider_name":"registry.terraform.io/hashicorp/aws","schema_version":1,"values":{"actions_enabled":true,"alarm_description":"Detects failed backup jobs","alarm_name":"crm-prod-backup-failure","comparison_operator":"GreaterThanThreshold","datapoints_to_alarm":null,"dimensions":{"BackupVaultName":"crm-prod-backup-vault"},"evaluation_periods":1,"extended_statistic":null,"insufficient_data_actions":null,"metric_name":"NumberOfBackupJobsFailed","metric_query":[],"namespace":"AWS/Backup","ok_actions":null,"period":86400,"region":"ap-northeast-1","statistic":"Sum","tags":null,"threshold":0,"threshold_metric_id":null,"treat_missing_data":"missing","unit":null},"sensitive_values":{"alarm_actions":[],"dimensions":{},"metric_query":[],"tags_all":{}}},{"address":"module.monitoring.aws_cloudwatch_metric_alarm.ecs_cpu","mode":"managed","type":"aws_cloudwatch_metric_alarm","name":"ecs_cpu","provider_name":"registry.terraform.io/hashicorp/aws","schema_version":1,"values":{"actions_enabled":true,"alarm_description":null,"alarm_name":"ecs-high-cpu","comparison_operator":"GreaterThanThreshold","datapoints_to_alarm":null,"dimensions":{"ClusterName":"crm-cluster","ServiceName":"twenty-server"},"evaluation_periods":2,"extended_statistic":null,"insufficient_data_actions":null,"metric_name":"CPUUtilization","metric_query":[],"namespace":"AWS/ECS","ok_actions":null,"period":300,"region":"ap-northeast-1","statistic":"Average","tags":null,"threshold":75,"threshold_metric_id":null,"treat_missing_data":"missing","unit":null},"sensitive_values":{"alarm_actions":[],"dimensions":{},"metric_query":[],"tags_all":{}}},{"address":"module.monitoring.aws_cloudwatch_metric_alarm.ecs_memory","mode":"managed","type":"aws_cloudwatch_metric_alarm","name":"ecs_memory","provider_name":"registry.terraform.io/hashicorp/aws","schema_version":1,"values":{"actions_enabled":true,"alarm_description":null,"alarm_name":"ecs-high-memory","comparison_operator":"GreaterThanThreshold","datapoints_to_alarm":null,"dimensions":{"ClusterName":"crm-cluster","ServiceName":"twenty-server"},"evaluation_periods":2,"extended_statistic":null,"insufficient_data_actions":null,"metric_name":"MemoryUtilization","metric_query":[],"namespace":"AWS/ECS","ok_actions":null,"period":300,"region":"ap-northeast-1","statistic":"Average","tags":null,"threshold":80,"threshold_metric_id":null,"treat_missing_data":"missing","unit":null},"sensitive_values":{"alarm_actions":[],"dimensions":{},"metric_query":[],"tags_all":{}}},{"address":"module.monitoring.aws_cloudwatch_metric_alarm.rds_cpu","mode":"managed","type":"aws_cloudwatch_metric_alarm","name":"rds_cpu","provider_name":"registry.terraform.io/hashicorp/aws","schema_version":1,"values":{"actions_enabled":true,"alarm_description":null,"alarm_name":"rds-high-cpu","comparison_operator":"GreaterThanThreshold","datapoints_to_alarm":null,"dimensions":{"DBInstanceIdentifier":"crm-db"},"evaluation_periods":2,"extended_statistic":null,"insufficient_data_actions":null,"metric_name":"CPUUtilization","metric_query":[],"namespace":"AWS/RDS","ok_actions":null,"period":300,"region":"ap-northeast-1","statistic":"Average","tags":null,"threshold":80,"threshold_metric_id":null,"treat_missing_data":"missing","unit":null},"sensitive_values":{"alarm_actions":[],"dimensions":{},"metric_query":[],"tags_all":{}}},{"address":"module.monitoring.aws_sns_topic.alarms","mode":"managed","type":"aws_sns_topic","name":"alarms","provider_name":"registry.terraform.io/hashicorp/aws","schema_version":0,"values":{"application_failure_feedback_role_arn":null,"application_success_feedback_role_arn":null,"application_success_feedback_sample_rate":null,"archive_policy":null,"content_based_deduplication":false,"delivery_policy":null,"display_name":null,"fifo_topic":false,"firehose_failure_feedback_role_arn":null,"firehose_success_feedback_role_arn":null,"firehose_success_feedback_sample_rate":null,"http_failure_feedback_role_arn":null,"http_success_feedback_role_arn":null,"http_success_feedback_sample_rate":null,"kms_master_key_id":null,"lambda_failure_feedback_role_arn":null,"lambda_success_feedback_role_arn":null,"lambda_success_feedback_sample_rate":null,"name":"crm-alarms-topic","region":"ap-northeast-1","sqs_failure_feedback_role_arn":null,"sqs_success_feedback_role_arn":null,"sqs_success_feedback_sample_rate":null,"tags":null},"sensitive_values":{"tags_all":{}}},{"address":"module.monitoring.aws_sns_topic_subscription.email","mode":"managed","type":"aws_sns_topic_subscription","name":"email","provider_name":"registry.terraform.io/hashicorp/aws","schema_version":0,"values":{"confirmation_timeout_in_minutes":1,"delivery_policy":null,"endpoint":"alerts@example.com","endpoint_auto_confirms":false,"filter_policy":null,"protocol":"email","raw_message_delivery":false,"redrive_policy":null,"region":"ap-northeast-1","replay_policy":null,"subscription_role_arn":null},"sensitive_values":{}}],"address":"module.monitoring"},{"resources":[{"address":"module.networking.aws_alb.main","mode":"managed","type":"aws_alb","name":"main","provider_name":"registry.terraform.io/hashicorp/aws","schema_version":0,"values":{"access_logs":[],"client_keep_alive":3600,"connection_logs":[],"customer_owned_ipv4_pool":null,"desync_mitigation_mode":"defensive","dns_record_client_routing_policy":null,"drop_invalid_header_fields":false,"enable_cross_zone_load_balancing":null,"enable_deletion_protection":true,"enable_http2":true,"enable_tls_version_and_cipher_suite_headers":false,"enable_waf_fail_open":false,"enable_xff_client_port":false,"enable_zonal_shift":false,"idle_timeout":60,"internal":false,"ipam_pools":[],"load_balancer_type":"application","minimum_load_balancer_capacity":[],"name":"crm-alb","preserve_host_header":false,"region":"ap-northeast-1","tags":{"Name":"crm-alb"},"tags_all":{"Name":"crm-alb"},"timeouts":null,"xff_header_processing_mode":"append"},"sensitive_values":{"access_logs":[],"connection_logs":[],"ipam_pools":[],"minimum_load_balancer_capacity":[],"security_groups":[],"subnet_mapping":[],"subnets":[],"tags":{},"tags_all":{}},"identity_schema_version":0,"identity":{"arn":null}},{"address":"module.networking.aws_alb_listener.https","mode":"managed","type":"aws_alb_listener","name":"https","provider_name":"registry.terraform.io/hashicorp/aws","schema_version":0,"values":{"alpn_policy":null,"certificate_arn":"arn:aws:acm:ap-northeast-1:123456789012:certificate/abcd1234","default_action":[{"authenticate_cognito":[],"authenticate_oidc":[],"fixed_response":[],"forward":[],"redirect":[],"type":"forward"}],"port":443,"protocol":"HTTPS","region":"ap-northeast-1","ssl_policy":"ELBSecurityPolicy-TLS13-1-2-2021-06","tags":null,"timeouts":null},"sensitive_values":{"default_action":[{"authenticate_cognito":[],"authenticate_oidc":[],"fixed_response":[],"forward":[],"redirect":[]}],"mutual_authentication":[],"tags_all":{}}},{"address":"module.networking.aws_alb_target_group.green","mode":"managed","type":"aws_alb_target_group","name":"green","provider_name":"registry.terraform.io/hashicorp/aws","schema_version":0,"values":{"deregistration_delay":"300","health_check":[{"enabled":true,"healthy_threshold":3,"interval":30,"matcher":"200","path":"/health","port":"traffic-port","protocol":"HTTP","timeout":10,"unhealthy_threshold":3}],"lambda_multi_value_headers_enabled":false,"name":"crm-tg-green","port":3000,"protocol":"HTTP","proxy_protocol_v2":false,"region":"ap-northeast-1","slow_start":0,"tags":null,"target_type":"ip"},"sensitive_values":{"health_check":[{}],"load_balancer_arns":[],"stickiness":[],"tags_all":{},"target_failover":[],"target_group_health":[],"target_health_state":[]}},{"address":"module.networking.aws_alb_target_group.main","mode":"managed","type":"aws_alb_target_group","name":"main","provider_name":"registry.terraform.io/hashicorp/aws","schema_version":0,"values":{"deregistration_delay":"300","health_check":[{"enabled":true,"healthy_threshold":3,"interval":30,"matcher":"200","path":"/health","port":"traffic-port","protocol":"HTTP","timeout":10,"unhealthy_threshold":3}],"lambda_multi_value_headers_enabled":false,"name":"crm-tg","port":3000,"protocol":"HTTP","proxy_protocol_v2":false,"region":"ap-northeast-1","slow_start":0,"tags":null,"target_type":"ip"},"sensitive_values":{"health_check":[{}],"load_balancer_arns":[],"stickiness":[],"tags_all":{},"target_failover":[],"target_group_health":[],"target_health_state":[]}},{"address":"module.networking.aws_db_subnet_group.db","mode":"managed","type":"aws_db_subnet_group","name":"db","provider_name":"registry.terraform.io/hashicorp/aws","schema_version":0,"values":{"description":"Managed by Terraform","name":"crm-db-subnet-group","region":"ap-northeast-1","tags":{"Name":"crm-db-subnet-group"},"tags_all":{"Name":"crm-db-subnet-group"}},"sensitive_values":{"subnet_ids":[],"supported_network_types":[],"tags":{},"tags_all":{}}},{"address":"module.networking.aws_eip.nat[0]","mode":"managed","type":"aws_eip","name":"nat","index":0,"provider_name":"registry.terraform.io/hashicorp/aws","schema_version":0,"values":{"address":null,"associate_with_private_ip":null,"customer_owned_ipv4_pool":null,"domain":"vpc","region":"ap-northeast-1","tags":null,"timeouts":null},"sensitive_values":{"tags_all":{}}},{"address":"module.networking.aws_eip.nat[1]","mode":"managed","type":"aws_eip","name":"nat","index":1,"provider_name":"registry.terraform.io/hashicorp/aws","schema_version":0,"values":{"address":null,"associate_with_private_ip":null,"customer_owned_ipv4_pool":null,"domain":"vpc","region":"ap-northeast-1","tags":null,"timeouts":null},"sensitive_values":{"tags_all":{}}},{"address":"module.networking.aws_flow_log.vpc","mode":"managed","type":"aws_flow_log","name":"vpc","provider_name":"registry.terraform.io/hashicorp/aws","schema_version":0,"values":{"deliver_cross_account_role":null,"destination_options":[],"eni_id":null,"log_destination_type":"cloud-watch-logs","max_aggregation_interval":600,"region":"ap-northeast-1","subnet_id":null,"tags":{"Name":"crm-vpc-flow-log"},"tags_all":{"Name":"crm-vpc-flow-log"},"traffic_type":"ALL","transit_gateway_attachment_id":null,"transit_gateway_id":null},"sensitive_values":{"destination_options":[],"tags":{},"tags_all":{}}},{"address":"module.networking.aws_internet_gateway.igw","mode":"managed","type":"aws_internet_gateway","name":"igw","provider_name":"registry.terraform.io/hashicorp/aws","schema_version":0,"values":{"region":"ap-northeast-1","tags":{"Name":"crm-igw"},"tags_all":{"Name":"crm-igw"},"timeouts":null},"sensitive_values":{"tags":{},"tags_all":{}}},{"address":"module.networking.aws_nat_gateway.nat[0]","mode":"managed","type":"aws_nat_gateway","name":"nat","index":0,"provider_name":"registry.terraform.io/hashicorp/aws","schema_version":0,"values":{"connectivity_type":"public","region":"ap-northeast-1","secondary_allocation_ids":null,"tags":{"Name":"crm-nat-0"},"tags_all":{"Name":"crm-nat-0"},"timeouts":null},"sensitive_values":{"secondary_private_ip_addresses":[],"tags":{},"tags_all":{}}},{"address":"module.networking.aws_nat_gateway.nat[1]","mode":"managed","type":"aws_nat_gateway","name":"nat","index":1,"provider_name":"registry.terraform.io/hashicorp/aws","schema_version":0,"values":{"connectivity_type":"public","region":"ap-northeast-1","secondary_allocation_ids":null,"tags":{"Name":"crm-nat-1"},"tags_all":{"Name":"crm-nat-1"},"timeouts":null},"sensitive_values":{"secondary_private_ip_addresses":[],"tags":{},"tags_all":{}}},{"address":"module.networking.aws_route_table.private[0]","mode":"managed","type":"aws_route_table","name":"private","index":0,"provider_name":"registry.terraform.io/hashicorp/aws","schema_version":0,"values":{"region":"ap-northeast-1","route":[{"carrier_gateway_id":"","cidr_block":"0.0.0.0/0","core_network_arn":"","destination_prefix_list_id":"","egress_only_gateway_id":"","gateway_id":"","ipv6_cidr_block":"","local_gateway_id":"","network_interface_id":"","transit_gateway_id":"","vpc_endpoint_id":"","vpc_peering_connection_id":""}],"tags":{"Name":"private-rt-0"},"tags_all":{"Name":"private-rt-0"},"timeouts":null},"sensitive_values":{"propagating_vgws":[],"route":[{}],"tags":{},"tags_all":{}}},{"address":"module.networking.aws_route_table.private[1]","mode":"managed","type":"aws_route_table","name":"private","index":1,"provider_name":"registry.terraform.io/hashicorp/aws","schema_version":0,"values":{"region":"ap-northeast-1","route":[{"carrier_gateway_id":"","cidr_block":"0.0.0.0/0","core_network_arn":"","destination_prefix_list_id":"","egress_only_gateway_id":"","gateway_id":"","ipv6_cidr_block":"","local_gateway_id":"","network_interface_id":"","transit_gateway_id":"","vpc_endpoint_id":"","vpc_peering_connection_id":""}],"tags":{"Name":"private-rt-1"},"tags_all":{"Name":"private-rt-1"},"timeouts":null},"sensitive_values":{"propagating_vgws":[],"route":[{}],"tags":{},"tags_all":{}}},{"address":"module.networking.aws_route_table.public","mode":"managed","type":"aws_route_table","name":"public","provider_name":"registry.terraform.io/hashicorp/aws","schema_version":0,"values":{"region":"ap-northeast-1","route":[{"carrier_gateway_id":"","cidr_block":"0.0.0.0/0","core_network_arn":"","destination_prefix_list_id":"","egress_only_gateway_id":"","ipv6_cidr_block":"","local_gateway_id":"","nat_gateway_id":"","network_interface_id":"","transit_gateway_id":"","vpc_endpoint_id":"","vpc_peering_connection_id":""}],"tags":{"Name":"public-rt"},"tags_all":{"Name":"public-rt"},"timeouts":null},"sensitive_values":{"propagating_vgws":[],"route":[{}],"tags":{},"tags_all":{}}},{"address":"module.networking.aws_route_table_association.private[0]","mode":"managed","type":"aws_route_table_association","name":"private","index":0,"provider_name":"registry.terraform.io/hashicorp/aws","schema_version":0,"values":{"gateway_id":null,"region":"ap-northeast-1","timeouts":null},"sensitive_values":{}},{"address":"module.networking.aws_route_table_association.private[1]","mode":"managed","type":"aws_route_table_association","name":"private","index":1,"provider_name":"registry.terraform.io/hashicorp/aws","schema_version":0,"values":{"gateway_id":null,"region":"ap-northeast-1","timeouts":null},"sensitive_values":{}},{"address":"module.networking.aws_route_table_association.public[0]","mode":"managed","type":"aws_route_table_association","name":"public","index":0,"provider_name":"registry.terraform.io/hashicorp/aws","schema_version":0,"values":{"gateway_id":null,"region":"ap-northeast-1","timeouts":null},"sensitive_values":{}},{"address":"module.networking.aws_route_table_association.public[1]","mode":"managed","type":"aws_route_table_association","name":"public","index":1,"provider_name":"registry.terraform.io/hashicorp/aws","schema_version":0,"values":{"gateway_id":null,"region":"ap-northeast-1","timeouts":null},"sensitive_values":{}},{"address":"module.networking.aws_security_group.alb","mode":"managed","type":"aws_security_group","name":"alb","provider_name":"registry.terraform.io/hashicorp/aws","schema_version":1,"values":{"description":"Allow HTTP/HTTPS traffic to ALB","egress":[{"cidr_blocks":["0.0.0.0/0"],"description":"","from_port":0,"ipv6_cidr_blocks":[],"prefix_list_ids":[],"protocol":"-1","security_groups":[],"self":false,"to_port":0}],"ingress":[{"cidr_blocks":["0.0.0.0/0"],"description":"","from_port":443,"ipv6_cidr_blocks":[],"prefix_list_ids":[],"protocol":"tcp","security_groups":[],"self":false,"to_port":443},{"cidr_blocks":["0.0.0.0/0"],"description":"","from_port":80,"ipv6_cidr_blocks":[],"prefix_list_ids":[],"protocol":"tcp","security_groups":[],"self":false,"to_port":80}],"name":"crm-alb-sg","region":"ap-northeast-1","revoke_rules_on_delete":false,"tags":{"Name":"crm-alb-sg"},"tags_all":{"Name":"crm-alb-sg"},"timeouts":null},"sensitive_values":{"egress":[{"cidr_blocks":[false],"ipv6_cidr_blocks":[],"prefix_list_ids":[],"security_groups":[]}],"ingress":[{"cidr_blocks":[false],"ipv6_cidr_blocks":[],"prefix_list_ids":[],"security_groups":[]},{"cidr_blocks":[false],"ipv6_cidr_blocks":[],"prefix_list_ids":[],"security_groups":[]}],"tags":{},"tags_all":{}}},{"address":"module.networking.aws_subnet.private[0]","mode":"managed","type":"aws_subnet","name":"private","index":0,"provider_name":"registry.terraform.io/hashicorp/aws","schema_version":1,"values":{"assign_ipv6_address_on_creation":false,"cidr_block":"10.0.3.0/24","customer_owned_ipv4_pool":null,"enable_dns64":false,"enable_lni_at_device_index":null,"enable_resource_name_dns_a_record_on_launch":false,"enable_resource_name_dns_aaaa_record_on_launch":false,"ipv6_cidr_block":null,"ipv6_native":false,"map_customer_owned_ip_on_launch":null,"map_public_ip_on_launch":false,"outpost_arn":null,"region":"ap-northeast-1","tags":{"Name":"private-0"},"tags_all":{"Name":"private-0"},"timeouts":null},"sensitive_values":{"tags":{},"tags_all":{}}},{"address":"module.networking.aws_subnet.private[1]","mode":"managed","type":"aws_subnet","name":"private","index":1,"provider_name":"registry.terraform.io/hashicorp/aws","schema_version":1,"values":{"assign_ipv6_address_on_creation":false,"cidr_block":"10.0.4.0/24","customer_owned_ipv4_pool":null,"enable_dns64":false,"enable_lni_at_device_index":null,"enable_resource_name_dns_a_record_on_launch":false,"enable_resource_name_dns_aaaa_record_on_launch":false,"ipv6_cidr_block":null,"ipv6_native":false,"map_customer_owned_ip_on_launch":null,"map_public_ip_on_launch":false,"outpost_arn":null,"region":"ap-northeast-1","tags":{"Name":"private-1"},"tags_all":{"Name":"private-1"},"timeouts":null},"sensitive_values":{"tags":{},"tags_all":{}}},{"address":"module.networking.aws_subnet.public[0]","mode":"managed","type":"aws_subnet","name":"public","index":0,"provider_name":"registry.terraform.io/hashicorp/aws","schema_version":1,"values":{"assign_ipv6_address_on_creation":false,"availability_zone":"ap-northeast-1a","cidr_block":"10.0.1.0/24","customer_owned_ipv4_pool":null,"enable_dns64":false,"enable_lni_at_device_index":null,"enable_resource_name_dns_a_record_on_launch":false,"enable_resource_name_dns_aaaa_record_on_launch":false,"ipv6_cidr_block":null,"ipv6_native":false,"map_customer_owned_ip_on_launch":null,"map_public_ip_on_launch":true,"outpost_arn":null,"region":"ap-northeast-1","tags":{"Name":"public-0"},"tags_all":{"Name":"public-0"},"timeouts":null},"sensitive_values":{"tags":{},"tags_all":{}}},{"address":"module.networking.aws_subnet.public[1]","mode":"managed","type":"aws_subnet","name":"public","index":1,"provider_name":"registry.terraform.io/hashicorp/aws","schema_version":1,"values":{"assign_ipv6_address_on_creation":false,"availability_zone":"ap-northeast-1b","cidr_block":"10.0.2.0/24","customer_owned_ipv4_pool":null,"enable_dns64":false,"enable_lni_at_device_index":null,"enable_resource_name_dns_a_record_on_launch":false,"enable_resource_name_dns_aaaa_record_on_launch":false,"ipv6_cidr_block":null,"ipv6_native":false,"map_customer_owned_ip_on_launch":null,"map_public_ip_on_launch":true,"outpost_arn":null,"region":"ap-northeast-1","tags":{"Name":"public-1"},"tags_all":{"Name":"public-1"},"timeouts":null},"sensitive_values":{"tags":{},"tags_all":{}}},{"address":"module.networking.aws_vpc.main","mode":"managed","type":"aws_vpc","name":"main","provider_name":"registry.terraform.io/hashicorp/aws","schema_version":1,"values":{"assign_generated_ipv6_cidr_block":null,"cidr_block":"10.0.0.0/16","enable_dns_hostnames":true,"enable_dns_support":true,"instance_tenancy":"default","ipv4_ipam_pool_id":null,"ipv4_netmask_length":null,"ipv6_ipam_pool_id":null,"ipv6_netmask_length":null,"region":"ap-northeast-1","tags":{"Name":"crm-vpc"},"tags_all":{"Name":"crm-vpc"}},"sensitive_values":{"tags":{},"tags_all":{}}}],"address":"module.networking"},{"resources":[{"address":"module.security.aws_iam_policy.ecs_task","mode":"managed","type":"aws_iam_policy","name":"ecs_task","provider_name":"registry.terraform.io/hashicorp/aws","schema_version":0,"values":{"description":"Permissions for CRM ECS tasks","name":"crm-ecs-task-policy","path":"/","tags":null},"sensitive_values":{"tags_all":{}}},{"address":"module.security.aws_iam_role.ecs_exec","mode":"managed","type":"aws_iam_role","name":"ecs_exec","provider_name":"registry.terraform.io/hashicorp/aws","schema_version":0,"values":{"assume_role_policy":"{\"Statement\":[{\"Action\":\"sts:AssumeRole\",\"Effect\":\"Allow\",\"Principal\":{\"Service\":\"ecs-tasks.amazonaws.com\"}}],\"Version\":\"2012-10-17\"}","description":null,"force_detach_policies":false,"max_session_duration":3600,"name":"crm-ecs-exec-role","path":"/","permissions_boundary":null,"tags":null},"sensitive_values":{"inline_policy":[],"managed_policy_arns":[],"tags_all":{}},"identity_schema_version":0,"identity":{"account_id":null,"name":null}},{"address":"module.security.aws_iam_role.ecs_task","mode":"managed","type":"aws_iam_role","name":"ecs_task","provider_name":"registry.terraform.io/hashicorp/aws","schema_version":0,"values":{"assume_role_policy":"{\"Statement\":[{\"Action\":\"sts:AssumeRole\",\"Effect\":\"Allow\",\"Principal\":{\"Service\":\"ecs-tasks.amazonaws.com\"}}],\"Version\":\"2012-10-17\"}","description":null,"force_detach_policies":false,"max_session_duration":3600,"name":"crm-ecs-task-role","path":"/","permissions_boundary":null,"tags":null},"sensitive_values":{"inline_policy":[],"managed_policy_arns":[],"tags_all":{}},"identity_schema_version":0,"identity":{"account_id":null,"name":null}},{"address":"module.security.aws_iam_role.vpc_flow_logs","mode":"managed","type":"aws_iam_role","name":"vpc_flow_logs","provider_name":"registry.terraform.io/hashicorp/aws","schema_version":0,"values":{"assume_role_policy":"{\"Statement\":[{\"Action\":\"sts:AssumeRole\",\"Effect\":\"Allow\",\"Principal\":{\"Service\":\"vpc-flow-logs.amazonaws.com\"}}],\"Version\":\"2012-10-17\"}","description":null,"force_detach_policies":false,"max_session_duration":3600,"name":"crm-vpc-flow-logs-role","path":"/","permissions_boundary":null,"tags":null},"sensitive_values":{"inline_policy":[],"managed_policy_arns":[],"tags_all":{}},"identity_schema_version":0,"identity":{"account_id":null,"name":null}},{"address":"module.security.aws_iam_role_policy.vpc_flow_logs","mode":"managed","type":"aws_iam_role_policy","name":"vpc_flow_logs","provider_name":"registry.terraform.io/hashicorp/aws","schema_version":0,"values":{"name":"crm-vpc-flow-logs-policy","policy":"{\"Version\":\"2012-10-17\",\"Statement\":[{\"Action\":[\"logs:CreateLogGroup\",\"logs:CreateLogStream\",\"logs:PutLogEvents\",\"logs:DescribeLogGroups\",\"logs:DescribeLogStreams\"],\"Effect\":\"Allow\",\"Resource\":\"*\"}]}"},"sensitive_values":{},"identity_schema_version":0,"identity":{"account_id":null,"name":null,"role":null}},{"address":"module.security.aws_iam_role_policy_attachment.ecs_exec","mode":"managed","type":"aws_iam_role_policy_attachment","name":"ecs_exec","provider_name":"registry.terraform.io/hashicorp/aws","schema_version":0,"values":{"policy_arn":"arn:aws:iam::aws:policy/service-role/AmazonECSTaskExecutionRolePolicy","role":"crm-ecs-exec-role"},"sensitive_values":{},"identity_schema_version":0,"identity":{"account_id":null,"policy_arn":null,"role":null}},{"address":"module.security.aws_iam_role_policy_attachment.ecs_task","mode":"managed","type":"aws_iam_role_policy_attachment","name":"ecs_task","provider_name":"registry.terraform.io/hashicorp/aws","schema_version":0,"values":{"role":"crm-ecs-task-role"},"sensitive_values":{},"identity_schema_version":0,"identity":{"account_id":null,"policy_arn":null,"role":null}},{"address":"module.security.aws_kms_key.main","mode":"managed","type":"aws_kms_key","name":"main","provider_name":"registry.terraform.io/hashicorp/aws","schema_version":0,"values":{"bypass_policy_lockout_safety_check":false,"custom_key_store_id":null,"customer_master_key_spec":"SYMMETRIC_DEFAULT","deletion_window_in_days":30,"description":"KMS key for CRM encryption","enable_key_rotation":true,"is_enabled":true,"key_usage":"ENCRYPT_DECRYPT","policy":"{\"Statement\":[{\"Action\":\"kms:*\",\"Effect\":\"Allow\",\"Principal\":{\"AWS\":\"arn:aws:iam::123456789012:root\"},\"Resource\":\"*\"}],\"Version\":\"2012-10-17\"}","region":"ap-northeast-1","tags":null,"timeouts":null,"xks_key_id":null},"sensitive_values":{"tags_all":{}}},{"address":"module.security.aws_secretsmanager_secret.app_secret","mode":"managed","type":"aws_secretsmanager_secret","name":"app_secret","provider_name":"registry.terraform.io/hashicorp/aws","schema_version":0,"values":{"description":"Application secret for CRM","force_overwrite_replica_secret":false,"name":"crm-app-secret","recovery_window_in_days":30,"region":"ap-northeast-1","tags":null},"sensitive_values":{"replica":[],"tags_all":{}}},{"address":"module.security.aws_secretsmanager_secret.db_creds","mode":"managed","type":"aws_secretsmanager_secret","name":"db_creds","provider_name":"registry.terraform.io/hashicorp/aws","schema_version":0,"values":{"description":null,"force_overwrite_replica_secret":false,"kms_key_id":null,"name":"secure_db_password","recovery_window_in_days":30,"region":"ap-northeast-1","tags":null},"sensitive_values":{"replica":[],"tags_all":{}}},{"address":"module.security.aws_secretsmanager_secret.pg_super","mode":"managed","type":"aws_secretsmanager_secret","name":"pg_super","provider_name":"registry.terraform.io/hashicorp/aws","schema_version":0,"values":{"description":null,"force_overwrite_replica_secret":false,"kms_key_id":null,"name":"secure_superuser_password","recovery_window_in_days":30,"region":"ap-northeast-1","tags":null},"sensitive_values":{"name":true,"replica":[],"tags_all":{}}},{"address":"module.security.aws_secretsmanager_secret.pgpassword","mode":"managed","type":"aws_secretsmanager_secret","name":"pgpassword","provider_name":"registry.terraform.io/hashicorp/aws","schema_version":0,"values":{"description":"Database password for CRM","force_overwrite_replica_secret":false,"name":"crm-db-password","recovery_window_in_days":30,"region":"ap-northeast-1","tags":null},"sensitive_values":{"replica":[],"tags_all":{}}},{"address":"module.security.aws_secretsmanager_secret_version.app_secret","mode":"managed","type":"aws_secretsmanager_secret_version","name":"app_secret","provider_name":"registry.terraform.io/hashicorp/aws","schema_version":0,"values":{"region":"ap-northeast-1","secret_binary":null,"secret_string":"32_char_long_random_string","secret_string_wo":null,"secret_string_wo_version":null},"sensitive_values":{"secret_binary":true,"secret_string":true,"secret_string_wo":true,"version_stages":[]}},{"address":"module.security.aws_secretsmanager_secret_version.db_creds","mode":"managed","type":"aws_secretsmanager_secret_version","name":"db_creds","provider_name":"registry.terraform.io/hashicorp/aws","schema_version":0,"values":{"region":"ap-northeast-1","secret_binary":null,"secret_string":"{\"password\":\"secure_db_password\",\"username\":\"twenty_admin\"}","secret_string_wo":null,"secret_string_wo_version":null},"sensitive_values":{"secret_binary":true,"secret_string":true,"secret_string_wo":true,"version_stages":[]}},{"address":"module.security.aws_secretsmanager_secret_version.pg_super","mode":"managed","type":"aws_secretsmanager_secret_version","name":"pg_super","provider_name":"registry.terraform.io/hashicorp/aws","schema_version":0,"values":{"region":"ap-northeast-1","secret_binary":null,"secret_string":"secure_superuser_password","secret_string_wo":null,"secret_string_wo_version":null},"sensitive_values":{"secret_binary":true,"secret_string":true,"secret_string_wo":true,"version_stages":[]}},{"address":"module.security.aws_secretsmanager_secret_version.pgpassword","mode":"managed","type":"aws_secretsmanager_secret_version","name":"pgpassword","provider_name":"registry.terraform.io/hashicorp/aws","schema_version":0,"values":{"region":"ap-northeast-1","secret_binary":null,"secret_string":"secure_superuser_password","secret_string_wo":null,"secret_string_wo_version":null},"sensitive_values":{"secret_binary":true,"secret_string":true,"secret_string_wo":true,"version_stages":[]}},{"address":"module.security.aws_security_group.db","mode":"managed","type":"aws_security_group","name":"db","provider_name":"registry.terraform.io/hashicorp/aws","schema_version":1,"values":{"description":"Security group for RDS","egress":[{"cidr_blocks":["0.0.0.0/0"],"description":"","from_port":0,"ipv6_cidr_blocks":[],"prefix_list_ids":[],"protocol":"-1","security_groups":[],"self":false,"to_port":0}],"ingress":[{"cidr_blocks":[],"description":"","from_port":5432,"ipv6_cidr_blocks":[],"prefix_list_ids":[],"protocol":"tcp","self":false,"to_port":5432}],"name":"crm-db-sg","region":"ap-northeast-1","revoke_rules_on_delete":false,"tags":{"Name":"crm-db-sg"},"tags_all":{"Name":"crm-db-sg"},"timeouts":null},"sensitive_values":{"egress":[{"cidr_blocks":[false],"ipv6_cidr_blocks":[],"prefix_list_ids":[],"security_groups":[]}],"ingress":[{"cidr_blocks":[],"ipv6_cidr_blocks":[],"prefix_list_ids":[],"security_groups":[]}],"tags":{},"tags_all":{}}},{"address":"module.security.aws_security_group.ecs","mode":"managed","type":"aws_security_group","name":"ecs","provider_name":"registry.terraform.io/hashicorp/aws","schema_version":1,"values":{"description":"Security group for ECS tasks","egress":[{"cidr_blocks":["0.0.0.0/0"],"description":"","from_port":0,"ipv6_cidr_blocks":[],"prefix_list_ids":[],"protocol":"-1","security_groups":[],"self":false,"to_port":0}],"ingress":[{"cidr_blocks":[],"description":"","from_port":3000,"ipv6_cidr_blocks":[],"prefix_list_ids":[],"protocol":"tcp","self":false,"to_port":3000}],"name":"crm-ecs-sg","region":"ap-northeast-1","revoke_rules_on_delete":false,"tags":{"Name":"crm-ecs-sg"},"tags_all":{"Name":"crm-ecs-sg"},"timeouts":null},"sensitive_values":{"egress":[{"cidr_blocks":[false],"ipv6_cidr_blocks":[],"prefix_list_ids":[],"security_groups":[]}],"ingress":[{"cidr_blocks":[],"ipv6_cidr_blocks":[],"prefix_list_ids":[],"security_groups":[]}],"tags":{},"tags_all":{}}},{"address":"module.security.aws_ssm_parameter.alert_email","mode":"managed","type":"aws_ssm_parameter","name":"alert_email","provider_name":"registry.terraform.io/hashicorp/aws","schema_version":0,"values":{"allowed_pattern":null,"description":null,"name":"alerts@example.com","overwrite":null,"region":"ap-northeast-1","tags":null,"type":"String","value":"alerts@example.com","value_wo":null,"value_wo_version":null},"sensitive_values":{"tags_all":{},"value":true,"value_wo":true}},{"address":"module.security.aws_ssm_parameter.cert_arn","mode":"managed","type":"aws_ssm_parameter","name":"cert_arn","provider_name":"registry.terraform.io/hashicorp/aws","schema_version":0,"values":{"allowed_pattern":null,"description":null,"name":"arn:aws:acm:ap-northeast-1:123456789012:certificate/abcd1234","overwrite":null,"region":"ap-northeast-1","tags":null,"type":"String","value":"arn:aws:acm:ap-northeast-1:123456789012:certificate/abcd1234","value_wo":null,"value_wo_version":null},"sensitive_values":{"tags_all":{},"value":true,"value_wo":true}},{"address":"module.security.aws_ssm_parameter.domain_name","mode":"managed","type":"aws_ssm_parameter","name":"domain_name","provider_name":"registry.terraform.io/hashicorp/aws","schema_version":0,"values":{"allowed_pattern":null,"description":null,"name":"crm.example.com","overwrite":null,"region":"ap-northeast-1","tags":null,"type":"String","value":"crm.example.com","value_wo":null,"value_wo_version":null},"sensitive_values":{"tags_all":{},"value":true,"value_wo":true}},{"address":"module.security.aws_wafv2_web_acl.crm","mode":"managed","type":"aws_wafv2_web_acl","name":"crm","provider_name":"registry.terraform.io/hashicorp/aws","schema_version":0,"values":{"association_config":[],"captcha_config":[],"challenge_config":[],"custom_response_body":[],"data_protection_config":[],"default_action":[{"allow":[{"custom_request_handling":[]}],"block":[]}],"description":"Web ACL for CRM application","name":"crm-web-acl","region":"ap-northeast-1","rule":[{"action":[],"captcha_config":[],"challenge_config":[],"name":"AWSManagedRulesCommonRuleSet","override_action":[{"count":[],"none":[{}]}],"priority":1,"rule_label":[],"statement":[{"and_statement":[],"asn_match_statement":[],"byte_match_statement":[],"geo_match_statement":[],"ip_set_reference_statement":[],"label_match_statement":[],"managed_rule_group_statement":[{"managed_rule_group_configs":[],"name":"AWSManagedRulesCommonRuleSet","rule_action_override":[],"scope_down_statement":[],"vendor_name":"AWS","version":""}],"not_statement":[],"or_statement":[],"rate_based_statement":[],"regex_match_statement":[],"regex_pattern_set_reference_statement":[],"rule_group_reference_statement":[],"size_constraint_statement":[],"sqli_match_statement":[],"xss_match_statement":[]}],"visibility_config":[{"cloudwatch_metrics_enabled":true,"metric_name":"AWSManagedRulesCommonRuleSet","sampled_requests_enabled":true}]}],"rule_json":null,"scope":"REGIONAL","tags":null,"token_domains":null,"visibility_config":[{"cloudwatch_metrics_enabled":true,"metric_name":"crm-web-acl-metrics","sampled_requests_enabled":true}]},"sensitive_values":{"association_config":[],"captcha_config":[],"challenge_config":[],"custom_response_body":[],"data_protection_config":[],"default_action":[{"allow":[{"custom_request_handling":[]}],"block":[]}],"rule":[{"action":[],"captcha_config":[],"challenge_config":[],"override_action":[{"count":[],"none":[{}]}],"rule_label":[],"statement":[{"and_statement":[],"asn_match_statement":[],"byte_match_statement":[],"geo_match_statement":[],"ip_set_reference_statement":[],"label_match_statement":[],"managed_rule_group_statement":[{"managed_rule_group_configs":[],"rule_action_override":[],"scope_down_statement":[]}],"not_statement":[],"or_statement":[],"rate_based_statement":[],"regex_match_statement":[],"regex_pattern_set_reference_statement":[],"rule_group_reference_statement":[],"size_constraint_statement":[],"sqli_match_statement":[],"xss_match_statement":[]}],"visibility_config":[{}]}],"tags_all":{},"visibility_config":[{}]}}],"address":"module.security"},{"resources":[{"address":"module.storage.aws_s3_bucket.attachments","mode":"managed","type":"aws_s3_bucket","name":"attachments","provider_name":"registry.terraform.io/hashicorp/aws","schema_version":0,"values":{"bucket":"crm-attachments-123456789012","force_destroy":false,"region":"ap-northeast-1","tags":{"Name":"crm-attachments"},"tags_all":{"Name":"crm-attachments"},"timeouts":null},"sensitive_values":{"cors_rule":[],"grant":[],"lifecycle_rule":[],"logging":[],"object_lock_configuration":[],"replication_configuration":[],"server_side_encryption_configuration":[],"tags":{},"tags_all":{},"versioning":[],"website":[]},"identity_schema_version":0,"identity":{"account_id":null,"bucket":null,"region":null}},{"address":"module.storage.aws_s3_bucket_lifecycle_configuration.attachments","mode":"managed","type":"aws_s3_bucket_lifecycle_configuration","name":"attachments","provider_name":"registry.terraform.io/hashicorp/aws","schema_version":1,"values":{"region":"ap-northeast-1","rule":[{"abort_incomplete_multipart_upload":[],"expiration":[],"filter":[{"and":[],"object_size_greater_than":null,"object_size_less_than":null,"prefix":"","tag":[]}],"id":"transition-to-ia","noncurrent_version_expiration":[],"noncurrent_version_transition":[],"prefix":"","status":"Enabled","transition":[{"date":null,"days":30,"storage_class":"STANDARD_IA"},{"date":null,"days":90,"storage_class":"GLACIER"}]}],"timeouts":null,"transition_default_minimum_object_size":"all_storage_classes_128K"},"sensitive_values":{"rule":[{"abort_incomplete_multipart_upload":[],"expiration":[],"filter":[{"and":[],"tag":[]}],"noncurrent_version_expiration":[],"noncurrent_version_transition":[],"transition":[{},{}]}]}},{"address":"module.storage.aws_s3_bucket_public_access_block.block","mode":"managed","type":"aws_s3_bucket_public_access_block","name":"block","provider_name":"registry.terraform.io/hashicorp/aws","schema_version":0,"values":{"block_public_acls":true,"block_public_policy":true,"ignore_public_acls":true,"region":"ap-northeast-1","restrict_public_buckets":true},"sensitive_values":{}},{"address":"module.storage.aws_s3_bucket_server_side_encryption_configuration.attachments","mode":"managed","type":"aws_s3_bucket_server_side_encryption_configuration","name":"attachments","provider_name":"registry.terraform.io/hashicorp/aws","schema_version":0,"values":{"expected_bucket_owner":null,"region":"ap-northeast-1","rule":[{"apply_server_side_encryption_by_default":[{"sse_algorithm":"aws:kms"}],"bucket_key_enabled":null}]},"sensitive_values":{"rule":[{"apply_server_side_encryption_by_default":[{}]}]}},{"address":"module.storage.aws_s3_bucket_versioning.attachments","mode":"managed","type":"aws_s3_bucket_versioning","name":"attachments","provider_name":"registry.terraform.io/hashicorp/aws","schema_version":0,"values":{"expected_bucket_owner":null,"mfa":null,"region":"ap-northeast-1","versioning_configuration":[{"status":"Enabled"}]},"sensitive_values":{"versioning_configuration":[{}]}}],"address":"module.storage"}]}},"resource_changes":[{"address":"module.backup.aws_backup_plan.cross_region","module_address":"module.backup","mode":"managed","type":"aws_backup_plan","name":"cross_region","provider_name":"registry.terraform.io/hashicorp/aws","change":{"actions":["create"],"before":null,"after":{"advanced_backup_setting":[],"name":"crm-prod-cross-region-backup","region":"ap-northeast-1","rule":[{"completion_window":180,"copy_action":[{"lifecycle":[{"cold_storage_after":null,"delete_after":90}]}],"enable_continuous_backup":false,"lifecycle":[{"cold_storage_after":null,"delete_after":35}],"recovery_point_tags":null,"rule_name":"daily-backup","schedule":"cron(0 3 * * ? *)","schedule_expression_timezone":"Etc/UTC","start_window":60,"target_vault_name":"crm-prod-backup-vault"}],"tags":null},"after_unknown":{"advanced_backup_setting":[],"arn":true,"id":true,"rule":[{"copy_action":[{"destination_vault_arn":true,"lifecycle":[{"opt_in_to_archive_for_supported_resources":true}]}],"lifecycle":[{"opt_in_to_archive_for_supported_resources":true}]}],"tags_all":true,"version":true},"before_sensitive":false,"after_sensitive":{"advanced_backup_setting":[],"rule":[{"copy_action":[{"lifecycle":[{}]}],"lifecycle":[{}]}],"tags_all":{}}}},{"address":"module.backup.aws_backup_selection.rds","module_address":"module.backup","mode":"managed","type":"aws_backup_selection","name":"rds","provider_name":"registry.terraform.io/hashicorp/aws","change":{"actions":["create"],"before":null,"after":{"name":"crm-prod-rds-selection","region":"ap-northeast-1","selection_tag":[]},"after_unknown":{"condition":true,"iam_role_arn":true,"id":true,"not_resources":true,"plan_id":true,"resources":true,"selection_tag":[]},"before_sensitive":false,"after_sensitive":{"condition":[],"not_resources":[],"resources":[],"selection_tag":[]}}},{"address":"module.backup.aws_backup_vault.primary","module_address":"module.backup","mode":"managed","type":"aws_backup_vault","name":"primary","provider_name":"registry.terraform.io/hashicorp/aws","change":{"actions":["create"],"before":null,"after":{"force_destroy":false,"name":"crm-prod-backup-vault","region":"ap-northeast-1","tags":null,"timeouts":null},"after_unknown":{"arn":true,"id":true,"kms_key_arn":true,"recovery_points":true,"tags_all":true},"before_sensitive":false,"after_sensitive":{"tags_all":{}}}},{"address":"module.backup.aws_backup_vault.secondary","module_address":"module.backup","mode":"managed","type":"aws_backup_vault","name":"secondary","provider_name":"registry.terraform.io/hashicorp/aws","change":{"actions":["create"],"before":null,"after":{"force_destroy":false,"name":"crm-prod-backup-vault-dr","region":"ap-southeast-1","tags":null,"timeouts":null},"after_unknown":{"arn":true,"id":true,"kms_key_arn":true,"recovery_points":true,"tags_all":true},"before_sensitive":false,"after_sensitive":{"tags_all":{}}}},{"address":"module.backup.aws_iam_role.backup_role","module_address":"module.backup","mode":"managed","type":"aws_iam_role","name":"backup_role","provider_name":"registry.terraform.io/hashicorp/aws","change":{"actions":["create"],"before":null,"after":{"assume_role_policy":"{\"Statement\":[{\"Action\":\"sts:AssumeRole\",\"Effect\":\"Allow\",\"Principal\":{\"Service\":\"backup.amazonaws.com\"}}],\"Version\":\"2012-10-17\"}","description":null,"force_detach_policies":false,"max_session_duration":3600,"name":"crm-prod-backup-role","path":"/","permissions_boundary":null,"tags":null},"after_unknown":{"arn":true,"create_date":true,"id":true,"inline_policy":true,"managed_policy_arns":true,"name_prefix":true,"tags_all":true,"unique_id":true},"before_sensitive":false,"after_sensitive":{"inline_policy":[],"managed_policy_arns":[],"tags_all":{}},"after_identity":{"account_id":null,"name":null}}},{"address":"module.backup.aws_iam_role_policy_attachment.backup_policy","module_address":"module.backup","mode":"managed","type":"aws_iam_role_policy_attachment","name":"backup_policy","provider_name":"registry.terraform.io/hashicorp/aws","change":{"actions":["create"],"before":null,"after":{"policy_arn":"arn:aws:iam::aws:policy/service-role/AWSBackupServiceRolePolicyForBackup","role":"crm-prod-backup-role"},"after_unknown":{"id":true},"before_sensitive":false,"after_sensitive":{},"after_identity":{"account_id":null,"policy_arn":null,"role":null}}},{"address":"module.ci_cd.aws_codebuild_project.build","module_address":"module.ci_cd","mode":"managed","type":"aws_codebuild_project","name":"build","provider_name":"registry.terraform.io/hashicorp/aws","change":{"actions":["create"],"before":null,"after":{"artifacts":[{"artifact_identifier":null,"bucket_owner_access":null,"encryption_disabled":false,"location":null,"name":null,"namespace_type":null,"override_artifact_name":false,"packaging":null,"path":null,"type":"CODEPIPELINE"}],"badge_enabled":false,"build_batch_config":[],"build_timeout":60,"cache":[{"location":null,"modes":["LOCAL_SOURCE_CACHE","LOCAL_DOCKER_LAYER_CACHE"],"type":"LOCAL"}],"concurrent_build_limit":null,"description":"CRM build project","environment":[{"certificate":null,"compute_type":"BUILD_GENERAL1_MEDIUM","docker_server":[],"environment_variable":[{"name":"AWS_ACCOUNT_ID","type":"PLAINTEXT","value":"123456789012"},{"name":"AWS_DEFAULT_REGION","type":"PLAINTEXT","value":"ap-northeast-1"}],"fleet":[],"image":"aws/codebuild/standard:6.0","image_pull_credentials_type":"CODEBUILD","privileged_mode":true,"registry_credential":[],"type":"LINUX_CONTAINER"}],"file_system_locations":[],"logs_config":[],"name":"crm-build","project_visibility":"PRIVATE","queued_timeout":480,"region":"ap-northeast-1","resource_access_role":null,"secondary_artifacts":[],"secondary_source_version":[],"secondary_sources":[],"source":[{"auth":[],"build_status_config":[],"buildspec":"version: 0.2\n\nphases:\n  pre_build:\n    commands:\n      - echo Logging in to Amazon ECR...\n      - aws ecr get-login-password --region $AWS_DEFAULT_REGION | docker login --username AWS --password-stdin $AWS_ACCOUNT_ID.dkr.ecr.$AWS_DEFAULT_REGION.amazonaws.com\n  build:\n    commands:\n      - echo Build started on `date`\n      - echo Building the Docker image for server...\n      - cd application/twenty-server\n      - docker build -t $AWS_ACCOUNT_ID.dkr.ecr.$AWS_DEFAULT_REGION.amazonaws.com/twenty-server:latest .\n      - cd ../..\n      - echo Building the Docker image for worker...\n      - cd application/twenty-worker\n      - docker build -t $AWS_ACCOUNT_ID.dkr.ecr.$AWS_DEFAULT_REGION.amazonaws.com/twenty-worker:latest .\n      - cd ../..\n  post_build:\n    commands:\n      - echo Build completed on `date`\n      - echo Pushing the Docker images to ECR...\n      - docker push $AWS_ACCOUNT_ID.dkr.ecr.$AWS_DEFAULT_REGION.amazonaws.com/twenty-server:latest\n      - docker push $AWS_ACCOUNT_ID.dkr.ecr.$AWS_DEFAULT_REGION.amazonaws.com/twenty-worker:latest\n      - echo Writing image definitions file...\n      - printf '[{\"name\":\"twenty-server\",\"imageUri\":\"%s\"},{\"name\":\"twenty-worker\",\"imageUri\":\"%s\"}]' $AWS_ACCOUNT_ID.dkr.ecr.$AWS_DEFAULT_REGION.amazonaws.com/twenty-server:latest $AWS_ACCOUNT_ID.dkr.ecr.$AWS_DEFAULT_REGION.amazonaws.com/twenty-worker:latest \u003e imagedefinitions.json\nartifacts:\n  files:\n    - \"imagedefinitions.json\"\n","git_clone_depth":null,"git_submodules_config":[],"insecure_ssl":null,"location":null,"report_build_status":null,"type":"CODEPIPELINE"}],"source_version":null,"tags":null,"vpc_config":[]},"after_unknown":{"arn":true,"artifacts":[{}],"badge_url":true,"build_batch_config":[],"cache":[{"modes":[false,false]}],"encryption_key":true,"environment":[{"docker_server":[],"environment_variable":[{},{}],"fleet":[],"registry_credential":[]}],"file_system_locations":[],"id":true,"logs_config":[],"public_project_alias":true,"secondary_artifacts":[],"secondary_source_version":[],"secondary_sources":[],"service_role":true,"source":[{"auth":[],"build_status_config":[],"git_submodules_config":[]}],"tags_all":true,"vpc_config":[]},"before_sensitive":false,"after_sensitive":{"artifacts":[{}],"build_batch_config":[],"cache":[{"modes":[false,false]}],"environment":[{"docker_server":[],"environment_variable":[{},{}],"fleet":[],"registry_credential":[]}],"file_system_locations":[],"logs_config":[],"secondary_artifacts":[],"secondary_source_version":[],"secondary_sources":[],"source":[{"auth":[],"build_status_config":[],"git_submodules_config":[]}],"tags_all":{},"vpc_config":[]},"after_identity":{"arn":null}}},{"address":"module.ci_cd.aws_codedeploy_app.ecs","module_address":"module.ci_cd","mode":"managed","type":"aws_codedeploy_app","name":"ecs","provider_name":"registry.terraform.io/hashicorp/aws","change":{"actions":["create"],"before":null,"after":{"compute_platform":"ECS","name":"crm-prod-deployment-cd-app","region":"ap-northeast-1","tags":null},"after_unknown":{"application_id":true,"arn":true,"github_account_name":true,"id":true,"linked_to_github":true,"tags_all":true},"before_sensitive":false,"after_sensitive":{"tags_all":{}}}},{"address":"module.ci_cd.aws_codedeploy_deployment_group.ecs","module_address":"module.ci_cd","mode":"managed","type":"aws_codedeploy_deployment_group","name":"ecs","provider_name":"registry.terraform.io/hashicorp/aws","change":{"actions":["create"],"before":null,"after":{"alarm_configuration":[{"alarms":["crm-prod-deployment-alb-5xx","ecs-high-cpu","ecs-high-memory","rds-high-cpu"],"enabled":true,"ignore_poll_alarm_failure":false}],"app_name":"crm-prod-deployment-cd-app","auto_rollback_configuration":[{"enabled":true,"events":["DEPLOYMENT_FAILURE","DEPLOYMENT_STOP_ON_ALARM"]}],"autoscaling_groups":null,"blue_green_deployment_config":[{"deployment_ready_option":[{"action_on_timeout":"CONTINUE_DEPLOYMENT","wait_time_in_minutes":0}],"green_fleet_provisioning_option":[{"action":"DISCOVER_EXISTING"}],"terminate_blue_instances_on_deployment_success":[{"action":"TERMINATE","termination_wait_time_in_minutes":5}]}],"deployment_config_name":"CodeDeployDefault.OneAtATime","deployment_group_name":"crm-prod-deployment-dg","deployment_style":[{"deployment_option":"WITH_TRAFFIC_CONTROL","deployment_type":"BLUE_GREEN"}],"ec2_tag_filter":[],"ec2_tag_set":[],"ecs_service":[{"cluster_name":"crm-cluster","service_name":"twenty-server"}],"load_balancer_info":[{"elb_info":[],"target_group_info":[],"target_group_pair_info":[{"prod_traffic_route":[{}],"target_group":[{"name":"crm-tg"},{"name":"crm-tg-green"}],"test_traffic_route":[{}]}]}],"on_premises_instance_tag_filter":[],"outdated_instances_strategy":"UPDATE","region":"ap-northeast-1","tags":null,"termination_hook_enabled":false,"trigger_configuration":[]},"after_unknown":{"alarm_configuration":[{"alarms":[false,false,false,false]}],"arn":true,"auto_rollback_configuration":[{"events":[false,false]}],"blue_green_deployment_config":[{"deployment_ready_option":[{}],"green_fleet_provisioning_option":[{}],"terminate_blue_instances_on_deployment_success":[{}]}],"compute_platform":true,"deployment_group_id":true,"deployment_style":[{}],"ec2_tag_filter":[],"ec2_tag_set":[],"ecs_service":[{}],"id":true,"load_balancer_info":[{"elb_info":[],"target_group_info":[],"target_group_pair_info":[{"prod_traffic_route":[{"listener_arns":true}],"target_group":[{},{}],"test_traffic_route":[{"listener_arns":true}]}]}],"on_premises_instance_tag_filter":[],"service_role_arn":true,"tags_all":true,"trigger_configuration":[]},"before_sensitive":false,"after_sensitive":{"alarm_configuration":[{"alarms":[false,false,false,false]}],"auto_rollback_configuration":[{"events":[false,false]}],"blue_green_deployment_config":[{"deployment_ready_option":[{}],"green_fleet_provisioning_option":[{}],"terminate_blue_instances_on_deployment_success":[{}]}],"deployment_style":[{}],"ec2_tag_filter":[],"ec2_tag_set":[],"ecs_service":[{}],"load_balancer_info":[{"elb_info":[],"target_group_info":[],"target_group_pair_info":[{"prod_traffic_route":[{"listener_arns":[]}],"target_group":[{},{}],"test_traffic_route":[{"listener_arns":[]}]}]}],"on_premises_instance_tag_filter":[],"tags_all":{},"trigger_configuration":[]}}},{"address":"module.ci_cd.aws_codepipeline.crm","module_address":"module.ci_cd","mode":"managed","type":"aws_codepipeline","name":"crm","provider_name":"registry.terraform.io/hashicorp/aws","change":{"actions":["create"],"before":null,"after":{"artifact_store":[{"encryption_key":[],"location":"crm-prod-deployment-artifacts","region":"","type":"S3"}],"execution_mode":"SUPERSEDED","name":"crm-prod-deployment","pipeline_type":"V1","region":"ap-northeast-1","stage":[{"action":[{"category":"Source","input_artifacts":null,"name":"GitHub_Source","namespace":null,"output_artifacts":["source_output"],"owner":"AWS","provider":"CodeStarSourceConnection","role_arn":null,"timeout_in_minutes":null,"version":"1"}],"before_entry":[],"name":"Source","on_failure":[],"on_success":[]},{"action":[{"category":"Build","configuration":{"ProjectName":"crm-build"},"input_artifacts":["source_output"],"name":"Build","namespace":null,"output_artifacts":["build_output"],"owner":"AWS","provider":"CodeBuild","role_arn":null,"timeout_in_minutes":null,"version":"1"}],"before_entry":[],"name":"Build","on_failure":[],"on_success":[]},{"action":[{"category":"Approval","configuration":null,"input_artifacts":null,"name":"ManualApproval","namespace":null,"output_artifacts":null,"owner":"AWS","provider":"Manual","role_arn":null,"run_order":1,"timeout_in_minutes":null,"version":"1"}],"before_entry":[],"name":"Approve","on_failure":[],"on_success":[]},{"action":[{"category":"Deploy","configuration":{"ApplicationName":"crm-prod-deployment-cd-app","DeploymentGroupName":"crm-prod-deployment-dg","FileExistsBehavior":"OVERWRITE"},"input_artifacts":["build_output"],"name":"BlueGreenDeploy","namespace":null,"output_artifacts":null,"owner":"AWS","provider":"CodeDeploy","role_arn":null,"timeout_in_minutes":null,"version":"1"}],"before_entry":[],"name":"Deploy","on_failure":[],"on_success":[]}],"tags":null,"trigger":[],"variable":[]},"after_unknown":{"arn":true,"artifact_store":[{"encryption_key":[]}],"id":true,"role_arn":true,"stage":[{"action":[{"configuration":true,"output_artifacts":[false],"region":true,"run_order":true}],"before_entry":[],"on_failure":[],"on_success":[]},{"action":[{"configuration":{},"input_artifacts":[false],"output_artifacts":[false],"region":true,"run_order":true}],"before_entry":[],"on_failure":[],"on_success":[]},{"action":[{"region":true}],"before_entry":[],"on_failure":[],"on_success":[]},{"action":[{"configuration":{},"input_artifacts":[false],"region":true,"run_order":true}],"before_entry":[],"on_failure":[],"on_success":[]}],"tags_all":true,"trigger":[],"trigger_all":true,"variable":[]},"before_sensitive":false,"after_sensitive":{"artifact_store":[{"encryption_key":[]}],"stage":[{"action":[{"configuration":{},"output_artifacts":[false]}],"before_entry":[],"on_failure":[],"on_success":[]},{"action":[{"configuration":{},"input_artifacts":[false],"output_artifacts":[false]}],"before_entry":[],"on_failure":[],"on_success":[]},{"action":[{}],"before_entry":[],"on_failure":[],"on_success":[]},{"action":[{"configuration":{},"input_artifacts":[false]}],"before_entry":[],"on_failure":[],"on_success":[]}],"tags_all":{},"trigger":[],"trigger_all":[],"variable":[]}}},{"address":"module.ci_cd.aws_codestarconnections_connection.github","module_address":"module.ci_cd","mode":"managed","type":"aws_codestarconnections_connection","name":"github","provider_name":"registry.terraform.io/hashicorp/aws","change":{"actions":["create"],"before":null,"after":{"host_arn":null,"name":"crm-github-connection","provider_type":"GitHub","region":"ap-northeast-1","tags":null},"after_unknown":{"arn":true,"connection_status":true,"id":true,"tags_all":true},"before_sensitive":false,"after_sensitive":{"tags_all":{}},"after_identity":{"arn":null}}},{"address":"module.ci_cd.aws_ecr_repository.server","module_address":"module.ci_cd","mode":"managed","type":"aws_ecr_repository","name":"server","provider_name":"registry.terraform.io/hashicorp/aws","change":{"actions":["create"],"before":null,"after":{"encryption_configuration":[],"force_delete":null,"image_scanning_configuration":[{"scan_on_push":true}],"image_tag_mutability":"MUTABLE","name":"twenty-server","region":"ap-northeast-1","tags":null,"timeouts":null},"after_unknown":{"arn":true,"encryption_configuration":[],"id":true,"image_scanning_configuration":[{}],"registry_id":true,"repository_url":true,"tags_all":true},"before_sensitive":false,"after_sensitive":{"encryption_configuration":[],"image_scanning_configuration":[{}],"tags_all":{}}}},{"address":"module.ci_cd.aws_ecr_repository.worker","module_address":"module.ci_cd","mode":"managed","type":"aws_ecr_repository","name":"worker","provider_name":"registry.terraform.io/hashicorp/aws","change":{"actions":["create"],"before":null,"after":{"encryption_configuration":[],"force_delete":null,"image_scanning_configuration":[{"scan_on_push":true}],"image_tag_mutability":"MUTABLE","name":"twenty-worker","region":"ap-northeast-1","tags":null,"timeouts":null},"after_unknown":{"arn":true,"encryption_configuration":[],"id":true,"image_scanning_configuration":[{}],"registry_id":true,"repository_url":true,"tags_all":true},"before_sensitive":false,"after_sensitive":{"encryption_configuration":[],"image_scanning_configuration":[{}],"tags_all":{}}}},{"address":"module.ci_cd.aws_iam_role.codebuild","module_address":"module.ci_cd","mode":"managed","type":"aws_iam_role","name":"codebuild","provider_name":"registry.terraform.io/hashicorp/aws","change":{"actions":["create"],"before":null,"after":{"assume_role_policy":"{\"Statement\":[{\"Action\":\"sts:AssumeRole\",\"Effect\":\"Allow\",\"Principal\":{\"Service\":\"codebuild.amazonaws.com\"}}],\"Version\":\"2012-10-17\"}","description":null,"force_detach_policies":false,"max_session_duration":3600,"name":"crm-codebuild-role","path":"/","permissions_boundary":null,"tags":null},"after_unknown":{"arn":true,"create_date":true,"id":true,"inline_policy":true,"managed_policy_arns":true,"name_prefix":true,"tags_all":true,"unique_id":true},"before_sensitive":false,"after_sensitive":{"inline_policy":[],"managed_policy_arns":[],"tags_all":{}},"after_identity":{"account_id":null,"name":null}}},{"address":"module.ci_cd.aws_iam_role.codepipeline","module_address":"module.ci_cd","mode":"managed","type":"aws_iam_role","name":"codepipeline","provider_name":"registry.terraform.io/hashicorp/aws","change":{"actions":["create"],"before":null,"after":{"assume_role_policy":"{\"Statement\":[{\"Action\":\"sts:AssumeRole\",\"Effect\":\"Allow\",\"Principal\":{\"Service\":\"codepipeline.amazonaws.com\"}}],\"Version\":\"2012-10-17\"}","description":null,"force_detach_policies":false,"max_session_duration":3600,"name":"crm-codepipeline-role","path":"/","permissions_boundary":null,"tags":null},"after_unknown":{"arn":true,"create_date":true,"id":true,"inline_policy":true,"managed_policy_arns":true,"name_prefix":true,"tags_all":true,"unique_id":true},"before_sensitive":false,"after_sensitive":{"inline_policy":[],"managed_policy_arns":[],"tags_all":{}},"after_identity":{"account_id":null,"name":null}}},{"address":"module.ci_cd.aws_iam_role_policy.codebuild","module_address":"module.ci_cd","mode":"managed","type":"aws_iam_role_policy","name":"codebuild","provider_name":"registry.terraform.io/hashicorp/aws","change":{"actions":["create"],"before":null,"after":{"role":"crm-codebuild-role"},"after_unknown":{"id":true,"name":true,"name_prefix":true,"policy":true},"before_sensitive":false,"after_sensitive":{},"after_identity":{"account_id":null,"name":null,"role":null}}},{"address":"module.ci_cd.aws_iam_role_policy.codepipeline","module_address":"module.ci_cd","mode":"managed","type":"aws_iam_role_policy","name":"codepipeline","provider_name":"registry.terraform.io/hashicorp/aws","change":{"actions":["create"],"before":null,"after":{"role":"crm-codepipeline-role"},"after_unknown":{"id":true,"name":true,"name_prefix":true,"policy":true},"before_sensitive":false,"after_sensitive":{},"after_identity":{"account_id":null,"name":null,"role":null}}},{"address":"module.ci_cd.aws_s3_bucket.artifacts","module_address":"module.ci_cd","mode":"managed","type":"aws_s3_bucket","name":"artifacts","provider_name":"registry.terraform.io/hashicorp/aws","change":{"actions":["create"],"before":null,"after":{"bucket":"crm-prod-deployment-artifacts","force_destroy":true,"region":"ap-northeast-1","tags":null,"timeouts":null},"after_unknown":{"acceleration_status":true,"acl":true,"arn":true,"bucket_domain_name":true,"bucket_prefix":true,"bucket_region":true,"bucket_regional_domain_name":true,"cors_rule":true,"grant":true,"hosted_zone_id":true,"id":true,"lifecycle_rule":true,"logging":true,"object_lock_configuration":true,"object_lock_enabled":true,"policy":true,"replication_configuration":true,"request_payer":true,"server_side_encryption_configuration":true,"tags_all":true,"versioning":true,"website":true,"website_domain":true,"website_endpoint":true},"before_sensitive":false,"after_sensitive":{"cors_rule":[],"grant":[],"lifecycle_rule":[],"logging":[],"object_lock_configuration":[],"replication_configuration":[],"server_side_encryption_configuration":[],"tags_all":{},"versioning":[],"website":[]},"after_identity":{"account_id":null,"bucket":null,"region":null}}},{"address":"module.ci_cd.aws_s3_bucket_acl.artifacts","module_address":"module.ci_cd","mode":"managed","type":"aws_s3_bucket_acl","name":"artifacts","provider_name":"registry.terraform.io/hashicorp/aws","change":{"actions":["create"],"before":null,"after":{"acl":"private","expected_bucket_owner":null,"region":"ap-northeast-1"},"after_unknown":{"access_control_policy":true,"bucket":true,"id":true},"before_sensitive":false,"after_sensitive":{"access_control_policy":[]}}},{"address":"module.compute.aws_appautoscaling_policy.server_scale_cpu","module_address":"module.compute","mode":"managed","type":"aws_appautoscaling_policy","name":"server_scale_cpu","provider_name":"registry.terraform.io/hashicorp/aws","change":{"actions":["create"],"before":null,"after":{"name":"server-scale-cpu","policy_type":"TargetTrackingScaling","region":"ap-northeast-1","resource_id":"service/crm-cluster/twenty-server","scalable_dimension":"ecs:service:DesiredCount","service_namespace":"ecs","step_scaling_policy_configuration":[],"target_tracking_scaling_policy_configuration":[{"customized_metric_specification":[],"disable_scale_in":false,"predefined_metric_specification":[{"predefined_metric_type":"ECSServiceAverageCPUUtilization","resource_label":null}],"scale_in_cooldown":null,"scale_out_cooldown":null,"target_value":70}]},"after_unknown":{"alarm_arns":true,"arn":true,"id":true,"step_scaling_policy_configuration":[],"target_tracking_scaling_policy_configuration":[{"customized_metric_specification":[],"predefined_metric_specification":[{}]}]},"before_sensitive":false,"after_sensitive":{"alarm_arns":[],"step_scaling_policy_configuration":[],"target_tracking_scaling_policy_configuration":[{"customized_metric_specification":[],"predefined_metric_specification":[{}]}]}}},{"address":"module.compute.aws_appautoscaling_target.server_scale","module_address":"module.compute","mode":"managed","type":"aws_appautoscaling_target","name":"server_scale","provider_name":"registry.terraform.io/hashicorp/aws","change":{"actions":["create"],"before":null,"after":{"max_capacity":10,"min_capacity":2,"region":"ap-northeast-1","resource_id":"service/crm-cluster/twenty-server","scalable_dimension":"ecs:service:DesiredCount","service_namespace":"ecs","tags":null},"after_unknown":{"arn":true,"id":true,"role_arn":true,"suspended_state":true,"tags_all":true},"before_sensitive":false,"after_sensitive":{"suspended_state":[],"tags_all":{}}}},{"address":"module.compute.aws_cloudwatch_log_group.main","module_address":"module.compute","mode":"managed","type":"aws_cloudwatch_log_group","name":"main","provider_name":"registry.terraform.io/hashicorp/aws","change":{"actions":["create"],"before":null,"after":{"name":"/ecs/crm-app","region":"ap-northeast-1","retention_in_days":30,"skip_destroy":false,"tags":null},"after_unknown":{"arn":true,"id":true,"kms_key_id":true,"log_group_class":true,"name_prefix":true,"tags_all":true},"before_sensitive":false,"after_sensitive":{"tags_all":{}}}},{"address":"module.compute.aws_ecs_cluster.main","module_address":"module.compute","mode":"managed","type":"aws_ecs_cluster","name":"main","provider_name":"registry.terraform.io/hashicorp/aws","change":{"actions":["create"],"before":null,"after":{"configuration":[],"name":"crm-cluster","region":"ap-northeast-1","service_connect_defaults":[],"setting":[{"name":"containerInsights","value":"enabled"}],"tags":null},"after_unknown":{"arn":true,"configuration":[],"id":true,"service_connect_defaults":[],"setting":[{}],"tags_all":true},"before_sensitive":false,"after_sensitive":{"configuration":[],"service_connect_defaults":[],"setting":[{}],"tags_all":{}}}},{"address":"module.compute.aws_ecs_service.server","module_address":"module.compute","mode":"managed","type":"aws_ecs_service","name":"server","provider_name":"registry.terraform.io/hashicorp/aws","change":{"actions":["create"],"before":null,"after":{"alarms":[],"availability_zone_rebalancing":"DISABLED","capacity_provider_strategy":[],"deployment_circuit_breaker":[],"deployment_controller":[{"type":"CODE_DEPLOY"}],"deployment_maximum_percent":200,"deployment_minimum_healthy_percent":100,"desired_count":2,"enable_ecs_managed_tags":false,"enable_execute_command":false,"force_delete":null,"force_new_deployment":null,"health_check_grace_period_seconds":null,"launch_type":"FARGATE","load_balancer":[{"container_name":"twenty-server","container_port":3000,"elb_name":""}],"name":"twenty-server","network_configuration":[{"assign_public_ip":false}],"ordered_placement_strategy":[],"placement_constraints":[],"propagate_tags":null,"region":"ap-northeast-1","scheduling_strategy":"REPLICA","service_connect_configuration":[],"service_registries":[],"tags":null,"timeouts":null,"volume_configuration":[],"vpc_lattice_configurations":[],"wait_for_steady_state":false},"after_unknown":{"alarms":[],"arn":true,"capacity_provider_strategy":[],"cluster":true,"deployment_circuit_breaker":[],"deployment_controller":[{}],"iam_role":true,"id":true,"load_balancer":[{"target_group_arn":true}],"network_configuration":[{"security_groups":true,"subnets":true}],"ordered_placement_strategy":[],"placement_constraints":[],"platform_version":true,"service_connect_configuration":[],"service_registries":[],"tags_all":true,"task_definition":true,"triggers":true,"volume_configuration":[],"vpc_lattice_configurations":[]},"before_sensitive":false,"after_sensitive":{"alarms":[],"capacity_provider_strategy":[],"deployment_circuit_breaker":[],"deployment_controller":[{}],"load_balancer":[{}],"network_configuration":[{"security_groups":[],"subnets":[]}],"ordered_placement_strategy":[],"placement_constraints":[],"service_connect_configuration":[],"service_registries":[],"tags_all":{},"triggers":{},"volume_configuration":[],"vpc_lattice_configurations":[]}}},{"address":"module.compute.aws_ecs_service.worker","module_address":"module.compute","mode":"managed","type":"aws_ecs_service","name":"worker","provider_name":"registry.terraform.io/hashicorp/aws","change":{"actions":["create"],"before":null,"after":{"alarms":[],"availability_zone_rebalancing":"DISABLED","capacity_provider_strategy":[],"deployment_circuit_breaker":[],"deployment_controller":[],"deployment_maximum_percent":200,"deployment_minimum_healthy_percent":100,"desired_count":1,"enable_ecs_managed_tags":false,"enable_execute_command":false,"force_delete":null,"force_new_deployment":null,"health_check_grace_period_seconds":null,"launch_type":"FARGATE","load_balancer":[],"name":"twenty-worker","network_configuration":[{"assign_public_ip":false}],"ordered_placement_strategy":[],"placement_constraints":[],"propagate_tags":null,"region":"ap-northeast-1","scheduling_strategy":"REPLICA","service_connect_configuration":[],"service_registries":[],"tags":null,"timeouts":null,"volume_configuration":[],"vpc_lattice_configurations":[],"wait_for_steady_state":false},"after_unknown":{"alarms":[],"arn":true,"capacity_provider_strategy":[],"cluster":true,"deployment_circuit_breaker":[],"deployment_controller":[],"iam_role":true,"id":true,"load_balancer":[],"network_configuration":[{"security_groups":true,"subnets":true}],"ordered_placement_strategy":[],"placement_constraints":[],"platform_version":true,"service_connect_configuration":[],"service_registries":[],"tags_all":true,"task_definition":true,"triggers":true,"volume_configuration":[],"vpc_lattice_configurations":[]},"before_sensitive":false,"after_sensitive":{"alarms":[],"capacity_provider_strategy":[],"deployment_circuit_breaker":[],"deployment_controller":[],"load_balancer":[],"network_configuration":[{"security_groups":[],"subnets":[]}],"ordered_placement_strategy":[],"placement_constraints":[],"service_connect_configuration":[],"service_registries":[],"tags_all":{},"triggers":{},"volume_configuration":[],"vpc_lattice_configurations":[]}}},{"address":"module.compute.aws_ecs_task_definition.server","module_address":"module.compute","mode":"managed","type":"aws_ecs_task_definition","name":"server","provider_name":"registry.terraform.io/hashicorp/aws","change":{"actions":["create"],"before":null,"after":{"cpu":"512","ephemeral_storage":[],"family":"twenty-server","ipc_mode":null,"memory":"1024","network_mode":"awsvpc","pid_mode":null,"placement_constraints":[],"proxy_configuration":[],"region":"ap-northeast-1","requires_compatibilities":["FARGATE"],"runtime_platform":[],"skip_destroy":false,"tags":null,"track_latest":false,"volume":[]},"after_unknown":{"arn":true,"arn_without_revision":true,"container_definitions":true,"enable_fault_injection":true,"ephemeral_storage":[],"execution_role_arn":true,"id":true,"placement_constraints":[],"proxy_configuration":[],"requires_compatibilities":[false],"revision":true,"runtime_platform":[],"tags_all":true,"task_role_arn":true,"volume":[]},"before_sensitive":false,"after_sensitive":{"ephemeral_storage":[],"placement_constraints":[],"proxy_configuration":[],"requires_compatibilities":[false],"runtime_platform":[],"tags_all":{},"volume":[]}}},{"address":"module.compute.aws_ecs_task_definition.worker","module_address":"module.compute","mode":"managed","type":"aws_ecs_task_definition","name":"worker","provider_name":"registry.terraform.io/hashicorp/aws","change":{"actions":["create"],"before":null,"after":{"cpu":"256","ephemeral_storage":[],"family":"twenty-worker","ipc_mode":null,"memory":"512","network_mode":"awsvpc","pid_mode":null,"placement_constraints":[],"proxy_configuration":[],"region":"ap-northeast-1","requires_compatibilities":["FARGATE"],"runtime_platform":[],"skip_destroy":false,"tags":null,"track_latest":false,"volume":[]},"after_unknown":{"arn":true,"arn_without_revision":true,"container_definitions":true,"enable_fault_injection":true,"ephemeral_storage":[],"execution_role_arn":true,"id":true,"placement_constraints":[],"proxy_configuration":[],"requires_compatibilities":[false],"revision":true,"runtime_platform":[],"tags_all":true,"task_role_arn":true,"volume":[]},"before_sensitive":false,"after_sensitive":{"ephemeral_storage":[],"placement_constraints":[],"proxy_configuration":[],"requires_compatibilities":[false],"runtime_platform":[],"tags_all":{},"volume":[]}}},{"address":"module.cost.data.aws_iam_policy_document.events_to_sns","module_address":"module.cost","mode":"data","type":"aws_iam_policy_document","name":"events_to_sns","provider_name":"registry.terraform.io/hashicorp/aws","change":{"actions":["read"],"before":null,"after":{"override_json":null,"override_policy_documents":null,"policy_id":null,"source_json":null,"source_policy_documents":null,"statement":[{"actions":["sns:Publish"],"condition":[{"test":"ArnEquals","values":[null],"variable":"aws:SourceArn"}],"effect":"Allow","not_actions":null,"not_principals":[],"not_resources":null,"principals":[{"identifiers":["events.amazonaws.com"],"type":"Service"}],"resources":[null],"sid":null}],"version":null},"after_unknown":{"id":true,"json":true,"minified_json":true,"statement":[{"actions":[false],"condition":[{"values":[true]}],"not_principals":[],"principals":[{"identifiers":[false]}],"resources":[true]}]},"before_sensitive":false,"after_sensitive":{"statement":[{"actions":[false],"condition":[{"values":[false]}],"not_principals":[],"principals":[{"identifiers":[false]}],"resources":[false]}]}},"action_reason":"read_because_config_unknown"},{"address":"module.cost.aws_budgets_budget.monthly","module_address":"module.cost","mode":"managed","type":"aws_budgets_budget","name":"monthly","provider_name":"registry.terraform.io/hashicorp/aws","change":{"actions":["create"],"before":null,"after":{"auto_adjust_data":[],"budget_type":"COST","cost_types":[{"include_credit":true,"include_discount":true,"include_other_subscription":true,"include_recurring":true,"include_refund":true,"include_subscription":true,"include_support":true,"include_tax":true,"include_upfront":true,"use_amortized":false,"use_blended":false}],"limit_amount":"1000000","limit_unit":"JPY","name":"crm-prod-monthly-budget","notification":[{"comparison_operator":"GREATER_THAN","notification_type":"ACTUAL","subscriber_email_addresses":["alerts@example.com"],"subscriber_sns_topic_arns":[],"threshold":80,"threshold_type":"PERCENTAGE"}],"planned_limit":[],"tags":null,"time_period_end":"2087-06-15_00:00","time_unit":"MONTHLY"},"after_unknown":{"account_id":true,"arn":true,"auto_adjust_data":[],"cost_filter":true,"cost_types":[{}],"id":true,"name_prefix":true,"notification":[{"subscriber_email_addresses":[false],"subscriber_sns_topic_arns":[]}],"planned_limit":[],"tags_all":true,"time_period_start":true},"before_sensitive":false,"after_sensitive":{"auto_adjust_data":[],"cost_filter":[],"cost_types":[{}],"notification":[{"subscriber_email_addresses":[false],"subscriber_sns_topic_arns":[]}],"planned_limit":[],"tags_all":{}}}},{"address":"module.cost.aws_cloudwatch_event_rule.cost_anomaly","module_address":"module.cost","mode":"managed","type":"aws_cloudwatch_event_rule","name":"cost_anomaly","provider_name":"registry.terraform.io/hashicorp/aws","change":{"actions":["create"],"before":null,"after":{"description":null,"event_bus_name":"default","event_pattern":"{\"detail-type\":[\"Cost Anomaly Detection Notification\"],\"source\":[\"aws.costexplorer\"]}","force_destroy":false,"is_enabled":null,"name":"crm-prod-cost-anomaly-rule","region":"ap-northeast-1","role_arn":null,"schedule_expression":null,"state":null,"tags":null},"after_unknown":{"arn":true,"id":true,"name_prefix":true,"tags_all":true},"before_sensitive":false,"after_sensitive":{"tags_all":{}}}},{"address":"module.cost.aws_cloudwatch_event_target.cost_anomaly_to_sns","module_address":"module.cost","mode":"managed","type":"aws_cloudwatch_event_target","name":"cost_anomaly_to_sns","provider_name":"registry.terraform.io/hashicorp/aws","change":{"actions":["create"],"before":null,"after":{"appsync_target":[],"batch_target":[],"dead_letter_config":[],"ecs_target":[],"event_bus_name":"default","force_destroy":false,"http_target":[],"input":null,"input_path":null,"input_transformer":[],"kinesis_target":[],"redshift_target":[],"region":"ap-northeast-1","retry_policy":[],"role_arn":null,"rule":"crm-prod-cost-anomaly-rule","run_command_targets":[],"sagemaker_pipeline_target":[],"sqs_target":[]},"after_unknown":{"appsync_target":[],"arn":true,"batch_target":[],"dead_letter_config":[],"ecs_target":[],"http_target":[],"id":true,"input_transformer":[],"kinesis_target":[],"redshift_target":[],"retry_policy":[],"run_command_targets":[],"sagemaker_pipeline_target":[],"sqs_target":[],"target_id":true},"before_sensitive":false,"after_sensitive":{"appsync_target":[],"batch_target":[],"dead_letter_config":[],"ecs_target":[],"http_target":[],"input_transformer":[],"kinesis_target":[],"redshift_target":[],"retry_policy":[],"run_command_targets":[],"sagemaker_pipeline_target":[],"sqs_target":[]}}},{"address":"module.cost.aws_cur_report_definition.daily","module_address":"module.cost","mode":"managed","type":"aws_cur_report_definition","name":"daily","provider_name":"registry.terraform.io/hashicorp/aws","change":{"actions":["create"],"before":null,"after":{"additional_artifacts":null,"additional_schema_elements":["RESOURCES"],"compression":"GZIP","format":"textORcsv","refresh_closed_reports":true,"report_name":"crm-prod-daily-cur","report_versioning":"CREATE_NEW_REPORT","s3_bucket":"my-crm-cur-bucket","s3_prefix":"cur-reports/","s3_region":"ap-northeast-1","tags":null,"time_unit":"DAILY"},"after_unknown":{"additional_schema_elements":[false],"arn":true,"id":true,"tags_all":true},"before_sensitive":false,"after_sensitive":{"additional_schema_elements":[false],"tags_all":{}}}},{"address":"module.cost.aws_s3_bucket.cur","module_address":"module.cost","mode":"managed","type":"aws_s3_bucket","name":"cur","provider_name":"registry.terraform.io/hashicorp/aws","change":{"actions":["create"],"before":null,"after":{"bucket":"my-crm-cur-bucket","force_destroy":true,"region":"ap-northeast-1","tags":null,"timeouts":null},"after_unknown":{"acceleration_status":true,"acl":true,"arn":true,"bucket_domain_name":true,"bucket_prefix":true,"bucket_region":true,"bucket_regional_domain_name":true,"cors_rule":true,"grant":true,"hosted_zone_id":true,"id":true,"lifecycle_rule":true,"logging":true,"object_lock_configuration":true,"object_lock_enabled":true,"policy":true,"replication_configuration":true,"request_payer":true,"server_side_encryption_configuration":true,"tags_all":true,"versioning":true,"website":true,"website_domain":true,"website_endpoint":true},"before_sensitive":false,"after_sensitive":{"cors_rule":[],"grant":[],"lifecycle_rule":[],"logging":[],"object_lock_configuration":[],"replication_configuration":[],"server_side_encryption_configuration":[],"tags_all":{},"versioning":[],"website":[]},"after_identity":{"account_id":null,"bucket":null,"region":null}}},{"address":"module.cost.aws_s3_bucket_lifecycle_configuration.cur","module_address":"module.cost","mode":"managed","type":"aws_s3_bucket_lifecycle_configuration","name":"cur","provider_name":"registry.terraform.io/hashicorp/aws","change":{"actions":["create"],"before":null,"after":{"region":"ap-northeast-1","rule":[{"abort_incomplete_multipart_upload":[],"expiration":[{"date":null,"days":365,"expired_object_delete_marker":false}],"filter":[{"and":[],"object_size_greater_than":null,"object_size_less_than":null,"prefix":"","tag":[]}],"id":"expire-old-cur","noncurrent_version_expiration":[],"noncurrent_version_transition":[],"prefix":"","status":"Enabled","transition":[]}],"timeouts":null,"transition_default_minimum_object_size":"all_storage_classes_128K"},"after_unknown":{"bucket":true,"expected_bucket_owner":true,"id":true,"rule":[{"abort_incomplete_multipart_upload":[],"expiration":[{}],"filter":[{"and":[],"tag":[]}],"noncurrent_version_expiration":[],"noncurrent_version_transition":[],"transition":[]}]},"before_sensitive":false,"after_sensitive":{"rule":[{"abort_incomplete_multipart_upload":[],"expiration":[{}],"filter":[{"and":[],"tag":[]}],"noncurrent_version_expiration":[],"noncurrent_version_transition":[],"transition":[]}]}}},{"address":"module.cost.aws_s3_bucket_versioning.cur","module_address":"module.cost","mode":"managed","type":"aws_s3_bucket_versioning","name":"cur","provider_name":"registry.terraform.io/hashicorp/aws","change":{"actions":["create"],"before":null,"after":{"expected_bucket_owner":null,"mfa":null,"region":"ap-northeast-1","versioning_configuration":[{"status":"Enabled"}]},"after_unknown":{"bucket":true,"id":true,"versioning_configuration":[{"mfa_delete":true}]},"before_sensitive":false,"after_sensitive":{"versioning_configuration":[{}]}}},{"address":"module.cost.aws_sns_topic.cost_alerts","module_address":"module.cost","mode":"managed","type":"aws_sns_topic","name":"cost_alerts","provider_name":"registry.terraform.io/hashicorp/aws","change":{"actions":["create"],"before":null,"after":{"application_failure_feedback_role_arn":null,"application_success_feedback_role_arn":null,"application_success_feedback_sample_rate":null,"archive_policy":null,"content_based_deduplication":false,"delivery_policy":null,"display_name":null,"fifo_topic":false,"firehose_failure_feedback_role_arn":null,"firehose_success_feedback_role_arn":null,"firehose_success_feedback_sample_rate":null,"http_failure_feedback_role_arn":null,"http_success_feedback_role_arn":null,"http_success_feedback_sample_rate":null,"kms_master_key_id":null,"lambda_failure_feedback_role_arn":null,"lambda_success_feedback_role_arn":null,"lambda_success_feedback_sample_rate":null,"name":"crm-prod-cost-alerts","region":"ap-northeast-1","sqs_failure_feedback_role_arn":null,"sqs_success_feedback_role_arn":null,"sqs_success_feedback_sample_rate":null,"tags":null},"after_unknown":{"arn":true,"beginning_archive_time":true,"fifo_throughput_scope":true,"id":true,"name_prefix":true,"owner":true,"policy":true,"signature_version":true,"tags_all":true,"tracing_config":true},"before_sensitive":false,"after_sensitive":{"tags_all":{}}}},{"address":"module.cost.aws_sns_topic_policy.cost_alerts_policy","module_address":"module.cost","mode":"managed","type":"aws_sns_topic_policy","name":"cost_alerts_policy","provider_name":"registry.terraform.io/hashicorp/aws","change":{"actions":["create"],"before":null,"after":{"region":"ap-northeast-1"},"after_unknown":{"arn":true,"id":true,"owner":true,"policy":true},"before_sensitive":false,"after_sensitive":{}}},{"address":"module.database.aws_db_instance.main","module_address":"module.database","mode":"managed","type":"aws_db_instance","name":"main","provider_name":"registry.terraform.io/hashicorp/aws","change":{"actions":["create"],"before":null,"after":{"allocated_storage":20,"allow_major_version_upgrade":null,"apply_immediately":true,"auto_minor_version_upgrade":true,"backup_retention_period":7,"backup_window":"03:00-06:00","blue_green_update":[],"copy_tags_to_snapshot":false,"custom_iam_instance_profile":null,"customer_owned_ip_enabled":null,"db_name":"twenty","db_subnet_group_name":"crm-db-subnet-group","dedicated_log_volume":false,"delete_automated_backups":true,"deletion_protection":null,"domain":null,"domain_auth_secret_arn":null,"domain_dns_ips":null,"domain_iam_role_name":null,"domain_ou":null,"enabled_cloudwatch_logs_exports":null,"engine":"postgres","engine_version":"15.5","final_snapshot_identifier":null,"iam_database_authentication_enabled":null,"identifier":"crm-db","instance_class":"db.t3.medium","maintenance_window":"mon:00:00-mon:03:00","manage_master_user_password":null,"max_allocated_storage":null,"monitoring_interval":0,"multi_az":true,"parameter_group_name":"crm-pg-15","password":"secure_db_password","password_wo":null,"password_wo_version":null,"performance_insights_enabled":false,"publicly_accessible":false,"region":"ap-northeast-1","replicate_source_db":null,"restore_to_point_in_time":[],"s3_import":[],"skip_final_snapshot":true,"storage_encrypted":true,"storage_type":"gp3","tags":{"Name":"crm-db"},"tags_all":{"Name":"crm-db"},"timeouts":null,"upgrade_storage_config":null,"username":"twenty_admin"},"after_unknown":{"address":true,"arn":true,"availability_zone":true,"backup_target":true,"blue_green_update":[],"ca_cert_identifier":true,"character_set_name":true,"database_insights_mode":true,"domain_fqdn":true,"endpoint":true,"engine_lifecycle_support":true,"engine_version_actual":true,"hosted_zone_id":true,"id":true,"identifier_prefix":true,"iops":true,"kms_key_id":true,"latest_restorable_time":true,"license_model":true,"listener_endpoint":true,"master_user_secret":true,"master_user_secret_kms_key_id":true,"monitoring_role_arn":true,"nchar_character_set_name":true,"network_type":true,"option_group_name":true,"performance_insights_kms_key_id":true,"performance_insights_retention_period":true,"port":true,"replica_mode":true,"replicas":true,"resource_id":true,"restore_to_point_in_time":[],"s3_import":[],"snapshot_identifier":true,"status":true,"storage_throughput":true,"tags":{},"tags_all":{},"timezone":true,"vpc_security_group_ids":true},"before_sensitive":false,"after_sensitive":{"blue_green_update":[],"listener_endpoint":[],"master_user_secret":[],"password":true,"password_wo":true,"replicas":[],"restore_to_point_in_time":[],"s3_import":[],"tags":{},"tags_all":{},"vpc_security_group_ids":[]}}},{"address":"module.database.aws_db_instance.replica","module_address":"module.database","mode":"managed","type":"aws_db_instance","name":"replica","provider_name":"registry.terraform.io/hashicorp/aws","change":{"actions":["create"],"before":null,"after":{"allow_major_version_upgrade":null,"apply_immediately":false,"auto_minor_version_upgrade":true,"blue_green_update":[],"copy_tags_to_snapshot":false,"custom_iam_instance_profile":null,"customer_owned_ip_enabled":null,"db_subnet_group_name":"crm-db-subnet-group","dedicated_log_volume":false,"delete_automated_backups":true,"deletion_protection":null,"domain":null,"domain_auth_secret_arn":null,"domain_dns_ips":null,"domain_iam_role_name":null,"domain_ou":null,"enabled_cloudwatch_logs_exports":null,"final_snapshot_identifier":null,"iam_database_authentication_enabled":null,"identifier":"crm-prod-db-replica","instance_class":"db.t3.medium","manage_master_user_password":null,"max_allocated_storage":null,"monitoring_interval":0,"password":null,"password_wo":null,"password_wo_version":null,"performance_insights_enabled":false,"publicly_accessible":false,"region":"ap-southeast-1","restore_to_point_in_time":[],"s3_import":[],"skip_final_snapshot":false,"storage_encrypted":true,"tags":{"Name":"crm-prod-db-replica"},"tags_all":{"Name":"crm-prod-db-replica"},"timeouts":null,"upgrade_storage_config":null,"vpc_security_group_ids":["sg-0123456789abcdef0"]},"after_unknown":{"address":true,"allocated_storage":true,"arn":true,"availability_zone":true,"backup_retention_period":true,"backup_target":true,"backup_window":true,"blue_green_update":[],"ca_cert_identifier":true,"character_set_name":true,"database_insights_mode":true,"db_name":true,"domain_fqdn":true,"endpoint":true,"engine":true,"engine_lifecycle_support":true,"engine_version":true,"engine_version_actual":true,"hosted_zone_id":true,"id":true,"identifier_prefix":true,"iops":true,"kms_key_id":true,"latest_restorable_time":true,"license_model":true,"listener_endpoint":true,"maintenance_window":true,"master_user_secret":true,"master_user_secret_kms_key_id":true,"monitoring_role_arn":true,"multi_az":true,"nchar_character_set_name":true,"network_type":true,"option_group_name":true,"parameter_group_name":true,"performance_insights_kms_key_id":true,"performance_insights_retention_period":true,"port":true,"replica_mode":true,"replicas":true,"replicate_source_db":true,"resource_id":true,"restore_to_point_in_time":[],"s3_import":[],"snapshot_identifier":true,"status":true,"storage_throughput":true,"storage_type":true,"tags":{},"tags_all":{},"timezone":true,"username":true,"vpc_security_group_ids":[false]},"before_sensitive":false,"after_sensitive":{"blue_green_update":[],"listener_endpoint":[],"master_user_secret":[],"password":true,"password_wo":true,"replicas":[],"restore_to_point_in_time":[],"s3_import":[],"tags":{},"tags_all":{},"vpc_security_group_ids":[false]}}},{"address":"module.database.aws_db_parameter_group.main","module_address":"module.database","mode":"managed","type":"aws_db_parameter_group","name":"main","provider_name":"registry.terraform.io/hashicorp/aws","change":{"actions":["create"],"before":null,"after":{"description":"Managed by Terraform","family":"postgres15","name":"crm-pg-15","parameter":[{"apply_method":"immediate","name":"log_min_duration_statement","value":"1000"},{"apply_method":"immediate","name":"log_statement","value":"all"}],"region":"ap-northeast-1","skip_destroy":false,"tags":null},"after_unknown":{"arn":true,"id":true,"name_prefix":true,"parameter":[{},{}],"tags_all":true},"before_sensitive":false,"after_sensitive":{"parameter":[{},{}],"tags_all":{}}}},{"address":"module.database.aws_db_subnet_group.main","module_address":"module.database","mode":"managed","type":"aws_db_subnet_group","name":"main","provider_name":"registry.terraform.io/hashicorp/aws","change":{"actions":["create"],"before":null,"after":{"description":"Managed by Terraform","name":"crm-db-subnet-group","region":"ap-northeast-1","tags":{"Name":"crm-db-subnet-group"},"tags_all":{"Name":"crm-db-subnet-group"}},"after_unknown":{"arn":true,"id":true,"name_prefix":true,"subnet_ids":true,"supported_network_types":true,"tags":{},"tags_all":{},"vpc_id":true},"before_sensitive":false,"after_sensitive":{"subnet_ids":[],"supported_network_types":[],"tags":{},"tags_all":{}}}},{"address":"module.edge.aws_cloudfront_distribution.crm","module_address":"module.edge","mode":"managed","type":"aws_cloudfront_distribution","name":"crm","provider_name":"registry.terraform.io/hashicorp/aws","change":{"actions":["create"],"before":null,"after":{"aliases":["crm.example.com"],"comment":null,"custom_error_response":[],"default_cache_behavior":[{"allowed_methods":["DELETE","GET","HEAD","OPTIONS","PATCH","POST","PUT"],"cache_policy_id":null,"cached_methods":["GET","HEAD"],"compress":true,"default_ttl":3600,"field_level_encryption_id":null,"forwarded_values":[{"cookies":[{"forward":"all"}],"headers":["*"],"query_string":true}],"function_association":[],"lambda_function_association":[],"max_ttl":86400,"min_ttl":0,"origin_request_policy_id":null,"realtime_log_config_arn":null,"response_headers_policy_id":null,"smooth_streaming":null,"target_origin_id":"alb-origin","viewer_protocol_policy":"redirect-to-https"}],"default_root_object":"index.html","enabled":true,"http_version":"http2","is_ipv6_enabled":false,"logging_config":[],"ordered_cache_behavior":[],"origin":[{"connection_attempts":3,"connection_timeout":10,"custom_header":[],"custom_origin_config":[{"http_port":80,"https_port":443,"origin_keepalive_timeout":5,"origin_protocol_policy":"https-only","origin_read_timeout":30,"origin_ssl_protocols":["TLSv1.2"]}],"origin_access_control_id":"","origin_id":"alb-origin","origin_path":"","origin_shield":[],"s3_origin_config":[],"vpc_origin_config":[]}],"origin_group":[],"price_class":"PriceClass_100","restrictions":[{"geo_restriction":[{"restriction_type":"none"}]}],"retain_on_delete":false,"staging":false,"tags":null,"viewer_certificate":[{"acm_certificate_arn":"arn:aws:acm:ap-northeast-1:123456789012:certificate/abcd1234","cloudfront_default_certificate":false,"iam_certificate_id":null,"minimum_protocol_version":"TLSv1.2_2021","ssl_support_method":"sni-only"}],"wait_for_deployment":true},"after_unknown":{"aliases":[false],"arn":true,"caller_reference":true,"continuous_deployment_policy_id":true,"custom_error_response":[],"default_cache_behavior":[{"allowed_methods":[false,false,false,false,false,false,false],"cached_methods":[false,false],"forwarded_values":[{"cookies":[{"whitelisted_names":true}],"headers":[false],"query_string_cache_keys":true}],"function_association":[],"grpc_config":true,"lambda_function_association":[],"trusted_key_groups":true,"trusted_signers":true}],"domain_name":true,"etag":true,"hosted_zone_id":true,"id":true,"in_progress_validation_batches":true,"last_modified_time":true,"logging_config":[],"ordered_cache_behavior":[],"origin":[{"custom_header":[],"custom_origin_config":[{"origin_ssl_protocols":[false]}],"domain_name":true,"origin_shield":[],"s3_origin_config":[],"vpc_origin_config":[]}],"origin_group":[],"restrictions":[{"geo_restriction":[{"locations":true}]}],"status":true,"tags_all":true,"trusted_key_groups":true,"trusted_signers":true,"viewer_certificate":[{}],"web_acl_id":true},"before_sensitive":false,"after_sensitive":{"aliases":[false],"custom_error_response":[],"default_cache_behavior":[{"allowed_methods":[false,false,false,false,false,false,false],"cached_methods":[false,false],"forwarded_values":[{"cookies":[{"whitelisted_names":[]}],"headers":[false],"query_string_cache_keys":[]}],"function_association":[],"grpc_config":[],"lambda_function_association":[],"trusted_key_groups":[],"trusted_signers":[]}],"logging_config":[],"ordered_cache_behavior":[],"origin":[{"custom_header":[],"custom_origin_config":[{"origin_ssl_protocols":[false]}],"origin_shield":[],"s3_origin_config":[],"vpc_origin_config":[]}],"origin_group":[],"restrictions":[{"geo_restriction":[{"locations":[]}]}],"tags_all":{},"trusted_key_groups":[],"trusted_signers":[],"viewer_certificate":[{}]}}},{"address":"module.edge.aws_route53_record.crm","module_address":"module.edge","mode":"managed","type":"aws_route53_record","name":"crm","provider_name":"registry.terraform.io/hashicorp/aws","change":{"actions":["create"],"before":null,"after":{"alias":[{"evaluate_target_health":true}],"cidr_routing_policy":[],"failover_routing_policy":[],"geolocation_routing_policy":[],"geoproximity_routing_policy":[],"health_check_id":null,"latency_routing_policy":[],"multivalue_answer_routing_policy":null,"name":"crm.example.com","records":null,"set_identifier":null,"timeouts":null,"ttl":null,"type":"A","weighted_routing_policy":[]},"after_unknown":{"alias":[{"name":true,"zone_id":true}],"allow_overwrite":true,"cidr_routing_policy":[],"failover_routing_policy":[],"fqdn":true,"geolocation_routing_policy":[],"geoproximity_routing_policy":[],"id":true,"latency_routing_policy":[],"weighted_routing_policy":[],"zone_id":true},"before_sensitive":false,"after_sensitive":{"alias":[{}],"cidr_routing_policy":[],"failover_routing_policy":[],"geolocation_routing_policy":[],"geoproximity_routing_policy":[],"latency_routing_policy":[],"weighted_routing_policy":[]}}},{"address":"module.edge.aws_route53_zone.main","module_address":"module.edge","mode":"managed","type":"aws_route53_zone","name":"main","provider_name":"registry.terraform.io/hashicorp/aws","change":{"actions":["create"],"before":null,"after":{"comment":"Managed by Terraform","delegation_set_id":null,"force_destroy":false,"name":"crm.example.com","tags":null,"timeouts":null,"vpc":[]},"after_unknown":{"arn":true,"id":true,"name_servers":true,"primary_name_server":true,"tags_all":true,"vpc":[],"zone_id":true},"before_sensitive":false,"after_sensitive":{"name_servers":[],"tags_all":{},"vpc":[]}}},{"address":"module.failover.aws_cloudwatch_event_rule.rds_failover","module_address":"module.failover","mode":"managed","type":"aws_cloudwatch_event_rule","name":"rds_failover","provider_name":"registry.terraform.io/hashicorp/aws","change":{"actions":["create"],"before":null,"after":{"description":null,"event_bus_name":"default","force_destroy":false,"is_enabled":null,"name":"crm-prod-rds-failover","region":"ap-northeast-1","role_arn":null,"schedule_expression":null,"state":null,"tags":null},"after_unknown":{"arn":true,"event_pattern":true,"id":true,"name_prefix":true,"tags_all":true},"before_sensitive":false,"after_sensitive":{"tags_all":{}}}},{"address":"module.failover.aws_cloudwatch_event_target.to_lambda","module_address":"module.failover","mode":"managed","type":"aws_cloudwatch_event_target","name":"to_lambda","provider_name":"registry.terraform.io/hashicorp/aws","change":{"actions":["create"],"before":null,"after":{"appsync_target":[],"batch_target":[],"dead_letter_config":[],"ecs_target":[],"event_bus_name":"default","force_destroy":false,"http_target":[],"input":null,"input_path":null,"input_transformer":[],"kinesis_target":[],"redshift_target":[],"region":"ap-northeast-1","retry_policy":[],"role_arn":null,"rule":"crm-prod-rds-failover","run_command_targets":[],"sagemaker_pipeline_target":[],"sqs_target":[]},"after_unknown":{"appsync_target":[],"arn":true,"batch_target":[],"dead_letter_config":[],"ecs_target":[],"http_target":[],"id":true,"input_transformer":[],"kinesis_target":[],"redshift_target":[],"retry_policy":[],"run_command_targets":[],"sagemaker_pipeline_target":[],"sqs_target":[],"target_id":true},"before_sensitive":false,"after_sensitive":{"appsync_target":[],"batch_target":[],"dead_letter_config":[],"ecs_target":[],"http_target":[],"input_transformer":[],"kinesis_target":[],"redshift_target":[],"retry_policy":[],"run_command_targets":[],"sagemaker_pipeline_target":[],"sqs_target":[]}}},{"address":"module.failover.aws_iam_policy.promote_policy","module_address":"module.failover","mode":"managed","type":"aws_iam_policy","name":"promote_policy","provider_name":"registry.terraform.io/hashicorp/aws","change":{"actions":["create"],"before":null,"after":{"description":null,"name":"crm-prod-promote-replica","path":"/","tags":null},"after_unknown":{"arn":true,"attachment_count":true,"id":true,"name_prefix":true,"policy":true,"policy_id":true,"tags_all":true},"before_sensitive":false,"after_sensitive":{"tags_all":{}}}},{"address":"module.failover.aws_iam_role.promote_role","module_address":"module.failover","mode":"managed","type":"aws_iam_role","name":"promote_role","provider_name":"registry.terraform.io/hashicorp/aws","change":{"actions":["create"],"before":null,"after":{"assume_role_policy":"{\"Statement\":[{\"Action\":\"sts:AssumeRole\",\"Effect\":\"Allow\",\"Principal\":{\"Service\":\"lambda.amazonaws.com\"}}],\"Version\":\"2012-10-17\"}","description":null,"force_detach_policies":false,"max_session_duration":3600,"name":"crm-prod-promote-replica-role","path":"/","permissions_boundary":null,"tags":null},"after_unknown":{"arn":true,"create_date":true,"id":true,"inline_policy":true,"managed_policy_arns":true,"name_prefix":true,"tags_all":true,"unique_id":true},"before_sensitive":false,"after_sensitive":{"inline_policy":[],"managed_policy_arns":[],"tags_all":{}},"after_identity":{"account_id":null,"name":null}}},{"address":"module.failover.aws_iam_role_policy_attachment.attach_promote","module_address":"module.failover","mode":"managed","type":"aws_iam_role_policy_attachment","name":"attach_promote","provider_name":"registry.terraform.io/hashicorp/aws","change":{"actions":["create"],"before":null,"after":{"role":"crm-prod-promote-replica-role"},"after_unknown":{"id":true,"policy_arn":true},"before_sensitive":false,"after_sensitive":{},"after_identity":{"account_id":null,"policy_arn":null,"role":null}}},{"address":"module.failover.aws_lambda_function.promote","module_address":"module.failover","mode":"managed","type":"aws_lambda_function","name":"promote","provider_name":"registry.terraform.io/hashicorp/aws","change":{"actions":["create"],"before":null,"after":{"code_signing_config_arn":null,"dead_letter_config":[],"description":null,"environment":[{}],"file_system_config":[],"filename":null,"function_name":"crm-prod-promote-replica","handler":"index.handler","image_config":[],"image_uri":null,"kms_key_arn":null,"layers":null,"memory_size":128,"package_type":"Zip","publish":false,"region":"ap-northeast-1","replace_security_groups_on_destroy":null,"replacement_security_group_ids":null,"reserved_concurrent_executions":-1,"runtime":"nodejs18.x","s3_bucket":"my-deployed-lambda-bucket","s3_key":"dr/promote-replica.zip","s3_object_version":null,"skip_destroy":false,"snap_start":[],"tags":null,"timeout":3,"timeouts":null,"vpc_config":[]},"after_unknown":{"architectures":true,"arn":true,"code_sha256":true,"dead_letter_config":[],"environment":[{"variables":true}],"ephemeral_storage":true,"file_system_config":[],"id":true,"image_config":[],"invoke_arn":true,"last_modified":true,"logging_config":true,"qualified_arn":true,"qualified_invoke_arn":true,"role":true,"signing_job_arn":true,"signing_profile_version_arn":true,"snap_start":[],"source_code_hash":true,"source_code_size":true,"tags_all":true,"tracing_config":true,"version":true,"vpc_config":[]},"before_sensitive":false,"after_sensitive":{"architectures":[],"dead_letter_config":[],"environment":[{"variables":{}}],"ephemeral_storage":[],"file_system_config":[],"image_config":[],"logging_config":[],"snap_start":[],"tags_all":{},"tracing_config":[],"vpc_config":[]}}},{"address":"module.failover.aws_lambda_permission.allow_event","module_address":"module.failover","mode":"managed","type":"aws_lambda_permission","name":"allow_event","provider_name":"registry.terraform.io/hashicorp/aws","change":{"actions":["create"],"before":null,"after":{"action":"lambda:InvokeFunction","event_source_token":null,"function_name":"crm-prod-promote-replica","function_url_auth_type":null,"principal":"events.amazonaws.com","principal_org_id":null,"qualifier":null,"region":"ap-northeast-1","source_account":null,"statement_id":"AllowEvents"},"after_unknown":{"id":true,"source_arn":true,"statement_id_prefix":true},"before_sensitive":false,"after_sensitive":{}}},{"address":"module.monitoring.aws_cloudwatch_log_group.flow_logs","module_address":"module.monitoring","mode":"managed","type":"aws_cloudwatch_log_group","name":"flow_logs","provider_name":"registry.terraform.io/hashicorp/aws","change":{"actions":["create"],"before":null,"after":{"kms_key_id":null,"name":"/aws/vpc/flow-logs","region":"ap-northeast-1","retention_in_days":14,"skip_destroy":false,"tags":{"Name":"crm-flow-logs"},"tags_all":{"Name":"crm-flow-logs"}},"after_unknown":{"arn":true,"id":true,"log_group_class":true,"name_prefix":true,"tags":{},"tags_all":{}},"before_sensitive":false,"after_sensitive":{"tags":{},"tags_all":{}}}},{"address":"module.monitoring.aws_cloudwatch_metric_alarm.alb_5xx","module_address":"module.monitoring","mode":"managed","type":"aws_cloudwatch_metric_alarm","name":"alb_5xx","provider_name":"registry.terraform.io/hashicorp/aws","change":{"actions":["create"],"before":null,"after":{"actions_enabled":true,"alarm_description":null,"alarm_name":"crm-prod-deployment-alb-5xx","comparison_operator":"GreaterThanThreshold","datapoints_to_alarm":null,"evaluation_periods":1,"extended_statistic":null,"insufficient_data_actions":null,"metric_name":"HTTPCode_Target_5XX_Count","metric_query":[],"namespace":"AWS/ApplicationELB","ok_actions":null,"period":60,"region":"ap-northeast-1","statistic":"Sum","tags":null,"threshold":10,"threshold_metric_id":null,"treat_missing_data":"missing","unit":null},"after_unknown":{"alarm_actions":true,"arn":true,"dimensions":true,"evaluate_low_sample_count_percentiles":true,"id":true,"metric_query":[],"tags_all":true},"before_sensitive":false,"after_sensitive":{"alarm_actions":[],"dimensions":{},"metric_query":[],"tags_all":{}}}},{"address":"module.monitoring.aws_cloudwatch_metric_alarm.backup_failure","module_address":"module.monitoring","mode":"managed","type":"aws_cloudwatch_metric_alarm","name":"backup_failure","provider_name":"registry.terraform.io/hashicorp/aws","change":{"actions":["create"],"before":null,"after":{"actions_enabled":true,"alarm_description":"Detects failed backup jobs","alarm_name":"crm-prod-backup-failure","comparison_operator":"GreaterThanThreshold","datapoints_to_alarm":null,"dimensions":{"BackupVaultName":"crm-prod-backup-vault"},"evaluation_periods":1,"extended_statistic":null,"insufficient_data_actions":null,"metric_name":"NumberOfBackupJobsFailed","metric_query":[],"namespace":"AWS/Backup","ok_actions":null,"period":86400,"region":"ap-northeast-1","statistic":"Sum","tags":null,"threshold":0,"threshold_metric_id":null,"treat_missing_data":"missing","unit":null},"after_unknown":{"alarm_actions":true,"arn":true,"dimensions":{},"evaluate_low_sample_count_percentiles":true,"id":true,"metric_query":[],"tags_all":true},"before_sensitive":false,"after_sensitive":{"alarm_actions":[],"dimensions":{},"metric_query":[],"tags_all":{}}}},{"address":"module.monitoring.aws_cloudwatch_metric_alarm.ecs_cpu","module_address":"module.monitoring","mode":"managed","type":"aws_cloudwatch_metric_alarm","name":"ecs_cpu","provider_name":"registry.terraform.io/hashicorp/aws","change":{"actions":["create"],"before":null,"after":{"actions_enabled":true,"alarm_description":null,"alarm_name":"ecs-high-cpu","comparison_operator":"GreaterThanThreshold","datapoints_to_alarm":null,"dimensions":{"ClusterName":"crm-cluster","ServiceName":"twenty-server"},"evaluation_periods":2,"extended_statistic":null,"insufficient_data_actions":null,"metric_name":"CPUUtilization","metric_query":[],"namespace":"AWS/ECS","ok_actions":null,"period":300,"region":"ap-northeast-1","statistic":"Average","tags":null,"threshold":75,"threshold_metric_id":null,"treat_missing_data":"missing","unit":null},"after_unknown":{"alarm_actions":true,"arn":true,"dimensions":{},"evaluate_low_sample_count_percentiles":true,"id":true,"metric_query":[],"tags_all":true},"before_sensitive":false,"after_sensitive":{"alarm_actions":[],"dimensions":{},"metric_query":[],"tags_all":{}}}},{"address":"module.monitoring.aws_cloudwatch_metric_alarm.ecs_memory","module_address":"module.monitoring","mode":"managed","type":"aws_cloudwatch_metric_alarm","name":"ecs_memory","provider_name":"registry.terraform.io/hashicorp/aws","change":{"actions":["create"],"before":null,"after":{"actions_enabled":true,"alarm_description":null,"alarm_name":"ecs-high-memory","comparison_operator":"GreaterThanThreshold","datapoints_to_alarm":null,"dimensions":{"ClusterName":"crm-cluster","ServiceName":"twenty-server"},"evaluation_periods":2,"extended_statistic":null,"insufficient_data_actions":null,"metric_name":"MemoryUtilization","metric_query":[],"namespace":"AWS/ECS","ok_actions":null,"period":300,"region":"ap-northeast-1","statistic":"Average","tags":null,"threshold":80,"threshold_metric_id":null,"treat_missing_data":"missing","unit":null},"after_unknown":{"alarm_actions":true,"arn":true,"dimensions":{},"evaluate_low_sample_count_percentiles":true,"id":true,"metric_query":[],"tags_all":true},"before_sensitive":false,"after_sensitive":{"alarm_actions":[],"dimensions":{},"metric_query":[],"tags_all":{}}}},{"address":"module.monitoring.aws_cloudwatch_metric_alarm.rds_cpu","module_address":"module.monitoring","mode":"managed","type":"aws_cloudwatch_metric_alarm","name":"rds_cpu","provider_name":"registry.terraform.io/hashicorp/aws","change":{"actions":["create"],"before":null,"after":{"actions_enabled":true,"alarm_description":null,"alarm_name":"rds-high-cpu","comparison_operator":"GreaterThanThreshold","datapoints_to_alarm":null,"dimensions":{"DBInstanceIdentifier":"crm-db"},"evaluation_periods":2,"extended_statistic":null,"insufficient_data_actions":null,"metric_name":"CPUUtilization","metric_query":[],"namespace":"AWS/RDS","ok_actions":null,"period":300,"region":"ap-northeast-1","statistic":"Average","tags":null,"threshold":80,"threshold_metric_id":null,"treat_missing_data":"missing","unit":null},"after_unknown":{"alarm_actions":true,"arn":true,"dimensions":{},"evaluate_low_sample_count_percentiles":true,"id":true,"metric_query":[],"tags_all":true},"before_sensitive":false,"after_sensitive":{"alarm_actions":[],"dimensions":{},"metric_query":[],"tags_all":{}}}},{"address":"module.monitoring.aws_sns_topic.alarms","module_address":"module.monitoring","mode":"managed","type":"aws_sns_topic","name":"alarms","provider_name":"registry.terraform.io/hashicorp/aws","change":{"actions":["create"],"before":null,"after":{"application_failure_feedback_role_arn":null,"application_success_feedback_role_arn":null,"application_success_feedback_sample_rate":null,"archive_policy":null,"content_based_deduplication":false,"delivery_policy":null,"display_name":null,"fifo_topic":false,"firehose_failure_feedback_role_arn":null,"firehose_success_feedback_role_arn":null,"firehose_success_feedback_sample_rate":null,"http_failure_feedback_role_arn":null,"http_success_feedback_role_arn":null,"http_success_feedback_sample_rate":null,"kms_master_key_id":null,"lambda_failure_feedback_role_arn":null,"lambda_success_feedback_role_arn":null,"lambda_success_feedback_sample_rate":null,"name":"crm-alarms-topic","region":"ap-northeast-1","sqs_failure_feedback_role_arn":null,"sqs_success_feedback_role_arn":null,"sqs_success_feedback_sample_rate":null,"tags":null},"after_unknown":{"arn":true,"beginning_archive_time":true,"fifo_throughput_scope":true,"id":true,"name_prefix":true,"owner":true,"policy":true,"signature_version":true,"tags_all":true,"tracing_config":true},"before_sensitive":false,"after_sensitive":{"tags_all":{}}}},{"address":"module.monitoring.aws_sns_topic_subscription.email","module_address":"module.monitoring","mode":"managed","type":"aws_sns_topic_subscription","name":"email","provider_name":"registry.terraform.io/hashicorp/aws","change":{"actions":["create"],"before":null,"after":{"confirmation_timeout_in_minutes":1,"delivery_policy":null,"endpoint":"alerts@example.com","endpoint_auto_confirms":false,"filter_policy":null,"protocol":"email","raw_message_delivery":false,"redrive_policy":null,"region":"ap-northeast-1","replay_policy":null,"subscription_role_arn":null},"after_unknown":{"arn":true,"confirmation_was_authenticated":true,"filter_policy_scope":true,"id":true,"owner_id":true,"pending_confirmation":true,"topic_arn":true},"before_sensitive":false,"after_sensitive":{}}},{"address":"module.networking.aws_alb.main","module_address":"module.networking","mode":"managed","type":"aws_alb","name":"main","provider_name":"registry.terraform.io/hashicorp/aws","change":{"actions":["create"],"before":null,"after":{"access_logs":[],"client_keep_alive":3600,"connection_logs":[],"customer_owned_ipv4_pool":null,"desync_mitigation_mode":"defensive","dns_record_client_routing_policy":null,"drop_invalid_header_fields":false,"enable_cross_zone_load_balancing":null,"enable_deletion_protection":true,"enable_http2":true,"enable_tls_version_and_cipher_suite_headers":false,"enable_waf_fail_open":false,"enable_xff_client_port":false,"enable_zonal_shift":false,"idle_timeout":60,"internal":false,"ipam_pools":[],"load_balancer_type":"application","minimum_load_balancer_capacity":[],"name":"crm-alb","preserve_host_header":false,"region":"ap-northeast-1","tags":{"Name":"crm-alb"},"tags_all":{"Name":"crm-alb"},"timeouts":null,"xff_header_processing_mode":"append"},"after_unknown":{"access_logs":[],"arn":true,"arn_suffix":true,"connection_logs":[],"dns_name":true,"enforce_security_group_inbound_rules_on_private_link_traffic":true,"id":true,"ip_address_type":true,"ipam_pools":[],"minimum_load_balancer_capacity":[],"name_prefix":true,"security_groups":true,"subnet_mapping":true,"subnets":true,"tags":{},"tags_all":{},"vpc_id":true,"zone_id":true},"before_sensitive":false,"after_sensitive":{"access_logs":[],"connection_logs":[],"ipam_pools":[],"minimum_load_balancer_capacity":[],"security_groups":[],"subnet_mapping":[],"subnets":[],"tags":{},"tags_all":{}},"after_identity":{"arn":null}}},{"address":"module.networking.aws_alb_listener.https","module_address":"module.networking","mode":"managed","type":"aws_alb_listener","name":"https","provider_name":"registry.terraform.io/hashicorp/aws","change":{"actions":["create"],"before":null,"after":{"alpn_policy":null,"certificate_arn":"arn:aws:acm:ap-northeast-1:123456789012:certificate/abcd1234","default_action":[{"authenticate_cognito":[],"authenticate_oidc":[],"fixed_response":[],"forward":[],"redirect":[],"type":"forward"}],"port":443,"protocol":"HTTPS","region":"ap-northeast-1","ssl_policy":"ELBSecurityPolicy-TLS13-1-2-2021-06","tags":null,"timeouts":null},"after_unknown":{"arn":true,"default_action":[{"authenticate_cognito":[],"authenticate_oidc":[],"fixed_response":[],"forward":[],"order":true,"redirect":[],"target_group_arn":true}],"id":true,"load_balancer_arn":true,"mutual_authentication":true,"routing_http_request_x_amzn_mtls_clientcert_header_name":true,"routing_http_request_x_amzn_mtls_clientcert_issuer_header_name":true,"routing_http_request_x_amzn_mtls_clientcert_leaf_header_name":true,"routing_http_request_x_amzn_mtls_clientcert_serial_number_header_name":true,"routing_http_request_x_amzn_mtls_clientcert_subject_header_name":true,"routing_http_request_x_amzn_mtls_clientcert_validity_header_name":true,"routing_http_request_x_amzn_tls_cipher_suite_header_name":true,"routing_http_request_x_amzn_tls_version_header_name":true,"routing_http_response_access_control_allow_credentials_header_value":true,"routing_http_response_access_control_allow_headers_header_value":true,"routing_http_response_access_control_allow_methods_header_value":true,"routing_http_response_access_control_allow_origin_header_value":true,"routing_http_response_access_control_expose_headers_header_value":true,"routing_http_response_access_control_max_age_header_value":true,"routing_http_response_content_security_policy_header_value":true,"routing_http_response_server_enabled":true,"routing_http_response_strict_transport_security_header_value":true,"routing_http_response_x_content_type_options_header_value":true,"routing_http_response_x_frame_options_header_value":true,"tags_all":true,"tcp_idle_timeout_seconds":true},"before_sensitive":false,"after_sensitive":{"default_action":[{"authenticate_cognito":[],"authenticate_oidc":[],"fixed_response":[],"forward":[],"redirect":[]}],"mutual_authentication":[],"tags_all":{}}}},{"address":"module.networking.aws_alb_target_group.green","module_address":"module.networking","mode":"managed","type":"aws_alb_target_group","name":"green","provider_name":"registry.terraform.io/hashicorp/aws","change":{"actions":["create"],"before":null,"after":{"deregistration_delay":"300","health_check":[{"enabled":true,"healthy_threshold":3,"interval":30,"matcher":"200","path":"/health","port":"traffic-port","protocol":"HTTP","timeout":10,"unhealthy_threshold":3}],"lambda_multi_value_headers_enabled":false,"name":"crm-tg-green","port":3000,"protocol":"HTTP","proxy_protocol_v2":false,"region":"ap-northeast-1","slow_start":0,"tags":null,"target_type":"ip"},"after_unknown":{"arn":true,"arn_suffix":true,"connection_termination":true,"health_check":[{}],"id":true,"ip_address_type":true,"load_balancer_arns":true,"load_balancing_algorithm_type":true,"load_balancing_anomaly_mitigation":true,"load_balancing_cross_zone_enabled":true,"name_prefix":true,"preserve_client_ip":true,"protocol_version":true,"stickiness":true,"tags_all":true,"target_failover":true,"target_group_health":true,"target_health_state":true,"vpc_id":true},"before_sensitive":false,"after_sensitive":{"health_check":[{}],"load_balancer_arns":[],"stickiness":[],"tags_all":{},"target_failover":[],"target_group_health":[],"target_health_state":[]}}},{"address":"module.networking.aws_alb_target_group.main","module_address":"module.networking","mode":"managed","type":"aws_alb_target_group","name":"main","provider_name":"registry.terraform.io/hashicorp/aws","change":{"actions":["create"],"before":null,"after":{"deregistration_delay":"300","health_check":[{"enabled":true,"healthy_threshold":3,"interval":30,"matcher":"200","path":"/health","port":"traffic-port","protocol":"HTTP","timeout":10,"unhealthy_threshold":3}],"lambda_multi_value_headers_enabled":false,"name":"crm-tg","port":3000,"protocol":"HTTP","proxy_protocol_v2":false,"region":"ap-northeast-1","slow_start":0,"tags":null,"target_type":"ip"},"after_unknown":{"arn":true,"arn_suffix":true,"connection_termination":true,"health_check":[{}],"id":true,"ip_address_type":true,"load_balancer_arns":true,"load_balancing_algorithm_type":true,"load_balancing_anomaly_mitigation":true,"load_balancing_cross_zone_enabled":true,"name_prefix":true,"preserve_client_ip":true,"protocol_version":true,"stickiness":true,"tags_all":true,"target_failover":true,"target_group_health":true,"target_health_state":true,"vpc_id":true},"before_sensitive":false,"after_sensitive":{"health_check":[{}],"load_balancer_arns":[],"stickiness":[],"tags_all":{},"target_failover":[],"target_group_health":[],"target_health_state":[]}}},{"address":"module.networking.aws_db_subnet_group.db","module_address":"module.networking","mode":"managed","type":"aws_db_subnet_group","name":"db","provider_name":"registry.terraform.io/hashicorp/aws","change":{"actions":["create"],"before":null,"after":{"description":"Managed by Terraform","name":"crm-db-subnet-group","region":"ap-northeast-1","tags":{"Name":"crm-db-subnet-group"},"tags_all":{"Name":"crm-db-subnet-group"}},"after_unknown":{"arn":true,"id":true,"name_prefix":true,"subnet_ids":true,"supported_network_types":true,"tags":{},"tags_all":{},"vpc_id":true},"before_sensitive":false,"after_sensitive":{"subnet_ids":[],"supported_network_types":[],"tags":{},"tags_all":{}}}},{"address":"module.networking.aws_eip.nat[0]","module_address":"module.networking","mode":"managed","type":"aws_eip","name":"nat","index":0,"provider_name":"registry.terraform.io/hashicorp/aws","change":{"actions":["create"],"before":null,"after":{"address":null,"associate_with_private_ip":null,"customer_owned_ipv4_pool":null,"domain":"vpc","region":"ap-northeast-1","tags":null,"timeouts":null},"after_unknown":{"allocation_id":true,"arn":true,"association_id":true,"carrier_ip":true,"customer_owned_ip":true,"id":true,"instance":true,"ipam_pool_id":true,"network_border_group":true,"network_interface":true,"private_dns":true,"private_ip":true,"ptr_record":true,"public_dns":true,"public_ip":true,"public_ipv4_pool":true,"tags_all":true},"before_sensitive":false,"after_sensitive":{"tags_all":{}}}},{"address":"module.networking.aws_eip.nat[1]","module_address":"module.networking","mode":"managed","type":"aws_eip","name":"nat","index":1,"provider_name":"registry.terraform.io/hashicorp/aws","change":{"actions":["create"],"before":null,"after":{"address":null,"associate_with_private_ip":null,"customer_owned_ipv4_pool":null,"domain":"vpc","region":"ap-northeast-1","tags":null,"timeouts":null},"after_unknown":{"allocation_id":true,"arn":true,"association_id":true,"carrier_ip":true,"customer_owned_ip":true,"id":true,"instance":true,"ipam_pool_id":true,"network_border_group":true,"network_interface":true,"private_dns":true,"private_ip":true,"ptr_record":true,"public_dns":true,"public_ip":true,"public_ipv4_pool":true,"tags_all":true},"before_sensitive":false,"after_sensitive":{"tags_all":{}}}},{"address":"module.networking.aws_flow_log.vpc","module_address":"module.networking","mode":"managed","type":"aws_flow_log","name":"vpc","provider_name":"registry.terraform.io/hashicorp/aws","change":{"actions":["create"],"before":null,"after":{"deliver_cross_account_role":null,"destination_options":[],"eni_id":null,"log_destination_type":"cloud-watch-logs","max_aggregation_interval":600,"region":"ap-northeast-1","subnet_id":null,"tags":{"Name":"crm-vpc-flow-log"},"tags_all":{"Name":"crm-vpc-flow-log"},"traffic_type":"ALL","transit_gateway_attachment_id":null,"transit_gateway_id":null},"after_unknown":{"arn":true,"destination_options":[],"iam_role_arn":true,"id":true,"log_destination":true,"log_format":true,"tags":{},"tags_all":{},"vpc_id":true},"before_sensitive":false,"after_sensitive":{"destination_options":[],"tags":{},"tags_all":{}}}},{"address":"module.networking.aws_internet_gateway.igw","module_address":"module.networking","mode":"managed","type":"aws_internet_gateway","name":"igw","provider_name":"registry.terraform.io/hashicorp/aws","change":{"actions":["create"],"before":null,"after":{"region":"ap-northeast-1","tags":{"Name":"crm-igw"},"tags_all":{"Name":"crm-igw"},"timeouts":null},"after_unknown":{"arn":true,"id":true,"owner_id":true,"tags":{},"tags_all":{},"vpc_id":true},"before_sensitive":false,"after_sensitive":{"tags":{},"tags_all":{}}}},{"address":"module.networking.aws_nat_gateway.nat[0]","module_address":"module.networking","mode":"managed","type":"aws_nat_gateway","name":"nat","index":0,"provider_name":"registry.terraform.io/hashicorp/aws","change":{"actions":["create"],"before":null,"after":{"connectivity_type":"public","region":"ap-northeast-1","secondary_allocation_ids":null,"tags":{"Name":"crm-nat-0"},"tags_all":{"Name":"crm-nat-0"},"timeouts":null},"after_unknown":{"allocation_id":true,"association_id":true,"id":true,"network_interface_id":true,"private_ip":true,"public_ip":true,"secondary_private_ip_address_count":true,"secondary_private_ip_addresses":true,"subnet_id":true,"tags":{},"tags_all":{}},"before_sensitive":false,"after_sensitive":{"secondary_private_ip_addresses":[],"tags":{},"tags_all":{}}}},{"address":"module.networking.aws_nat_gateway.nat[1]","module_address":"module.networking","mode":"managed","type":"aws_nat_gateway","name":"nat","index":1,"provider_name":"registry.terraform.io/hashicorp/aws","change":{"actions":["create"],"before":null,"after":{"connectivity_type":"public","region":"ap-northeast-1","secondary_allocation_ids":null,"tags":{"Name":"crm-nat-1"},"tags_all":{"Name":"crm-nat-1"},"timeouts":null},"after_unknown":{"allocation_id":true,"association_id":true,"id":true,"network_interface_id":true,"private_ip":true,"public_ip":true,"secondary_private_ip_address_count":true,"secondary_private_ip_addresses":true,"subnet_id":true,"tags":{},"tags_all":{}},"before_sensitive":false,"after_sensitive":{"secondary_private_ip_addresses":[],"tags":{},"tags_all":{}}}},{"address":"module.networking.aws_route_table.private[0]","module_address":"module.networking","mode":"managed","type":"aws_route_table","name":"private","index":0,"provider_name":"registry.terraform.io/hashicorp/aws","change":{"actions":["create"],"before":null,"after":{"region":"ap-northeast-1","route":[{"carrier_gateway_id":"","cidr_block":"0.0.0.0/0","core_network_arn":"","destination_prefix_list_id":"","egress_only_gateway_id":"","gateway_id":"","ipv6_cidr_block":"","local_gateway_id":"","network_interface_id":"","transit_gateway_id":"","vpc_endpoint_id":"","vpc_peering_connection_id":""}],"tags":{"Name":"private-rt-0"},"tags_all":{"Name":"private-rt-0"},"timeouts":null},"after_unknown":{"arn":true,"id":true,"owner_id":true,"propagating_vgws":true,"route":[{"nat_gateway_id":true}],"tags":{},"tags_all":{},"vpc_id":true},"before_sensitive":false,"after_sensitive":{"propagating_vgws":[],"route":[{}],"tags":{},"tags_all":{}}}},{"address":"module.networking.aws_route_table.private[1]","module_address":"module.networking","mode":"managed","type":"aws_route_table","name":"private","index":1,"provider_name":"registry.terraform.io/hashicorp/aws","change":{"actions":["create"],"before":null,"after":{"region":"ap-northeast-1","route":[{"carrier_gateway_id":"","cidr_block":"0.0.0.0/0","core_network_arn":"","destination_prefix_list_id":"","egress_only_gateway_id":"","gateway_id":"","ipv6_cidr_block":"","local_gateway_id":"","network_interface_id":"","transit_gateway_id":"","vpc_endpoint_id":"","vpc_peering_connection_id":""}],"tags":{"Name":"private-rt-1"},"tags_all":{"Name":"private-rt-1"},"timeouts":null},"after_unknown":{"arn":true,"id":true,"owner_id":true,"propagating_vgws":true,"route":[{"nat_gateway_id":true}],"tags":{},"tags_all":{},"vpc_id":true},"before_sensitive":false,"after_sensitive":{"propagating_vgws":[],"route":[{}],"tags":{},"tags_all":{}}}},{"address":"module.networking.aws_route_table.public","module_address":"module.networking","mode":"managed","type":"aws_route_table","name":"public","provider_name":"registry.terraform.io/hashicorp/aws","change":{"actions":["create"],"before":null,"after":{"region":"ap-northeast-1","route":[{"carrier_gateway_id":"","cidr_block":"0.0.0.0/0","core_network_arn":"","destination_prefix_list_id":"","egress_only_gateway_id":"","ipv6_cidr_block":"","local_gateway_id":"","nat_gateway_id":"","network_interface_id":"","transit_gateway_id":"","vpc_endpoint_id":"","vpc_peering_connection_id":""}],"tags":{"Name":"public-rt"},"tags_all":{"Name":"public-rt"},"timeouts":null},"after_unknown":{"arn":true,"id":true,"owner_id":true,"propagating_vgws":true,"route":[{"gateway_id":true}],"tags":{},"tags_all":{},"vpc_id":true},"before_sensitive":false,"after_sensitive":{"propagating_vgws":[],"route":[{}],"tags":{},"tags_all":{}}}},{"address":"module.networking.aws_route_table_association.private[0]","module_address":"module.networking","mode":"managed","type":"aws_route_table_association","name":"private","index":0,"provider_name":"registry.terraform.io/hashicorp/aws","change":{"actions":["create"],"before":null,"after":{"gateway_id":null,"region":"ap-northeast-1","timeouts":null},"after_unknown":{"id":true,"route_table_id":true,"subnet_id":true},"before_sensitive":false,"after_sensitive":{}}},{"address":"module.networking.aws_route_table_association.private[1]","module_address":"module.networking","mode":"managed","type":"aws_route_table_association","name":"private","index":1,"provider_name":"registry.terraform.io/hashicorp/aws","change":{"actions":["create"],"before":null,"after":{"gateway_id":null,"region":"ap-northeast-1","timeouts":null},"after_unknown":{"id":true,"route_table_id":true,"subnet_id":true},"before_sensitive":false,"after_sensitive":{}}},{"address":"module.networking.aws_route_table_association.public[0]","module_address":"module.networking","mode":"managed","type":"aws_route_table_association","name":"public","index":0,"provider_name":"registry.terraform.io/hashicorp/aws","change":{"actions":["create"],"before":null,"after":{"gateway_id":null,"region":"ap-northeast-1","timeouts":null},"after_unknown":{"id":true,"route_table_id":true,"subnet_id":true},"before_sensitive":false,"after_sensitive":{}}},{"address":"module.networking.aws_route_table_association.public[1]","module_address":"module.networking","mode":"managed","type":"aws_route_table_association","name":"public","index":1,"provider_name":"registry.terraform.io/hashicorp/aws","change":{"actions":["create"],"before":null,"after":{"gateway_id":null,"region":"ap-northeast-1","timeouts":null},"after_unknown":{"id":true,"route_table_id":true,"subnet_id":true},"before_sensitive":false,"after_sensitive":{}}},{"address":"module.networking.aws_security_group.alb","module_address":"module.networking","mode":"managed","type":"aws_security_group","name":"alb","provider_name":"registry.terraform.io/hashicorp/aws","change":{"actions":["create"],"before":null,"after":{"description":"Allow HTTP/HTTPS traffic to ALB","egress":[{"cidr_blocks":["0.0.0.0/0"],"description":"","from_port":0,"ipv6_cidr_blocks":[],"prefix_list_ids":[],"protocol":"-1","security_groups":[],"self":false,"to_port":0}],"ingress":[{"cidr_blocks":["0.0.0.0/0"],"description":"","from_port":443,"ipv6_cidr_blocks":[],"prefix_list_ids":[],"protocol":"tcp","security_groups":[],"self":false,"to_port":443},{"cidr_blocks":["0.0.0.0/0"],"description":"","from_port":80,"ipv6_cidr_blocks":[],"prefix_list_ids":[],"protocol":"tcp","security_groups":[],"self":false,"to_port":80}],"name":"crm-alb-sg","region":"ap-northeast-1","revoke_rules_on_delete":false,"tags":{"Name":"crm-alb-sg"},"tags_all":{"Name":"crm-alb-sg"},"timeouts":null},"after_unknown":{"arn":true,"egress":[{"cidr_blocks":[false],"ipv6_cidr_blocks":[],"prefix_list_ids":[],"security_groups":[]}],"id":true,"ingress":[{"cidr_blocks":[false],"ipv6_cidr_blocks":[],"prefix_list_ids":[],"security_groups":[]},{"cidr_blocks":[false],"ipv6_cidr_blocks":[],"prefix_list_ids":[],"security_groups":[]}],"name_prefix":true,"owner_id":true,"tags":{},"tags_all":{},"vpc_id":true},"before_sensitive":false,"after_sensitive":{"egress":[{"cidr_blocks":[false],"ipv6_cidr_blocks":[],"prefix_list_ids":[],"security_groups":[]}],"ingress":[{"cidr_blocks":[false],"ipv6_cidr_blocks":[],"prefix_list_ids":[],"security_groups":[]},{"cidr_blocks":[false],"ipv6_cidr_blocks":[],"prefix_list_ids":[],"security_groups":[]}],"tags":{},"tags_all":{}}}},{"address":"module.networking.aws_subnet.private[0]","module_address":"module.networking","mode":"managed","type":"aws_subnet","name":"private","index":0,"provider_name":"registry.terraform.io/hashicorp/aws","change":{"actions":["create"],"before":null,"after":{"assign_ipv6_address_on_creation":false,"cidr_block":"10.0.3.0/24","customer_owned_ipv4_pool":null,"enable_dns64":false,"enable_lni_at_device_index":null,"enable_resource_name_dns_a_record_on_launch":false,"enable_resource_name_dns_aaaa_record_on_launch":false,"ipv6_cidr_block":null,"ipv6_native":false,"map_customer_owned_ip_on_launch":null,"map_public_ip_on_launch":false,"outpost_arn":null,"region":"ap-northeast-1","tags":{"Name":"private-0"},"tags_all":{"Name":"private-0"},"timeouts":null},"after_unknown":{"arn":true,"availability_zone":true,"availability_zone_id":true,"id":true,"ipv6_cidr_block_association_id":true,"owner_id":true,"private_dns_hostname_type_on_launch":true,"tags":{},"tags_all":{},"vpc_id":true},"before_sensitive":false,"after_sensitive":{"tags":{},"tags_all":{}}}},{"address":"module.networking.aws_subnet.private[1]","module_address":"module.networking","mode":"managed","type":"aws_subnet","name":"private","index":1,"provider_name":"registry.terraform.io/hashicorp/aws","change":{"actions":["create"],"before":null,"after":{"assign_ipv6_address_on_creation":false,"cidr_block":"10.0.4.0/24","customer_owned_ipv4_pool":null,"enable_dns64":false,"enable_lni_at_device_index":null,"enable_resource_name_dns_a_record_on_launch":false,"enable_resource_name_dns_aaaa_record_on_launch":false,"ipv6_cidr_block":null,"ipv6_native":false,"map_customer_owned_ip_on_launch":null,"map_public_ip_on_launch":false,"outpost_arn":null,"region":"ap-northeast-1","tags":{"Name":"private-1"},"tags_all":{"Name":"private-1"},"timeouts":null},"after_unknown":{"arn":true,"availability_zone":true,"availability_zone_id":true,"id":true,"ipv6_cidr_block_association_id":true,"owner_id":true,"private_dns_hostname_type_on_launch":true,"tags":{},"tags_all":{},"vpc_id":true},"before_sensitive":false,"after_sensitive":{"tags":{},"tags_all":{}}}},{"address":"module.networking.aws_subnet.public[0]","module_address":"module.networking","mode":"managed","type":"aws_subnet","name":"public","index":0,"provider_name":"registry.terraform.io/hashicorp/aws","change":{"actions":["create"],"before":null,"after":{"assign_ipv6_address_on_creation":false,"availability_zone":"ap-northeast-1a","cidr_block":"10.0.1.0/24","customer_owned_ipv4_pool":null,"enable_dns64":false,"enable_lni_at_device_index":null,"enable_resource_name_dns_a_record_on_launch":false,"enable_resource_name_dns_aaaa_record_on_launch":false,"ipv6_cidr_block":null,"ipv6_native":false,"map_customer_owned_ip_on_launch":null,"map_public_ip_on_launch":true,"outpost_arn":null,"region":"ap-northeast-1","tags":{"Name":"public-0"},"tags_all":{"Name":"public-0"},"timeouts":null},"after_unknown":{"arn":true,"availability_zone_id":true,"id":true,"ipv6_cidr_block_association_id":true,"owner_id":true,"private_dns_hostname_type_on_launch":true,"tags":{},"tags_all":{},"vpc_id":true},"before_sensitive":false,"after_sensitive":{"tags":{},"tags_all":{}}}},{"address":"module.networking.aws_subnet.public[1]","module_address":"module.networking","mode":"managed","type":"aws_subnet","name":"public","index":1,"provider_name":"registry.terraform.io/hashicorp/aws","change":{"actions":["create"],"before":null,"after":{"assign_ipv6_address_on_creation":false,"availability_zone":"ap-northeast-1b","cidr_block":"10.0.2.0/24","customer_owned_ipv4_pool":null,"enable_dns64":false,"enable_lni_at_device_index":null,"enable_resource_name_dns_a_record_on_launch":false,"enable_resource_name_dns_aaaa_record_on_launch":false,"ipv6_cidr_block":null,"ipv6_native":false,"map_customer_owned_ip_on_launch":null,"map_public_ip_on_launch":true,"outpost_arn":null,"region":"ap-northeast-1","tags":{"Name":"public-1"},"tags_all":{"Name":"public-1"},"timeouts":null},"after_unknown":{"arn":true,"availability_zone_id":true,"id":true,"ipv6_cidr_block_association_id":true,"owner_id":true,"private_dns_hostname_type_on_launch":true,"tags":{},"tags_all":{},"vpc_id":true},"before_sensitive":false,"after_sensitive":{"tags":{},"tags_all":{}}}},{"address":"module.networking.aws_vpc.main","module_address":"module.networking","mode":"managed","type":"aws_vpc","name":"main","provider_name":"registry.terraform.io/hashicorp/aws","change":{"actions":["create"],"before":null,"after":{"assign_generated_ipv6_cidr_block":null,"cidr_block":"10.0.0.0/16","enable_dns_hostnames":true,"enable_dns_support":true,"instance_tenancy":"default","ipv4_ipam_pool_id":null,"ipv4_netmask_length":null,"ipv6_ipam_pool_id":null,"ipv6_netmask_length":null,"region":"ap-northeast-1","tags":{"Name":"crm-vpc"},"tags_all":{"Name":"crm-vpc"}},"after_unknown":{"arn":true,"default_network_acl_id":true,"default_route_table_id":true,"default_security_group_id":true,"dhcp_options_id":true,"enable_network_address_usage_metrics":true,"id":true,"ipv6_association_id":true,"ipv6_cidr_block":true,"ipv6_cidr_block_network_border_group":true,"main_route_table_id":true,"owner_id":true,"tags":{},"tags_all":{}},"before_sensitive":false,"after_sensitive":{"tags":{},"tags_all":{}}}},{"address":"module.security.aws_iam_policy.ecs_task","module_address":"module.security","mode":"managed","type":"aws_iam_policy","name":"ecs_task","provider_name":"registry.terraform.io/hashicorp/aws","change":{"actions":["create"],"before":null,"after":{"description":"Permissions for CRM ECS tasks","name":"crm-ecs-task-policy","path":"/","tags":null},"after_unknown":{"arn":true,"attachment_count":true,"id":true,"name_prefix":true,"policy":true,"policy_id":true,"tags_all":true},"before_sensitive":false,"after_sensitive":{"tags_all":{}}}},{"address":"module.security.aws_iam_role.ecs_exec","module_address":"module.security","mode":"managed","type":"aws_iam_role","name":"ecs_exec","provider_name":"registry.terraform.io/hashicorp/aws","change":{"actions":["create"],"before":null,"after":{"assume_role_policy":"{\"Statement\":[{\"Action\":\"sts:AssumeRole\",\"Effect\":\"Allow\",\"Principal\":{\"Service\":\"ecs-tasks.amazonaws.com\"}}],\"Version\":\"2012-10-17\"}","description":null,"force_detach_policies":false,"max_session_duration":3600,"name":"crm-ecs-exec-role","path":"/","permissions_boundary":null,"tags":null},"after_unknown":{"arn":true,"create_date":true,"id":true,"inline_policy":true,"managed_policy_arns":true,"name_prefix":true,"tags_all":true,"unique_id":true},"before_sensitive":false,"after_sensitive":{"inline_policy":[],"managed_policy_arns":[],"tags_all":{}},"after_identity":{"account_id":null,"name":null}}},{"address":"module.security.aws_iam_role.ecs_task","module_address":"module.security","mode":"managed","type":"aws_iam_role","name":"ecs_task","provider_name":"registry.terraform.io/hashicorp/aws","change":{"actions":["create"],"before":null,"after":{"assume_role_policy":"{\"Statement\":[{\"Action\":\"sts:AssumeRole\",\"Effect\":\"Allow\",\"Principal\":{\"Service\":\"ecs-tasks.amazonaws.com\"}}],\"Version\":\"2012-10-17\"}","description":null,"force_detach_policies":false,"max_session_duration":3600,"name":"crm-ecs-task-role","path":"/","permissions_boundary":null,"tags":null},"after_unknown":{"arn":true,"create_date":true,"id":true,"inline_policy":true,"managed_policy_arns":true,"name_prefix":true,"tags_all":true,"unique_id":true},"before_sensitive":false,"after_sensitive":{"inline_policy":[],"managed_policy_arns":[],"tags_all":{}},"after_identity":{"account_id":null,"name":null}}},{"address":"module.security.aws_iam_role.vpc_flow_logs","module_address":"module.security","mode":"managed","type":"aws_iam_role","name":"vpc_flow_logs","provider_name":"registry.terraform.io/hashicorp/aws","change":{"actions":["create"],"before":null,"after":{"assume_role_policy":"{\"Statement\":[{\"Action\":\"sts:AssumeRole\",\"Effect\":\"Allow\",\"Principal\":{\"Service\":\"vpc-flow-logs.amazonaws.com\"}}],\"Version\":\"2012-10-17\"}","description":null,"force_detach_policies":false,"max_session_duration":3600,"name":"crm-vpc-flow-logs-role","path":"/","permissions_boundary":null,"tags":null},"after_unknown":{"arn":true,"create_date":true,"id":true,"inline_policy":true,"managed_policy_arns":true,"name_prefix":true,"tags_all":true,"unique_id":true},"before_sensitive":false,"after_sensitive":{"inline_policy":[],"managed_policy_arns":[],"tags_all":{}},"after_identity":{"account_id":null,"name":null}}},{"address":"module.security.aws_iam_role_policy.vpc_flow_logs","module_address":"module.security","mode":"managed","type":"aws_iam_role_policy","name":"vpc_flow_logs","provider_name":"registry.terraform.io/hashicorp/aws","change":{"actions":["create"],"before":null,"after":{"name":"crm-vpc-flow-logs-policy","policy":"{\"Version\":\"2012-10-17\",\"Statement\":[{\"Action\":[\"logs:CreateLogGroup\",\"logs:CreateLogStream\",\"logs:PutLogEvents\",\"logs:DescribeLogGroups\",\"logs:DescribeLogStreams\"],\"Effect\":\"Allow\",\"Resource\":\"*\"}]}"},"after_unknown":{"id":true,"name_prefix":true,"role":true},"before_sensitive":false,"after_sensitive":{},"after_identity":{"account_id":null,"name":null,"role":null}}},{"address":"module.security.aws_iam_role_policy_attachment.ecs_exec","module_address":"module.security","mode":"managed","type":"aws_iam_role_policy_attachment","name":"ecs_exec","provider_name":"registry.terraform.io/hashicorp/aws","change":{"actions":["create"],"before":null,"after":{"policy_arn":"arn:aws:iam::aws:policy/service-role/AmazonECSTaskExecutionRolePolicy","role":"crm-ecs-exec-role"},"after_unknown":{"id":true},"before_sensitive":false,"after_sensitive":{},"after_identity":{"account_id":null,"policy_arn":null,"role":null}}},{"address":"module.security.aws_iam_role_policy_attachment.ecs_task","module_address":"module.security","mode":"managed","type":"aws_iam_role_policy_attachment","name":"ecs_task","provider_name":"registry.terraform.io/hashicorp/aws","change":{"actions":["create"],"before":null,"after":{"role":"crm-ecs-task-role"},"after_unknown":{"id":true,"policy_arn":true},"before_sensitive":false,"after_sensitive":{},"after_identity":{"account_id":null,"policy_arn":null,"role":null}}},{"address":"module.security.aws_kms_key.main","module_address":"module.security","mode":"managed","type":"aws_kms_key","name":"main","provider_name":"registry.terraform.io/hashicorp/aws","change":{"actions":["create"],"before":null,"after":{"bypass_policy_lockout_safety_check":false,"custom_key_store_id":null,"customer_master_key_spec":"SYMMETRIC_DEFAULT","deletion_window_in_days":30,"description":"KMS key for CRM encryption","enable_key_rotation":true,"is_enabled":true,"key_usage":"ENCRYPT_DECRYPT","policy":"{\"Statement\":[{\"Action\":\"kms:*\",\"Effect\":\"Allow\",\"Principal\":{\"AWS\":\"arn:aws:iam::123456789012:root\"},\"Resource\":\"*\"}],\"Version\":\"2012-10-17\"}","region":"ap-northeast-1","tags":null,"timeouts":null,"xks_key_id":null},"after_unknown":{"arn":true,"id":true,"key_id":true,"multi_region":true,"rotation_period_in_days":true,"tags_all":true},"before_sensitive":false,"after_sensitive":{"tags_all":{}}}},{"address":"module.security.aws_secretsmanager_secret.app_secret","module_address":"module.security","mode":"managed","type":"aws_secretsmanager_secret","name":"app_secret","provider_name":"registry.terraform.io/hashicorp/aws","change":{"actions":["create"],"before":null,"after":{"description":"Application secret for CRM","force_overwrite_replica_secret":false,"name":"crm-app-secret","recovery_window_in_days":30,"region":"ap-northeast-1","tags":null},"after_unknown":{"arn":true,"id":true,"kms_key_id":true,"name_prefix":true,"policy":true,"replica":true,"tags_all":true},"before_sensitive":false,"after_sensitive":{"replica":[],"tags_all":{}}}},{"address":"module.security.aws_secretsmanager_secret.db_creds","module_address":"module.security","mode":"managed","type":"aws_secretsmanager_secret","name":"db_creds","provider_name":"registry.terraform.io/hashicorp/aws","change":{"actions":["create"],"before":null,"after":{"description":null,"force_overwrite_replica_secret":false,"kms_key_id":null,"name":"secure_db_password","recovery_window_in_days":30,"region":"ap-northeast-1","tags":null},"after_unknown":{"arn":true,"id":true,"name_prefix":true,"policy":true,"replica":true,"tags_all":true},"before_sensitive":false,"after_sensitive":{"replica":[],"tags_all":{}}}},{"address":"module.security.aws_secretsmanager_secret.pg_super","module_address":"module.security","mode":"managed","type":"aws_secretsmanager_secret","name":"pg_super","provider_name":"registry.terraform.io/hashicorp/aws","change":{"actions":["create"],"before":null,"after":{"description":null,"force_overwrite_replica_secret":false,"kms_key_id":null,"name":"secure_superuser_password","recovery_window_in_days":30,"region":"ap-northeast-1","tags":null},"after_unknown":{"arn":true,"id":true,"name_prefix":true,"policy":true,"replica":true,"tags_all":true},"before_sensitive":false,"after_sensitive":{"name":true,"replica":[],"tags_all":{}}}},{"address":"module.security.aws_secretsmanager_secret.pgpassword","module_address":"module.security","mode":"managed","type":"aws_secretsmanager_secret","name":"pgpassword","provider_name":"registry.terraform.io/hashicorp/aws","change":{"actions":["create"],"before":null,"after":{"description":"Database password for CRM","force_overwrite_replica_secret":false,"name":"crm-db-password","recovery_window_in_days":30,"region":"ap-northeast-1","tags":null},"after_unknown":{"arn":true,"id":true,"kms_key_id":true,"name_prefix":true,"policy":true,"replica":true,"tags_all":true},"before_sensitive":false,"after_sensitive":{"replica":[],"tags_all":{}}}},{"address":"module.security.aws_secretsmanager_secret_version.app_secret","module_address":"module.security","mode":"managed","type":"aws_secretsmanager_secret_version","name":"app_secret","provider_name":"registry.terraform.io/hashicorp/aws","change":{"actions":["create"],"before":null,"after":{"region":"ap-northeast-1","secret_binary":null,"secret_string":"32_char_long_random_string","secret_string_wo":null,"secret_string_wo_version":null},"after_unknown":{"arn":true,"has_secret_string_wo":true,"id":true,"secret_id":true,"version_id":true,"version_stages":true},"before_sensitive":false,"after_sensitive":{"secret_binary":true,"secret_string":true,"secret_string_wo":true,"version_stages":[]}}},{"address":"module.security.aws_secretsmanager_secret_version.db_creds","module_address":"module.security","mode":"managed","type":"aws_secretsmanager_secret_version","name":"db_creds","provider_name":"registry.terraform.io/hashicorp/aws","change":{"actions":["create"],"before":null,"after":{"region":"ap-northeast-1","secret_binary":null,"secret_string":"{\"password\":\"secure_db_password\",\"username\":\"twenty_admin\"}","secret_string_wo":null,"secret_string_wo_version":null},"after_unknown":{"arn":true,"has_secret_string_wo":true,"id":true,"secret_id":true,"version_id":true,"version_stages":true},"before_sensitive":false,"after_sensitive":{"secret_binary":true,"secret_string":true,"secret_string_wo":true,"version_stages":[]}}},{"address":"module.security.aws_secretsmanager_secret_version.pg_super","module_address":"module.security","mode":"managed","type":"aws_secretsmanager_secret_version","name":"pg_super","provider_name":"registry.terraform.io/hashicorp/aws","change":{"actions":["create"],"before":null,"after":{"region":"ap-northeast-1","secret_binary":null,"secret_string":"secure_superuser_password","secret_string_wo":null,"secret_string_wo_version":null},"after_unknown":{"arn":true,"has_secret_string_wo":true,"id":true,"secret_id":true,"version_id":true,"version_stages":true},"before_sensitive":false,"after_sensitive":{"secret_binary":true,"secret_string":true,"secret_string_wo":true,"version_stages":[]}}},{"address":"module.security.aws_secretsmanager_secret_version.pgpassword","module_address":"module.security","mode":"managed","type":"aws_secretsmanager_secret_version","name":"pgpassword","provider_name":"registry.terraform.io/hashicorp/aws","change":{"actions":["create"],"before":null,"after":{"region":"ap-northeast-1","secret_binary":null,"secret_string":"secure_superuser_password","secret_string_wo":null,"secret_string_wo_version":null},"after_unknown":{"arn":true,"has_secret_string_wo":true,"id":true,"secret_id":true,"version_id":true,"version_stages":true},"before_sensitive":false,"after_sensitive":{"secret_binary":true,"secret_string":true,"secret_string_wo":true,"version_stages":[]}}},{"address":"module.security.aws_security_group.db","module_address":"module.security","mode":"managed","type":"aws_security_group","name":"db","provider_name":"registry.terraform.io/hashicorp/aws","change":{"actions":["create"],"before":null,"after":{"description":"Security group for RDS","egress":[{"cidr_blocks":["0.0.0.0/0"],"description":"","from_port":0,"ipv6_cidr_blocks":[],"prefix_list_ids":[],"protocol":"-1","security_groups":[],"self":false,"to_port":0}],"ingress":[{"cidr_blocks":[],"description":"","from_port":5432,"ipv6_cidr_blocks":[],"prefix_list_ids":[],"protocol":"tcp","self":false,"to_port":5432}],"name":"crm-db-sg","region":"ap-northeast-1","revoke_rules_on_delete":false,"tags":{"Name":"crm-db-sg"},"tags_all":{"Name":"crm-db-sg"},"timeouts":null},"after_unknown":{"arn":true,"egress":[{"cidr_blocks":[false],"ipv6_cidr_blocks":[],"prefix_list_ids":[],"security_groups":[]}],"id":true,"ingress":[{"cidr_blocks":[],"ipv6_cidr_blocks":[],"prefix_list_ids":[],"security_groups":true}],"name_prefix":true,"owner_id":true,"tags":{},"tags_all":{},"vpc_id":true},"before_sensitive":false,"after_sensitive":{"egress":[{"cidr_blocks":[false],"ipv6_cidr_blocks":[],"prefix_list_ids":[],"security_groups":[]}],"ingress":[{"cidr_blocks":[],"ipv6_cidr_blocks":[],"prefix_list_ids":[],"security_groups":[]}],"tags":{},"tags_all":{}}}},{"address":"module.security.aws_security_group.ecs","module_address":"module.security","mode":"managed","type":"aws_security_group","name":"ecs","provider_name":"registry.terraform.io/hashicorp/aws","change":{"actions":["create"],"before":null,"after":{"description":"Security group for ECS tasks","egress":[{"cidr_blocks":["0.0.0.0/0"],"description":"","from_port":0,"ipv6_cidr_blocks":[],"prefix_list_ids":[],"protocol":"-1","security_groups":[],"self":false,"to_port":0}],"ingress":[{"cidr_blocks":[],"description":"","from_port":3000,"ipv6_cidr_blocks":[],"prefix_list_ids":[],"protocol":"tcp","self":false,"to_port":3000}],"name":"crm-ecs-sg","region":"ap-northeast-1","revoke_rules_on_delete":false,"tags":{"Name":"crm-ecs-sg"},"tags_all":{"Name":"crm-ecs-sg"},"timeouts":null},"after_unknown":{"arn":true,"egress":[{"cidr_blocks":[false],"ipv6_cidr_blocks":[],"prefix_list_ids":[],"security_groups":[]}],"id":true,"ingress":[{"cidr_blocks":[],"ipv6_cidr_blocks":[],"prefix_list_ids":[],"security_groups":true}],"name_prefix":true,"owner_id":true,"tags":{},"tags_all":{},"vpc_id":true},"before_sensitive":false,"after_sensitive":{"egress":[{"cidr_blocks":[false],"ipv6_cidr_blocks":[],"prefix_list_ids":[],"security_groups":[]}],"ingress":[{"cidr_blocks":[],"ipv6_cidr_blocks":[],"prefix_list_ids":[],"security_groups":[]}],"tags":{},"tags_all":{}}}},{"address":"module.security.aws_ssm_parameter.alert_email","module_address":"module.security","mode":"managed","type":"aws_ssm_parameter","name":"alert_email","provider_name":"registry.terraform.io/hashicorp/aws","change":{"actions":["create"],"before":null,"after":{"allowed_pattern":null,"description":null,"name":"alerts@example.com","overwrite":null,"region":"ap-northeast-1","tags":null,"type":"String","value":"alerts@example.com","value_wo":null,"value_wo_version":null},"after_unknown":{"arn":true,"data_type":true,"has_value_wo":true,"id":true,"insecure_value":true,"key_id":true,"tags_all":true,"tier":true,"version":true},"before_sensitive":false,"after_sensitive":{"tags_all":{},"value":true,"value_wo":true}}},{"address":"module.security.aws_ssm_parameter.cert_arn","module_address":"module.security","mode":"managed","type":"aws_ssm_parameter","name":"cert_arn","provider_name":"registry.terraform.io/hashicorp/aws","change":{"actions":["create"],"before":null,"after":{"allowed_pattern":null,"description":null,"name":"arn:aws:acm:ap-northeast-1:123456789012:certificate/abcd1234","overwrite":null,"region":"ap-northeast-1","tags":null,"type":"String","value":"arn:aws:acm:ap-northeast-1:123456789012:certificate/abcd1234","value_wo":null,"value_wo_version":null},"after_unknown":{"arn":true,"data_type":true,"has_value_wo":true,"id":true,"insecure_value":true,"key_id":true,"tags_all":true,"tier":true,"version":true},"before_sensitive":false,"after_sensitive":{"tags_all":{},"value":true,"value_wo":true}}},{"address":"module.security.aws_ssm_parameter.domain_name","module_address":"module.security","mode":"managed","type":"aws_ssm_parameter","name":"domain_name","provider_name":"registry.terraform.io/hashicorp/aws","change":{"actions":["create"],"before":null,"after":{"allowed_pattern":null,"description":null,"name":"crm.example.com","overwrite":null,"region":"ap-northeast-1","tags":null,"type":"String","value":"crm.example.com","value_wo":null,"value_wo_version":null},"after_unknown":{"arn":true,"data_type":true,"has_value_wo":true,"id":true,"insecure_value":true,"key_id":true,"tags_all":true,"tier":true,"version":true},"before_sensitive":false,"after_sensitive":{"tags_all":{},"value":true,"value_wo":true}}},{"address":"module.security.aws_wafv2_web_acl.crm","module_address":"module.security","mode":"managed","type":"aws_wafv2_web_acl","name":"crm","provider_name":"registry.terraform.io/hashicorp/aws","change":{"actions":["create"],"before":null,"after":{"association_config":[],"captcha_config":[],"challenge_config":[],"custom_response_body":[],"data_protection_config":[],"default_action":[{"allow":[{"custom_request_handling":[]}],"block":[]}],"description":"Web ACL for CRM application","name":"crm-web-acl","region":"ap-northeast-1","rule":[{"action":[],"captcha_config":[],"challenge_config":[],"name":"AWSManagedRulesCommonRuleSet","override_action":[{"count":[],"none":[{}]}],"priority":1,"rule_label":[],"statement":[{"and_statement":[],"asn_match_statement":[],"byte_match_statement":[],"geo_match_statement":[],"ip_set_reference_statement":[],"label_match_statement":[],"managed_rule_group_statement":[{"managed_rule_group_configs":[],"name":"AWSManagedRulesCommonRuleSet","rule_action_override":[],"scope_down_statement":[],"vendor_name":"AWS","version":""}],"not_statement":[],"or_statement":[],"rate_based_statement":[],"regex_match_statement":[],"regex_pattern_set_reference_statement":[],"rule_group_reference_statement":[],"size_constraint_statement":[],"sqli_match_statement":[],"xss_match_statement":[]}],"visibility_config":[{"cloudwatch_metrics_enabled":true,"metric_name":"AWSManagedRulesCommonRuleSet","sampled_requests_enabled":true}]}],"rule_json":null,"scope":"REGIONAL","tags":null,"token_domains":null,"visibility_config":[{"cloudwatch_metrics_enabled":true,"metric_name":"crm-web-acl-metrics","sampled_requests_enabled":true}]},"after_unknown":{"application_integration_url":true,"arn":true,"association_config":[],"capacity":true,"captcha_config":[],"challenge_config":[],"custom_response_body":[],"data_protection_config":[],"default_action":[{"allow":[{"custom_request_handling":[]}],"block":[]}],"id":true,"lock_token":true,"name_prefix":true,"rule":[{"action":[],"captcha_config":[],"challenge_config":[],"override_action":[{"count":[],"none":[{}]}],"rule_label":[],"statement":[{"and_statement":[],"asn_match_statement":[],"byte_match_statement":[],"geo_match_statement":[],"ip_set_reference_statement":[],"label_match_statement":[],"managed_rule_group_statement":[{"managed_rule_group_configs":[],"rule_action_override":[],"scope_down_statement":[]}],"not_statement":[],"or_statement":[],"rate_based_statement":[],"regex_match_statement":[],"regex_pattern_set_reference_statement":[],"rule_group_reference_statement":[],"size_constraint_statement":[],"sqli_match_statement":[],"xss_match_statement":[]}],"visibility_config":[{}]}],"tags_all":true,"visibility_config":[{}]},"before_sensitive":false,"after_sensitive":{"association_config":[],"captcha_config":[],"challenge_config":[],"custom_response_body":[],"data_protection_config":[],"default_action":[{"allow":[{"custom_request_handling":[]}],"block":[]}],"rule":[{"action":[],"captcha_config":[],"challenge_config":[],"override_action":[{"count":[],"none":[{}]}],"rule_label":[],"statement":[{"and_statement":[],"asn_match_statement":[],"byte_match_statement":[],"geo_match_statement":[],"ip_set_reference_statement":[],"label_match_statement":[],"managed_rule_group_statement":[{"managed_rule_group_configs":[],"rule_action_override":[],"scope_down_statement":[]}],"not_statement":[],"or_statement":[],"rate_based_statement":[],"regex_match_statement":[],"regex_pattern_set_reference_statement":[],"rule_group_reference_statement":[],"size_constraint_statement":[],"sqli_match_statement":[],"xss_match_statement":[]}],"visibility_config":[{}]}],"tags_all":{},"visibility_config":[{}]}}},{"address":"module.storage.aws_s3_bucket.attachments","module_address":"module.storage","mode":"managed","type":"aws_s3_bucket","name":"attachments","provider_name":"registry.terraform.io/hashicorp/aws","change":{"actions":["create"],"before":null,"after":{"bucket":"crm-attachments-123456789012","force_destroy":false,"region":"ap-northeast-1","tags":{"Name":"crm-attachments"},"tags_all":{"Name":"crm-attachments"},"timeouts":null},"after_unknown":{"acceleration_status":true,"acl":true,"arn":true,"bucket_domain_name":true,"bucket_prefix":true,"bucket_region":true,"bucket_regional_domain_name":true,"cors_rule":true,"grant":true,"hosted_zone_id":true,"id":true,"lifecycle_rule":true,"logging":true,"object_lock_configuration":true,"object_lock_enabled":true,"policy":true,"replication_configuration":true,"request_payer":true,"server_side_encryption_configuration":true,"tags":{},"tags_all":{},"versioning":true,"website":true,"website_domain":true,"website_endpoint":true},"before_sensitive":false,"after_sensitive":{"cors_rule":[],"grant":[],"lifecycle_rule":[],"logging":[],"object_lock_configuration":[],"replication_configuration":[],"server_side_encryption_configuration":[],"tags":{},"tags_all":{},"versioning":[],"website":[]},"after_identity":{"account_id":null,"bucket":null,"region":null}}},{"address":"module.storage.aws_s3_bucket_lifecycle_configuration.attachments","module_address":"module.storage","mode":"managed","type":"aws_s3_bucket_lifecycle_configuration","name":"attachments","provider_name":"registry.terraform.io/hashicorp/aws","change":{"actions":["create"],"before":null,"after":{"region":"ap-northeast-1","rule":[{"abort_incomplete_multipart_upload":[],"expiration":[],"filter":[{"and":[],"object_size_greater_than":null,"object_size_less_than":null,"prefix":"","tag":[]}],"id":"transition-to-ia","noncurrent_version_expiration":[],"noncurrent_version_transition":[],"prefix":"","status":"Enabled","transition":[{"date":null,"days":30,"storage_class":"STANDARD_IA"},{"date":null,"days":90,"storage_class":"GLACIER"}]}],"timeouts":null,"transition_default_minimum_object_size":"all_storage_classes_128K"},"after_unknown":{"bucket":true,"expected_bucket_owner":true,"id":true,"rule":[{"abort_incomplete_multipart_upload":[],"expiration":[],"filter":[{"and":[],"tag":[]}],"noncurrent_version_expiration":[],"noncurrent_version_transition":[],"transition":[{},{}]}]},"before_sensitive":false,"after_sensitive":{"rule":[{"abort_incomplete_multipart_upload":[],"expiration":[],"filter":[{"and":[],"tag":[]}],"noncurrent_version_expiration":[],"noncurrent_version_transition":[],"transition":[{},{}]}]}}},{"address":"module.storage.aws_s3_bucket_public_access_block.block","module_address":"module.storage","mode":"managed","type":"aws_s3_bucket_public_access_block","name":"block","provider_name":"registry.terraform.io/hashicorp/aws","change":{"actions":["create"],"before":null,"after":{"block_public_acls":true,"block_public_policy":true,"ignore_public_acls":true,"region":"ap-northeast-1","restrict_public_buckets":true},"after_unknown":{"bucket":true,"id":true},"before_sensitive":false,"after_sensitive":{}}},{"address":"module.storage.aws_s3_bucket_server_side_encryption_configuration.attachments","module_address":"module.storage","mode":"managed","type":"aws_s3_bucket_server_side_encryption_configuration","name":"attachments","provider_name":"registry.terraform.io/hashicorp/aws","change":{"actions":["create"],"before":null,"after":{"expected_bucket_owner":null,"region":"ap-northeast-1","rule":[{"apply_server_side_encryption_by_default":[{"sse_algorithm":"aws:kms"}],"bucket_key_enabled":null}]},"after_unknown":{"bucket":true,"id":true,"rule":[{"apply_server_side_encryption_by_default":[{"kms_master_key_id":true}]}]},"before_sensitive":false,"after_sensitive":{"rule":[{"apply_server_side_encryption_by_default":[{}]}]}}},{"address":"module.storage.aws_s3_bucket_versioning.attachments","module_address":"module.storage","mode":"managed","type":"aws_s3_bucket_versioning","name":"attachments","provider_name":"registry.terraform.io/hashicorp/aws","change":{"actions":["create"],"before":null,"after":{"expected_bucket_owner":null,"mfa":null,"region":"ap-northeast-1","versioning_configuration":[{"status":"Enabled"}]},"after_unknown":{"bucket":true,"id":true,"versioning_configuration":[{"mfa_delete":true}]},"before_sensitive":false,"after_sensitive":{"versioning_configuration":[{}]}}}],"prior_state":{"format_version":"1.0","terraform_version":"1.12.2","values":{"root_module":{"child_modules":[{"resources":[{"address":"module.failover.data.aws_iam_policy_document.lambda_assume","mode":"data","type":"aws_iam_policy_document","name":"lambda_assume","provider_name":"registry.terraform.io/hashicorp/aws","schema_version":0,"values":{"id":"2690255455","json":"{\n  \"Version\": \"2012-10-17\",\n  \"Statement\": [\n    {\n      \"Effect\": \"Allow\",\n      \"Action\": \"sts:AssumeRole\",\n      \"Principal\": {\n        \"Service\": \"lambda.amazonaws.com\"\n      }\n    }\n  ]\n}","minified_json":"{\"Version\":\"2012-10-17\",\"Statement\":[{\"Effect\":\"Allow\",\"Action\":\"sts:AssumeRole\",\"Principal\":{\"Service\":\"lambda.amazonaws.com\"}}]}","override_json":null,"override_policy_documents":null,"policy_id":null,"source_json":null,"source_policy_documents":null,"statement":[{"actions":["sts:AssumeRole"],"condition":[],"effect":"Allow","not_actions":[],"not_principals":[],"not_resources":[],"principals":[{"identifiers":["lambda.amazonaws.com"],"type":"Service"}],"resources":[],"sid":""}],"version":"2012-10-17"},"sensitive_values":{"statement":[{"actions":[false],"condition":[],"not_actions":[],"not_principals":[],"not_resources":[],"principals":[{"identifiers":[false]}],"resources":[]}]}}],"address":"module.failover"}]}}},"configuration":{"provider_config":{"aws":{"name":"aws","full_name":"registry.terraform.io/hashicorp/aws","version_constraint":"\u003e= 5.0.0, \u003c 7.0.0","expressions":{"access_key":{"constant_value":"mock_access_key"},"region":{"references":["var.region"]},"secret_key":{"constant_value":"mock_secret_key"},"skip_credentials_validation":{"constant_value":true},"skip_metadata_api_check":{"constant_value":true},"skip_requesting_account_id":{"constant_value":true}}},"aws.dr_region":{"name":"aws","full_name":"registry.terraform.io/hashicorp/aws","alias":"dr_region","version_constraint":"\u003e= 5.0.0, \u003c 7.0.0","expressions":{"access_key":{"constant_value":"mock_access_key"},"region":{"references":["var.dr_region"]},"secret_key":{"constant_value":"mock_secret_key"},"skip_credentials_validation":{"constant_value":true},"skip_metadata_api_check":{"constant_value":true},"skip_requesting_account_id":{"constant_value":true}}}},"root_module":{"module_calls":{"backup":{"source":"../../modules/backup","expressions":{"backup_schedule":{"constant_value":"cron(0 3 * * ? *)"},"db_instance_arn":{"references":["module.database.db_arn","module.database"]},"prefix":{"references":["var.prefix"]}},"module":{"resources":[{"address":"aws_backup_plan.cross_region","mode":"managed","type":"aws_backup_plan","name":"cross_region","provider_config_key":"aws","expressions":{"name":{"references":["var.prefix"]},"rule":[{"copy_action":[{"destination_vault_arn":{"references":["aws_backup_vault.secondary.arn","aws_backup_vault.secondary"]},"lifecycle":[{"delete_after":{"references":["var.secondary_retention_days"]}}]}],"lifecycle":[{"delete_after":{"references":["var.primary_retention_days"]}}],"rule_name":{"constant_value":"daily-backup"},"schedule":{"references":["var.backup_schedule"]},"target_vault_name":{"references":["aws_backup_vault.primary.name","aws_backup_vault.primary"]}}]},"schema_version":1},{"address":"aws_backup_selection.rds","mode":"managed","type":"aws_backup_selection","name":"rds","provider_config_key":"aws","expressions":{"iam_role_arn":{"references":["aws_iam_role.backup_role.arn","aws_iam_role.backup_role"]},"name":{"references":["var.prefix"]},"plan_id":{"references":["aws_backup_plan.cross_region.id","aws_backup_plan.cross_region"]},"resources":{"references":["var.db_instance_arn"]}},"schema_version":0},{"address":"aws_backup_vault.primary","mode":"managed","type":"aws_backup_vault","name":"primary","provider_config_key":"aws","expressions":{"name":{"references":["var.prefix"]}},"schema_version":0},{"address":"aws_backup_vault.secondary","mode":"managed","type":"aws_backup_vault","name":"secondary","provider_config_key":"aws.dr_region","expressions":{"name":{"references":["var.prefix"]}},"schema_version":0},{"address":"aws_iam_role.backup_role","mode":"managed","type":"aws_iam_role","name":"backup_role","provider_config_key":"aws","expressions":{"assume_role_policy":{},"name":{"references":["var.prefix"]}},"schema_version":0},{"address":"aws_iam_role_policy_attachment.backup_policy","mode":"managed","type":"aws_iam_role_policy_attachment","name":"backup_policy","provider_config_key":"aws","expressions":{"policy_arn":{"constant_value":"arn:aws:iam::aws:policy/service-role/AWSBackupServiceRolePolicyForBackup"},"role":{"references":["aws_iam_role.backup_role.name","aws_iam_role.backup_role"]}},"schema_version":0}],"variables":{"backup_schedule":{"default":"cron(0 5 * * ? *)","description":"Backup schedule in cron format"},"db_instance_arn":{"description":"ARN of the RDS instance to backup"},"prefix":{"description":"Resource name prefix"},"primary_retention_days":{"default":35,"description":"Retention days in primary region"},"secondary_retention_days":{"default":90,"description":"Retention days in DR region"}}}},"ci_cd":{"source":"../../modules/ci_cd","expressions":{"account_id":{"references":["var.account_id"]},"alb_alarm_name":{"references":["module.monitoring.alb_5xx_alarm_name","module.monitoring"]},"alb_listener_arn":{"references":["module.networking.alb_listener_arn","module.networking"]},"blue_target_group_name":{"references":["module.networking.blue_target_group_name","module.networking"]},"build_project_name":{"constant_value":"crm-build"},"ecs_cluster_name":{"references":["module.compute.cluster_name","module.compute"]},"ecs_cpu_alarm_name":{"references":["module.monitoring.ecs_cpu_alarm_name","module.monitoring"]},"ecs_memory_alarm_name":{"references":["module.monitoring.ecs_memory_alarm_name","module.monitoring"]},"ecs_service_name":{"references":["module.compute.server_service_name","module.compute"]},"green_target_group_name":{"references":["module.networking.green_target_group_name","module.networking"]},"pipeline_name":{"references":["var.pipeline_name"]},"rds_cpu_alarm_name":{"references":["module.monitoring.rds_cpu_alarm_name","module.monitoring"]},"region":{"references":["var.region"]},"repository_name":{"constant_value":"challenge"}},"module":{"outputs":{"connection_arn":{"expression":{"references":["aws_codestarconnections_connection.github.arn","aws_codestarconnections_connection.github"]},"description":"ARN of the CodeStar Connection to GitHub"}},"resources":[{"address":"aws_codebuild_project.build","mode":"managed","type":"aws_codebuild_project","name":"build","provider_config_key":"aws","expressions":{"artifacts":[{"type":{"constant_value":"CODEPIPELINE"}}],"cache":[{"modes":{"constant_value":["LOCAL_SOURCE_CACHE","LOCAL_DOCKER_LAYER_CACHE"]},"type":{"constant_value":"LOCAL"}}],"description":{"constant_value":"CRM build project"},"environment":[{"compute_type":{"constant_value":"BUILD_GENERAL1_MEDIUM"},"environment_variable":[{"name":{"constant_value":"AWS_ACCOUNT_ID"},"value":{"references":["var.account_id"]}},{"name":{"constant_value":"AWS_DEFAULT_REGION"},"value":{"references":["var.region"]}}],"image":{"constant_value":"aws/codebuild/standard:6.0"},"image_pull_credentials_type":{"constant_value":"CODEBUILD"},"privileged_mode":{"constant_value":true},"type":{"constant_value":"LINUX_CONTAINER"}}],"name":{"references":["var.build_project_name"]},"service_role":{"references":["aws_iam_role.codebuild.arn","aws_iam_role.codebuild"]},"source":[{"buildspec":{"references":["path.module"]},"type":{"constant_value":"CODEPIPELINE"}}]},"schema_version":0},{"address":"aws_codedeploy_app.ecs","mode":"managed","type":"aws_codedeploy_app","name":"ecs","provider_config_key":"aws","expressions":{"compute_platform":{"constant_value":"ECS"},"name":{"references":["var.pipeline_name"]}},"schema_version":0},{"address":"aws_codedeploy_deployment_group.ecs","mode":"managed","type":"aws_codedeploy_deployment_group","name":"ecs","provider_config_key":"aws","expressions":{"alarm_configuration":[{"alarms":{"references":["var.alb_alarm_name","var.ecs_cpu_alarm_name","var.ecs_memory_alarm_name","var.rds_cpu_alarm_name"]},"enabled":{"constant_value":true},"ignore_poll_alarm_failure":{"constant_value":false}}],"app_name":{"references":["aws_codedeploy_app.ecs.name","aws_codedeploy_app.ecs"]},"auto_rollback_configuration":[{"enabled":{"constant_value":true},"events":{"constant_value":["DEPLOYMENT_FAILURE","DEPLOYMENT_STOP_ON_ALARM"]}}],"blue_green_deployment_config":[{"deployment_ready_option":[{"action_on_timeout":{"constant_value":"CONTINUE_DEPLOYMENT"},"wait_time_in_minutes":{"constant_value":0}}],"green_fleet_provisioning_option":[{"action":{"constant_value":"DISCOVER_EXISTING"}}],"terminate_blue_instances_on_deployment_success":[{"action":{"constant_value":"TERMINATE"},"termination_wait_time_in_minutes":{"constant_value":5}}]}],"deployment_group_name":{"references":["var.pipeline_name"]},"deployment_style":[{"deployment_option":{"constant_value":"WITH_TRAFFIC_CONTROL"},"deployment_type":{"constant_value":"BLUE_GREEN"}}],"ecs_service":[{"cluster_name":{"references":["var.ecs_cluster_name"]},"service_name":{"references":["var.ecs_service_name"]}}],"load_balancer_info":[{"target_group_pair_info":[{"prod_traffic_route":[{"listener_arns":{"references":["var.alb_listener_arn"]}}],"target_group":[{"name":{"references":["var.blue_target_group_name"]}},{"name":{"references":["var.green_target_group_name"]}}],"test_traffic_route":[{"listener_arns":{"references":["var.alb_listener_arn"]}}]}]}],"service_role_arn":{"references":["aws_iam_role.codepipeline.arn","aws_iam_role.codepipeline"]}},"schema_version":0},{"address":"aws_codepipeline.crm","mode":"managed","type":"aws_codepipeline","name":"crm","provider_config_key":"aws","expressions":{"artifact_store":[{"location":{"references":["aws_s3_bucket.artifacts.bucket","aws_s3_bucket.artifacts"]},"type":{"constant_value":"S3"}}],"name":{"references":["var.pipeline_name"]},"role_arn":{"references":["aws_iam_role.codepipeline.arn","aws_iam_role.codepipeline"]},"stage":[{"action":[{"category":{"constant_value":"Source"},"configuration":{"references":["aws_codestarconnections_connection.github.arn","aws_codestarconnections_connection.github"]},"name":{"constant_value":"GitHub_Source"},"output_artifacts":{"constant_value":["source_output"]},"owner":{"constant_value":"AWS"},"provider":{"constant_value":"CodeStarSourceConnection"},"version":{"constant_value":"1"}}],"name":{"constant_value":"Source"}},{"action":[{"category":{"constant_value":"Build"},"configuration":{"references":["aws_codebuild_project.build.name","aws_codebuild_project.build"]},"input_artifacts":{"constant_value":["source_output"]},"name":{"constant_value":"Build"},"output_artifacts":{"constant_value":["build_output"]},"owner":{"constant_value":"AWS"},"provider":{"constant_value":"CodeBuild"},"version":{"constant_value":"1"}}],"name":{"constant_value":"Build"}},{"action":[{"category":{"constant_value":"Approval"},"name":{"constant_value":"ManualApproval"},"owner":{"constant_value":"AWS"},"provider":{"constant_value":"Manual"},"run_order":{"constant_value":1},"version":{"constant_value":"1"}}],"name":{"constant_value":"Approve"}},{"action":[{"category":{"constant_value":"Deploy"},"configuration":{"references":["aws_codedeploy_app.ecs.name","aws_codedeploy_app.ecs","aws_codedeploy_deployment_group.ecs.deployment_group_name","aws_codedeploy_deployment_group.ecs"]},"input_artifacts":{"constant_value":["build_output"]},"name":{"constant_value":"BlueGreenDeploy"},"owner":{"constant_value":"AWS"},"provider":{"constant_value":"CodeDeploy"},"version":{"constant_value":"1"}}],"name":{"constant_value":"Deploy"}}]},"schema_version":0},{"address":"aws_codestarconnections_connection.github","mode":"managed","type":"aws_codestarconnections_connection","name":"github","provider_config_key":"aws","expressions":{"name":{"constant_value":"crm-github-connection"},"provider_type":{"constant_value":"GitHub"}},"schema_version":0},{"address":"aws_ecr_repository.server","mode":"managed","type":"aws_ecr_repository","name":"server","provider_config_key":"aws","expressions":{"image_scanning_configuration":[{"scan_on_push":{"constant_value":true}}],"image_tag_mutability":{"constant_value":"MUTABLE"},"name":{"constant_value":"twenty-server"}},"schema_version":0},{"address":"aws_ecr_repository.worker","mode":"managed","type":"aws_ecr_repository","name":"worker","provider_config_key":"aws","expressions":{"image_scanning_configuration":[{"scan_on_push":{"constant_value":true}}],"image_tag_mutability":{"constant_value":"MUTABLE"},"name":{"constant_value":"twenty-worker"}},"schema_version":0},{"address":"aws_iam_role.codebuild","mode":"managed","type":"aws_iam_role","name":"codebuild","provider_config_key":"aws","expressions":{"assume_role_policy":{},"name":{"constant_value":"crm-codebuild-role"}},"schema_version":0},{"address":"aws_iam_role.codepipeline","mode":"managed","type":"aws_iam_role","name":"codepipeline","provider_config_key":"aws","expressions":{"assume_role_policy":{},"name":{"constant_value":"crm-codepipeline-role"}},"schema_version":0},{"address":"aws_iam_role_policy.codebuild","mode":"managed","type":"aws_iam_role_policy","name":"codebuild","provider_config_key":"aws","expressions":{"policy":{"references":["aws_s3_bucket.artifacts.arn","aws_s3_bucket.artifacts"]},"role":{"references":["aws_iam_role.codebuild.name","aws_iam_role.codebuild"]}},"schema_version":0},{"address":"aws_iam_role_policy.codepipeline","mode":"managed","type":"aws_iam_role_policy","name":"codepipeline","provider_config_key":"aws","expressions":{"policy":{"references":["aws_s3_bucket.artifacts.arn","aws_s3_bucket.artifacts","aws_s3_bucket.artifacts.arn","aws_s3_bucket.artifacts","aws_codestarconnections_connection.github.arn","aws_codestarconnections_connection.github"]},"role":{"references":["aws_iam_role.codepipeline.name","aws_iam_role.codepipeline"]}},"schema_version":0},{"address":"aws_s3_bucket.artifacts","mode":"managed","type":"aws_s3_bucket","name":"artifacts","provider_config_key":"aws","expressions":{"bucket":{"references":["var.pipeline_name"]},"force_destroy":{"constant_value":true}},"schema_version":0},{"address":"aws_s3_bucket_acl.artifacts","mode":"managed","type":"aws_s3_bucket_acl","name":"artifacts","provider_config_key":"aws","expressions":{"acl":{"constant_value":"private"},"bucket":{"references":["aws_s3_bucket.artifacts.id","aws_s3_bucket.artifacts"]}},"schema_version":0}],"variables":{"account_id":{"description":"AWS account ID"},"alb_alarm_name":{"description":"CloudWatch alarm name for ALB 5XX errors"},"alb_listener_arn":{},"blue_target_group_name":{},"build_project_name":{"description":"CodeBuild project name"},"ecs_cluster_name":{"description":"ECS cluster name"},"ecs_cpu_alarm_name":{"description":"CloudWatch alarm name for ECS CPU usage"},"ecs_memory_alarm_name":{"description":"CloudWatch alarm name for ECS memory usage"},"ecs_service_name":{"description":"ECS service name"},"green_target_group_name":{},"pipeline_name":{"description":"CodePipeline name"},"rds_cpu_alarm_name":{"description":"CloudWatch alarm name for RDS CPU usage"},"region":{"description":"AWS region"},"repository_name":{"description":"CodeCommit repository name"}}}},"compute":{"source":"../../modules/compute","expressions":{"alb_target_group_arn":{"references":["module.networking.alb_target_group_arn","module.networking"]},"app_secret_arn":{"references":["module.security.app_secret_arn","module.security"]},"cloudwatch_log_group":{"constant_value":"/ecs/crm-app"},"cluster_name":{"constant_value":"crm-cluster"},"db_endpoint":{"references":["module.database.db_endpoint","module.database"]},"db_name":{"references":["module.database.db_name","module.database"]},"db_username":{"references":["var.db_username"]},"ecs_security_group_id":{"references":["module.security.ecs_sg_id","module.security"]},"execution_role_arn":{"references":["module.security.ecs_exec_role_arn","module.security"]},"kms_key_arn":{"references":["module.security.kms_key_arn","module.security"]},"pgpassword_secret_arn":{"references":["module.security.pgpassword_secret_arn","module.security"]},"private_subnets":{"references":["module.networking.private_subnets","module.networking"]},"region":{"references":["var.region"]},"s3_bucket_name":{"references":["module.storage.s3_bucket_name","module.storage"]},"server_image":{"references":["var.account_id","var.region"]},"server_url":{"references":["var.domain_name"]},"task_role_arn":{"references":["module.security.ecs_task_role_arn","module.security"]},"worker_image":{"references":["var.account_id","var.region"]}},"module":{"outputs":{"cluster_name":{"expression":{"references":["aws_ecs_cluster.main.name","aws_ecs_cluster.main"]}},"log_group_name":{"expression":{"references":["aws_cloudwatch_log_group.main.name","aws_cloudwatch_log_group.main"]}},"server_service_name":{"expression":{"references":["aws_ecs_service.server.name","aws_ecs_service.server"]}},"worker_service_name":{"expression":{"references":["aws_ecs_service.worker.name","aws_ecs_service.worker"]}}},"resources":[{"address":"aws_appautoscaling_policy.server_scale_cpu","mode":"managed","type":"aws_appautoscaling_policy","name":"server_scale_cpu","provider_config_key":"aws","expressions":{"name":{"constant_value":"server-scale-cpu"},"policy_type":{"constant_value":"TargetTrackingScaling"},"resource_id":{"references":["aws_appautoscaling_target.server_scale.resource_id","aws_appautoscaling_target.server_scale"]},"scalable_dimension":{"references":["aws_appautoscaling_target.server_scale.scalable_dimension","aws_appautoscaling_target.server_scale"]},"service_namespace":{"references":["aws_appautoscaling_target.server_scale.service_namespace","aws_appautoscaling_target.server_scale"]},"target_tracking_scaling_policy_configuration":[{"predefined_metric_specification":[{"predefined_metric_type":{"constant_value":"ECSServiceAverageCPUUtilization"}}],"target_value":{"constant_value":70}}]},"schema_version":0},{"address":"aws_appautoscaling_target.server_scale","mode":"managed","type":"aws_appautoscaling_target","name":"server_scale","provider_config_key":"aws","expressions":{"max_capacity":{"references":["var.server_max_capacity"]},"min_capacity":{"references":["var.server_min_capacity"]},"resource_id":{"references":["aws_ecs_cluster.main.name","aws_ecs_cluster.main","aws_ecs_service.server.name","aws_ecs_service.server"]},"scalable_dimension":{"constant_value":"ecs:service:DesiredCount"},"service_namespace":{"constant_value":"ecs"}},"schema_version":0},{"address":"aws_cloudwatch_log_group.main","mode":"managed","type":"aws_cloudwatch_log_group","name":"main","provider_config_key":"aws","expressions":{"kms_key_id":{"references":["var.kms_key_arn"]},"name":{"references":["var.cloudwatch_log_group"]},"retention_in_days":{"constant_value":30}},"schema_version":0},{"address":"aws_ecs_cluster.main","mode":"managed","type":"aws_ecs_cluster","name":"main","provider_config_key":"aws","expressions":{"name":{"references":["var.cluster_name"]},"setting":[{"name":{"constant_value":"containerInsights"},"value":{"constant_value":"enabled"}}]},"schema_version":0},{"address":"aws_ecs_service.server","mode":"managed","type":"aws_ecs_service","name":"server","provider_config_key":"aws","expressions":{"cluster":{"references":["aws_ecs_cluster.main.id","aws_ecs_cluster.main"]},"deployment_controller":[{"type":{"constant_value":"CODE_DEPLOY"}}],"desired_count":{"references":["var.server_desired_count"]},"launch_type":{"constant_value":"FARGATE"},"load_balancer":[{"container_name":{"constant_value":"twenty-server"},"container_port":{"references":["var.server_container_port"]},"target_group_arn":{"references":["var.alb_target_group_arn"]}}],"name":{"constant_value":"twenty-server"},"network_configuration":[{"assign_public_ip":{"constant_value":false},"security_groups":{"references":["var.ecs_security_group_id"]},"subnets":{"references":["var.private_subnets"]}}],"task_definition":{"references":["aws_ecs_task_definition.server.arn","aws_ecs_task_definition.server"]}},"schema_version":1},{"address":"aws_ecs_service.worker","mode":"managed","type":"aws_ecs_service","name":"worker","provider_config_key":"aws","expressions":{"cluster":{"references":["aws_ecs_cluster.main.id","aws_ecs_cluster.main"]},"desired_count":{"references":["var.worker_desired_count"]},"launch_type":{"constant_value":"FARGATE"},"name":{"constant_value":"twenty-worker"},"network_configuration":[{"assign_public_ip":{"constant_value":false},"security_groups":{"references":["var.ecs_security_group_id"]},"subnets":{"references":["var.private_subnets"]}}],"task_definition":{"references":["aws_ecs_task_definition.worker.arn","aws_ecs_task_definition.worker"]}},"schema_version":1},{"address":"aws_ecs_task_definition.server","mode":"managed","type":"aws_ecs_task_definition","name":"server","provider_config_key":"aws","expressions":{"container_definitions":{"references":["var.server_image","var.server_url","var.db_endpoint","var.db_name","var.db_username","var.s3_bucket_name","var.app_secret_arn","var.pgpassword_secret_arn","var.server_container_port","var.server_container_port","var.cloudwatch_log_group","var.region"]},"cpu":{"references":["var.server_cpu"]},"execution_role_arn":{"references":["var.execution_role_arn"]},"family":{"constant_value":"twenty-server"},"memory":{"references":["var.server_memory"]},"network_mode":{"constant_value":"awsvpc"},"requires_compatibilities":{"constant_value":["FARGATE"]},"task_role_arn":{"references":["var.task_role_arn"]}},"schema_version":1},{"address":"aws_ecs_task_definition.worker","mode":"managed","type":"aws_ecs_task_definition","name":"worker","provider_config_key":"aws","expressions":{"container_definitions":{"references":["var.worker_image","var.db_endpoint","var.db_name","var.db_username","var.s3_bucket_name","var.app_secret_arn","var.pgpassword_secret_arn","var.cloudwatch_log_group","var.region"]},"cpu":{"references":["var.worker_cpu"]},"execution_role_arn":{"references":["var.execution_role_arn"]},"family":{"constant_value":"twenty-worker"},"memory":{"references":["var.worker_memory"]},"network_mode":{"constant_value":"awsvpc"},"requires_compatibilities":{"constant_value":["FARGATE"]},"task_role_arn":{"references":["var.task_role_arn"]}},"schema_version":1}],"variables":{"alb_target_group_arn":{"description":"ALB target group ARN"},"app_secret_arn":{"description":"App secret ARN"},"cloudwatch_log_group":{"description":"CloudWatch log group name"},"cluster_name":{"description":"ECS cluster name"},"db_endpoint":{"description":"Database endpoint"},"db_name":{"description":"Database name"},"db_username":{"description":"Database username"},"ecs_security_group_id":{"description":"ECS security group ID"},"execution_role_arn":{"description":"ECS execution role ARN"},"kms_key_arn":{"description":"KMS key ARN"},"pgpassword_secret_arn":{"description":"Database password secret ARN"},"private_subnets":{"description":"Private subnets for ECS"},"region":{"description":"AWS region"},"s3_bucket_name":{"description":"S3 bucket name"},"server_container_port":{"default":3000,"description":"Server container port"},"server_cpu":{"default":512,"description":"Server CPU units"},"server_desired_count":{"default":2,"description":"Server desired count"},"server_image":{"description":"Server container image"},"server_max_capacity":{"default":10,"description":"Server max capacity"},"server_memory":{"default":1024,"description":"Server memory (MB)"},"server_min_capacity":{"default":2,"description":"Server min capacity"},"server_url":{"description":"Application server URL"},"task_role_arn":{"description":"ECS task role ARN"},"worker_cpu":{"default":256,"description":"Worker CPU units"},"worker_desired_count":{"default":1,"description":"Worker desired count"},"worker_image":{"description":"Worker container image"},"worker_memory":{"default":512,"description":"Worker memory (MB)"}}}},"cost":{"source":"../../modules/cost","expressions":{"alert_email":{"references":["var.alarm_email"]},"anomaly_threshold_amount":{"references":["var.anomaly_threshold_amount"]},"budget_threshold_amount":{"references":["var.budget_threshold_percent"]},"cur_s3_bucket":{"references":["var.cur_s3_bucket"]},"monthly_budget_limit":{"references":["var.monthly_budget_limit"]},"prefix":{"references":["var.prefix"]},"region":{"references":["var.region"]}},"module":{"outputs":{"anomaly_rule_arn":{"expression":{"references":["aws_cloudwatch_event_rule.cost_anomaly.arn","aws_cloudwatch_event_rule.cost_anomaly"]},"description":"ARN of the EventBridge rule for cost anomalies"},"budget_name":{"expression":{"references":["aws_budgets_budget.monthly.name","aws_budgets_budget.monthly"]},"description":"Name of the monthly budget"},"cur_bucket":{"expression":{"references":["aws_s3_bucket.cur.bucket","aws_s3_bucket.cur"]},"description":"Name of the CUR S3 bucket"}},"resources":[{"address":"aws_budgets_budget.monthly","mode":"managed","type":"aws_budgets_budget","name":"monthly","provider_config_key":"aws","expressions":{"budget_type":{"constant_value":"COST"},"cost_types":[{"include_subscription":{"constant_value":true},"include_tax":{"constant_value":true},"use_blended":{"constant_value":false}}],"limit_amount":{"references":["var.monthly_budget_limit"]},"limit_unit":{"constant_value":"JPY"},"name":{"references":["var.prefix"]},"notification":[{"comparison_operator":{"constant_value":"GREATER_THAN"},"notification_type":{"constant_value":"ACTUAL"},"subscriber_email_addresses":{"references":["var.alert_email"]},"threshold":{"references":["var.budget_threshold_amount"]},"threshold_type":{"constant_value":"PERCENTAGE"}}],"time_unit":{"constant_value":"MONTHLY"}},"schema_version":0,"depends_on":["aws_sns_topic.cost_alerts"]},{"address":"aws_cloudwatch_event_rule.cost_anomaly","mode":"managed","type":"aws_cloudwatch_event_rule","name":"cost_anomaly","provider_config_key":"aws","expressions":{"event_pattern":{},"name":{"references":["var.prefix"]}},"schema_version":1},{"address":"aws_cloudwatch_event_target.cost_anomaly_to_sns","mode":"managed","type":"aws_cloudwatch_event_target","name":"cost_anomaly_to_sns","provider_config_key":"aws","expressions":{"arn":{"references":["aws_sns_topic.cost_alerts.arn","aws_sns_topic.cost_alerts"]},"rule":{"references":["aws_cloudwatch_event_rule.cost_anomaly.name","aws_cloudwatch_event_rule.cost_anomaly"]}},"schema_version":1},{"address":"aws_cur_report_definition.daily","mode":"managed","type":"aws_cur_report_definition","name":"daily","provider_config_key":"aws","expressions":{"additional_schema_elements":{"constant_value":["RESOURCES"]},"compression":{"constant_value":"GZIP"},"format":{"constant_value":"textORcsv"},"report_name":{"references":["var.prefix"]},"report_versioning":{"constant_value":"CREATE_NEW_REPORT"},"s3_bucket":{"references":["aws_s3_bucket.cur.bucket","aws_s3_bucket.cur"]},"s3_prefix":{"constant_value":"cur-reports/"},"s3_region":{"references":["var.region"]},"time_unit":{"constant_value":"DAILY"}},"schema_version":0},{"address":"aws_s3_bucket.cur","mode":"managed","type":"aws_s3_bucket","name":"cur","provider_config_key":"aws","expressions":{"bucket":{"references":["var.cur_s3_bucket"]},"force_destroy":{"constant_value":true}},"schema_version":0},{"address":"aws_s3_bucket_lifecycle_configuration.cur","mode":"managed","type":"aws_s3_bucket_lifecycle_configuration","name":"cur","provider_config_key":"aws","expressions":{"bucket":{"references":["aws_s3_bucket.cur.id","aws_s3_bucket.cur"]},"rule":[{"expiration":[{"days":{"constant_value":365}}],"filter":[{"prefix":{"constant_value":""}}],"id":{"constant_value":"expire-old-cur"},"status":{"constant_value":"Enabled"}}]},"schema_version":1},{"address":"aws_s3_bucket_versioning.cur","mode":"managed","type":"aws_s3_bucket_versioning","name":"cur","provider_config_key":"aws","expressions":{"bucket":{"references":["aws_s3_bucket.cur.id","aws_s3_bucket.cur"]},"versioning_configuration":[{"status":{"constant_value":"Enabled"}}]},"schema_version":0},{"address":"aws_sns_topic.cost_alerts","mode":"managed","type":"aws_sns_topic","name":"cost_alerts","provider_config_key":"aws","expressions":{"name":{"references":["var.prefix"]}},"schema_version":0},{"address":"aws_sns_topic_policy.cost_alerts_policy","mode":"managed","type":"aws_sns_topic_policy","name":"cost_alerts_policy","provider_config_key":"aws","expressions":{"arn":{"references":["aws_sns_topic.cost_alerts.arn","aws_sns_topic.cost_alerts"]},"policy":{"references":["data.aws_iam_policy_document.events_to_sns.json","data.aws_iam_policy_document.events_to_sns"]}},"schema_version":0},{"address":"data.aws_iam_policy_document.events_to_sns","mode":"data","type":"aws_iam_policy_document","name":"events_to_sns","provider_config_key":"aws","expressions":{"statement":[{"actions":{"constant_value":["sns:Publish"]},"condition":[{"test":{"constant_value":"ArnEquals"},"values":{"references":["aws_cloudwatch_event_rule.cost_anomaly.arn","aws_cloudwatch_event_rule.cost_anomaly"]},"variable":{"constant_value":"aws:SourceArn"}}],"effect":{"constant_value":"Allow"},"principals":[{"identifiers":{"constant_value":["events.amazonaws.com"]},"type":{"constant_value":"Service"}}],"resources":{"references":["aws_sns_topic.cost_alerts.arn","aws_sns_topic.cost_alerts"]}}]},"schema_version":0}],"variables":{"alert_email":{"description":"Email for budget and anomaly notifications"},"anomaly_threshold_amount":{"default":20000,"description":"Absolute JPY threshold for anomaly alerts"},"budget_threshold_amount":{"default":80,"description":"Alert threshold as percentage of JPY budget"},"cur_s3_bucket":{"description":"S3 bucket to receive CUR files (must exist)"},"monthly_budget_limit":{"default":100000,"description":"Budget limit in JPY"},"prefix":{"description":"Name prefix"},"region":{"description":"AWS region for CUR bucket \u0026 budgets"}}}},"database":{"source":"../../modules/database","expressions":{"db_instance_class":{"references":["var.db_instance_class"]},"db_name":{"references":["var.db_name"]},"db_password":{"references":["var.db_password"]},"db_sg_id":{"references":["module.security.db_sg_id","module.security"]},"db_sg_ids":{"references":["var.db_sg_ids"]},"db_subnet_group":{"references":["module.networking.db_subnet_group","module.networking"]},"db_subnets":{"references":["module.networking.private_subnets","module.networking"]},"db_username":{"references":["var.db_username"]},"kms_key_arn":{"references":["module.security.kms_key_arn","module.security"]},"prefix":{"references":["var.prefix"]}},"module":{"outputs":{"db_arn":{"expression":{"references":["aws_db_instance.main.arn","aws_db_instance.main"]},"description":"RDS instance ARN"},"db_endpoint":{"expression":{"references":["aws_db_instance.main.endpoint","aws_db_instance.main"]}},"db_instance_id":{"expression":{"references":["aws_db_instance.main.identifier","aws_db_instance.main"]}},"db_name":{"expression":{"references":["aws_db_instance.main.db_name","aws_db_instance.main"]}},"main_id":{"expression":{"references":["aws_db_instance.main.id","aws_db_instance.main"]},"description":"The ID of the primary RDS instance"},"replica_arn":{"expression":{"references":["aws_db_instance.replica.arn","aws_db_instance.replica"]}},"replica_id":{"expression":{"references":["aws_db_instance.replica.id","aws_db_instance.replica"]}}},"resources":[{"address":"aws_db_instance.main","mode":"managed","type":"aws_db_instance","name":"main","provider_config_key":"aws","expressions":{"allocated_storage":{"constant_value":20},"apply_immediately":{"constant_value":true},"backup_retention_period":{"constant_value":7},"backup_window":{"constant_value":"03:00-06:00"},"db_name":{"references":["var.db_name"]},"db_subnet_group_name":{"references":["var.db_subnet_group"]},"engine":{"constant_value":"postgres"},"engine_version":{"constant_value":"15.5"},"identifier":{"constant_value":"crm-db"},"instance_class":{"constant_value":"db.t3.medium"},"kms_key_id":{"references":["var.kms_key_arn"]},"maintenance_window":{"constant_value":"Mon:00:00-Mon:03:00"},"multi_az":{"constant_value":true},"parameter_group_name":{"references":["aws_db_parameter_group.main.name","aws_db_parameter_group.main"]},"password":{"references":["var.db_password"]},"publicly_accessible":{"constant_value":false},"skip_final_snapshot":{"constant_value":true},"storage_encrypted":{"constant_value":true},"storage_type":{"constant_value":"gp3"},"tags":{"constant_value":{"Name":"crm-db"}},"username":{"references":["var.db_username"]},"vpc_security_group_ids":{"references":["var.db_sg_id"]}},"schema_version":2},{"address":"aws_db_instance.replica","mode":"managed","type":"aws_db_instance","name":"replica","provider_config_key":"aws.dr_region","expressions":{"db_subnet_group_name":{"references":["var.db_subnet_group"]},"identifier":{"references":["var.prefix"]},"instance_class":{"references":["var.db_instance_class"]},"publicly_accessible":{"constant_value":false},"replicate_source_db":{"references":["aws_db_instance.main.id","aws_db_instance.main"]},"storage_encrypted":{"constant_value":true},"tags":{"references":["var.prefix"]},"vpc_security_group_ids":{"references":["var.db_sg_ids"]}},"schema_version":2},{"address":"aws_db_parameter_group.main","mode":"managed","type":"aws_db_parameter_group","name":"main","provider_config_key":"aws","expressions":{"family":{"constant_value":"postgres15"},"name":{"constant_value":"crm-pg-15"},"parameter":[{"name":{"constant_value":"log_statement"},"value":{"constant_value":"all"}},{"name":{"constant_value":"log_min_duration_statement"},"value":{"constant_value":"1000"}}]},"schema_version":0},{"address":"aws_db_subnet_group.main","mode":"managed","type":"aws_db_subnet_group","name":"main","provider_config_key":"aws","expressions":{"name":{"constant_value":"crm-db-subnet-group"},"subnet_ids":{"references":["var.db_subnets"]},"tags":{"constant_value":{"Name":"crm-db-subnet-group"}}},"schema_version":0}],"variables":{"db_instance_class":{"description":"RDS instance class"},"db_name":{"description":"Database name"},"db_password":{"description":"Database password","sensitive":true},"db_sg_id":{"description":"Database security group ID"},"db_sg_ids":{"description":"List of security group IDs for the DB"},"db_subnet_group":{"description":"Database subnet group name"},"db_subnets":{"description":"Database subnets"},"db_username":{"description":"Database username"},"kms_key_arn":{"description":"KMS key ARN for encryption"},"prefix":{"description":"Name prefix for all DB resources"}}}},"edge":{"source":"../../modules/edge","expressions":{"acm_certificate_arn":{"references":["var.acm_certificate_arn"]},"alb_dns_name":{"references":["module.networking.alb_dns_name","module.networking"]},"domain_name":{"references":["var.domain_name"]},"waf_acl_arn":{"references":["module.security.waf_acl_arn","module.security"]}},"module":{"outputs":{"cloudfront_domain":{"expression":{"references":["aws_cloudfront_distribution.crm.domain_name","aws_cloudfront_distribution.crm"]}},"hosted_zone_id":{"expression":{"references":["aws_route53_zone.main.zone_id","aws_route53_zone.main"]}}},"resources":[{"address":"aws_cloudfront_distribution.crm","mode":"managed","type":"aws_cloudfront_distribution","name":"crm","provider_config_key":"aws","expressions":{"aliases":{"references":["var.domain_name"]},"default_cache_behavior":[{"allowed_methods":{"constant_value":["DELETE","GET","HEAD","OPTIONS","PATCH","POST","PUT"]},"cached_methods":{"constant_value":["GET","HEAD"]},"compress":{"constant_value":true},"default_ttl":{"constant_value":3600},"forwarded_values":[{"cookies":[{"forward":{"constant_value":"all"}}],"headers":{"constant_value":["*"]},"query_string":{"constant_value":true}}],"max_ttl":{"constant_value":86400},"min_ttl":{"constant_value":0},"target_origin_id":{"constant_value":"alb-origin"},"viewer_protocol_policy":{"constant_value":"redirect-to-https"}}],"default_root_object":{"constant_value":"index.html"},"enabled":{"constant_value":true},"origin":[{"custom_origin_config":[{"http_port":{"constant_value":80},"https_port":{"constant_value":443},"origin_protocol_policy":{"constant_value":"https-only"},"origin_ssl_protocols":{"constant_value":["TLSv1.2"]}}],"domain_name":{"references":["var.alb_dns_name"]},"origin_id":{"constant_value":"alb-origin"}}],"price_class":{"constant_value":"PriceClass_100"},"restrictions":[{"geo_restriction":[{"restriction_type":{"constant_value":"none"}}]}],"viewer_certificate":[{"acm_certificate_arn":{"references":["var.acm_certificate_arn"]},"cloudfront_default_certificate":{"constant_value":false},"minimum_protocol_version":{"constant_value":"TLSv1.2_2021"},"ssl_support_method":{"constant_value":"sni-only"}}],"web_acl_id":{"references":["var.waf_acl_arn"]}},"schema_version":1},{"address":"aws_route53_record.crm","mode":"managed","type":"aws_route53_record","name":"crm","provider_config_key":"aws","expressions":{"alias":[{"evaluate_target_health":{"constant_value":true},"name":{"references":["aws_cloudfront_distribution.crm.domain_name","aws_cloudfront_distribution.crm"]},"zone_id":{"references":["aws_cloudfront_distribution.crm.hosted_zone_id","aws_cloudfront_distribution.crm"]}}],"name":{"references":["var.domain_name"]},"type":{"constant_value":"A"},"zone_id":{"references":["aws_route53_zone.main.zone_id","aws_route53_zone.main"]}},"schema_version":2},{"address":"aws_route53_zone.main","mode":"managed","type":"aws_route53_zone","name":"main","provider_config_key":"aws","expressions":{"name":{"references":["var.domain_name"]}},"schema_version":0}],"variables":{"acm_certificate_arn":{"description":"ACM certificate ARN"},"alb_dns_name":{"description":"ALB DNS name"},"domain_name":{"description":"Domain name for the application"},"waf_acl_arn":{"description":"WAF ACL ARN"}}}},"failover":{"source":"../../modules/failover","expressions":{"lambda_s3_bucket":{"references":["var.lambda_code_bucket"]},"lambda_s3_key":{"references":["var.lambda_code_key"]},"prefix":{"references":["var.prefix"]},"primary_db_id":{"references":["module.database.main_id","module.database"]},"replica_arn":{"references":["module.database.replica_arn","module.database"]},"replica_id":{"references":["module.database.replica_id","module.database"]}},"module":{"resources":[{"address":"aws_cloudwatch_event_rule.rds_failover","mode":"managed","type":"aws_cloudwatch_event_rule","name":"rds_failover","provider_config_key":"aws","expressions":{"event_pattern":{"references":["var.primary_db_id"]},"name":{"references":["var.prefix"]}},"schema_version":1},{"address":"aws_cloudwatch_event_target.to_lambda","mode":"managed","type":"aws_cloudwatch_event_target","name":"to_lambda","provider_config_key":"aws","expressions":{"arn":{"references":["aws_lambda_function.promote.arn","aws_lambda_function.promote"]},"rule":{"references":["aws_cloudwatch_event_rule.rds_failover.name","aws_cloudwatch_event_rule.rds_failover"]}},"schema_version":1},{"address":"aws_iam_policy.promote_policy","mode":"managed","type":"aws_iam_policy","name":"promote_policy","provider_config_key":"aws","expressions":{"name":{"references":["var.prefix"]},"policy":{"references":["var.replica_arn"]}},"schema_version":0},{"address":"aws_iam_role.promote_role","mode":"managed","type":"aws_iam_role","name":"promote_role","provider_config_key":"aws","expressions":{"assume_role_policy":{"references":["data.aws_iam_policy_document.lambda_assume.json","data.aws_iam_policy_document.lambda_assume"]},"name":{"references":["var.prefix"]}},"schema_version":0},{"address":"aws_iam_role_policy_attachment.attach_promote","mode":"managed","type":"aws_iam_role_policy_attachment","name":"attach_promote","provider_config_key":"aws","expressions":{"policy_arn":{"references":["aws_iam_policy.promote_policy.arn","aws_iam_policy.promote_policy"]},"role":{"references":["aws_iam_role.promote_role.name","aws_iam_role.promote_role"]}},"schema_version":0},{"address":"aws_lambda_function.promote","mode":"managed","type":"aws_lambda_function","name":"promote","provider_config_key":"aws","expressions":{"environment":[{"variables":{"references":["var.replica_id"]}}],"function_name":{"references":["var.prefix"]},"handler":{"constant_value":"index.handler"},"role":{"references":["aws_iam_role.promote_role.arn","aws_iam_role.promote_role"]},"runtime":{"constant_value":"nodejs18.x"},"s3_bucket":{"references":["var.lambda_s3_bucket"]},"s3_key":{"references":["var.lambda_s3_key"]}},"schema_version":0},{"address":"aws_lambda_permission.allow_event","mode":"managed","type":"aws_lambda_permission","name":"allow_event","provider_config_key":"aws","expressions":{"action":{"constant_value":"lambda:InvokeFunction"},"function_name":{"references":["aws_lambda_function.promote.function_name","aws_lambda_function.promote"]},"principal":{"constant_value":"events.amazonaws.com"},"source_arn":{"references":["aws_cloudwatch_event_rule.rds_failover.arn","aws_cloudwatch_event_rule.rds_failover"]},"statement_id":{"constant_value":"AllowEvents"}},"schema_version":0},{"address":"data.aws_iam_policy_document.lambda_assume","mode":"data","type":"aws_iam_policy_document","name":"lambda_assume","provider_config_key":"aws","expressions":{"statement":[{"actions":{"constant_value":["sts:AssumeRole"]},"principals":[{"identifiers":{"constant_value":["lambda.amazonaws.com"]},"type":{"constant_value":"Service"}}]}]},"schema_version":0}],"variables":{"lambda_s3_bucket":{"description":"S3 bucket holding the Lambda zip"},"lambda_s3_key":{"description":"S3 object key for the Lambda zip"},"prefix":{"description":"Name prefix for failover resources"},"primary_db_id":{"description":"The ID of the primary RDS instance to watch for failover"},"replica_arn":{"description":"The ARN of the read-replica for IAM policy"},"replica_id":{"description":"The ID of the read-replica to promote"}}}},"monitoring":{"source":"../../modules/monitoring","expressions":{"alarm_email":{"references":["var.alarm_email"]},"alb_arn_suffix":{"references":["module.networking.alb_target_group_arn","module.networking"]},"db_instance_id":{"references":["module.database.db_instance_id","module.database"]},"ecs_cluster_name":{"references":["module.compute.cluster_name","module.compute"]},"ecs_service_name":{"references":["module.compute.server_service_name","module.compute"]},"pipeline_name":{"references":["var.pipeline_name"]},"prefix":{"constant_value":"crm-prod"}},"module":{"outputs":{"alarm_topic_arn":{"expression":{"references":["aws_sns_topic.alarms.arn","aws_sns_topic.alarms"]}},"alb_5xx_alarm_name":{"expression":{"references":["aws_cloudwatch_metric_alarm.alb_5xx.alarm_name","aws_cloudwatch_metric_alarm.alb_5xx"]},"description":"Name of the ALB 5XX CloudWatch alarm"},"ecs_cpu_alarm_name":{"expression":{"references":["aws_cloudwatch_metric_alarm.ecs_cpu.alarm_name","aws_cloudwatch_metric_alarm.ecs_cpu"]},"description":"Name of the ECS high-CPU alarm"},"ecs_memory_alarm_name":{"expression":{"references":["aws_cloudwatch_metric_alarm.ecs_memory.alarm_name","aws_cloudwatch_metric_alarm.ecs_memory"]},"description":"Name of the ECS high-memory alarm"},"flow_logs_log_group_arn":{"expression":{"references":["aws_cloudwatch_log_group.flow_logs.arn","aws_cloudwatch_log_group.flow_logs"]},"description":"The ARN of the log group used for VPC flow logs"},"rds_cpu_alarm_name":{"expression":{"references":["aws_cloudwatch_metric_alarm.rds_cpu.alarm_name","aws_cloudwatch_metric_alarm.rds_cpu"]},"description":"Name of the RDS high-CPU alarm"},"vpc_flow_log_group":{"expression":{"references":["aws_cloudwatch_log_group.flow_logs.name","aws_cloudwatch_log_group.flow_logs"]}}},"resources":[{"address":"aws_cloudwatch_log_group.flow_logs","mode":"managed","type":"aws_cloudwatch_log_group","name":"flow_logs","provider_config_key":"aws","expressions":{"name":{"constant_value":"/aws/vpc/flow-logs"},"retention_in_days":{"constant_value":14},"tags":{"constant_value":{"Name":"crm-flow-logs"}}},"schema_version":0},{"address":"aws_cloudwatch_metric_alarm.alb_5xx","mode":"managed","type":"aws_cloudwatch_metric_alarm","name":"alb_5xx","provider_config_key":"aws","expressions":{"alarm_actions":{"references":["aws_sns_topic.alarms.arn","aws_sns_topic.alarms"]},"alarm_name":{"references":["var.pipeline_name"]},"comparison_operator":{"constant_value":"GreaterThanThreshold"},"dimensions":{"references":["var.alb_arn_suffix"]},"evaluation_periods":{"constant_value":1},"metric_name":{"constant_value":"HTTPCode_Target_5XX_Count"},"namespace":{"constant_value":"AWS/ApplicationELB"},"period":{"constant_value":60},"statistic":{"constant_value":"Sum"},"threshold":{"constant_value":10}},"schema_version":1},{"address":"aws_cloudwatch_metric_alarm.backup_failure","mode":"managed","type":"aws_cloudwatch_metric_alarm","name":"backup_failure","provider_config_key":"aws","expressions":{"alarm_actions":{"references":["aws_sns_topic.alarms.arn","aws_sns_topic.alarms"]},"alarm_description":{"constant_value":"Detects failed backup jobs"},"alarm_name":{"references":["var.prefix"]},"comparison_operator":{"constant_value":"GreaterThanThreshold"},"dimensions":{"references":["var.prefix"]},"evaluation_periods":{"constant_value":1},"metric_name":{"constant_value":"NumberOfBackupJobsFailed"},"namespace":{"constant_value":"AWS/Backup"},"period":{"constant_value":86400},"statistic":{"constant_value":"Sum"},"threshold":{"constant_value":0}},"schema_version":1},{"address":"aws_cloudwatch_metric_alarm.ecs_cpu","mode":"managed","type":"aws_cloudwatch_metric_alarm","name":"ecs_cpu","provider_config_key":"aws","expressions":{"alarm_actions":{"references":["aws_sns_topic.alarms.arn","aws_sns_topic.alarms"]},"alarm_name":{"constant_value":"ecs-high-cpu"},"comparison_operator":{"constant_value":"GreaterThanThreshold"},"dimensions":{"references":["var.ecs_cluster_name","var.ecs_service_name"]},"evaluation_periods":{"constant_value":2},"metric_name":{"constant_value":"CPUUtilization"},"namespace":{"constant_value":"AWS/ECS"},"period":{"constant_value":300},"statistic":{"constant_value":"Average"},"threshold":{"constant_value":75}},"schema_version":1},{"address":"aws_cloudwatch_metric_alarm.ecs_memory","mode":"managed","type":"aws_cloudwatch_metric_alarm","name":"ecs_memory","provider_config_key":"aws","expressions":{"alarm_actions":{"references":["aws_sns_topic.alarms.arn","aws_sns_topic.alarms"]},"alarm_name":{"constant_value":"ecs-high-memory"},"comparison_operator":{"constant_value":"GreaterThanThreshold"},"dimensions":{"references":["var.ecs_cluster_name","var.ecs_service_name"]},"evaluation_periods":{"constant_value":2},"metric_name":{"constant_value":"MemoryUtilization"},"namespace":{"constant_value":"AWS/ECS"},"period":{"constant_value":300},"statistic":{"constant_value":"Average"},"threshold":{"constant_value":80}},"schema_version":1},{"address":"aws_cloudwatch_metric_alarm.rds_cpu","mode":"managed","type":"aws_cloudwatch_metric_alarm","name":"rds_cpu","provider_config_key":"aws","expressions":{"alarm_actions":{"references":["aws_sns_topic.alarms.arn","aws_sns_topic.alarms"]},"alarm_name":{"constant_value":"rds-high-cpu"},"comparison_operator":{"constant_value":"GreaterThanThreshold"},"dimensions":{"references":["var.db_instance_id"]},"evaluation_periods":{"constant_value":2},"metric_name":{"constant_value":"CPUUtilization"},"namespace":{"constant_value":"AWS/RDS"},"period":{"constant_value":300},"statistic":{"constant_value":"Average"},"threshold":{"constant_value":80}},"schema_version":1},{"address":"aws_sns_topic.alarms","mode":"managed","type":"aws_sns_topic","name":"alarms","provider_config_key":"aws","expressions":{"name":{"constant_value":"crm-alarms-topic"}},"schema_version":0},{"address":"aws_sns_topic_subscription.email","mode":"managed","type":"aws_sns_topic_subscription","name":"email","provider_config_key":"aws","expressions":{"endpoint":{"references":["var.alarm_email"]},"protocol":{"constant_value":"email"},"topic_arn":{"references":["aws_sns_topic.alarms.arn","aws_sns_topic.alarms"]}},"schema_version":0}],"variables":{"alarm_email":{"description":"Email for alarm notifications"},"alb_arn_suffix":{"description":"ALB ARN suffix"},"db_instance_id":{"description":"RDS instance ID"},"ecs_cluster_name":{"description":"ECS cluster name"},"ecs_service_name":{"description":"ECS service name"},"pipeline_name":{"description":"Pipeline Name"},"prefix":{"description":"Resource name prefix"}}}},"networking":{"source":"../../modules/networking","expressions":{"acm_certificate_arn":{"references":["var.acm_certificate_arn"]},"azs":{"references":["var.azs"]},"log_group_arn":{"references":["module.monitoring.flow_logs_log_group_arn","module.monitoring"]},"private_subnets":{"references":["var.private_subnets"]},"public_subnets":{"references":["var.public_subnets"]},"vpc_cidr":{"references":["var.vpc_cidr"]},"vpc_flow_logs_role_arn":{"references":["module.security.vpc_flow_logs_role_arn","module.security"]}},"module":{"outputs":{"alb_dns_name":{"expression":{"references":["aws_alb.main.dns_name","aws_alb.main"]}},"alb_listener_arn":{"expression":{"references":["aws_alb_listener.https.arn","aws_alb_listener.https"]},"description":"ARN of the HTTPS listener"},"alb_sg_id":{"expression":{"references":["aws_security_group.alb.id","aws_security_group.alb"]}},"alb_target_group_arn":{"expression":{"references":["aws_alb_target_group.main.arn","aws_alb_target_group.main"]}},"blue_target_group_arn":{"expression":{"references":["aws_alb_target_group.main.arn","aws_alb_target_group.main"]},"description":"ARN of the ‘blue’ target group"},"blue_target_group_name":{"expression":{"references":["aws_alb_target_group.main.name","aws_alb_target_group.main"]},"description":"Name of the blue ECS target group"},"db_subnet_group":{"expression":{"references":["aws_db_subnet_group.db.name","aws_db_subnet_group.db"]}},"green_target_group_arn":{"expression":{"references":["aws_alb_target_group.green.arn","aws_alb_target_group.green"]},"description":"ARN of the ‘green’ target group"},"green_target_group_name":{"expression":{"references":["aws_alb_target_group.green.name","aws_alb_target_group.green"]},"description":"Name of the green ECS target group"},"private_subnets":{"expression":{"references":["aws_subnet.private"]}},"public_subnets":{"expression":{"references":["aws_subnet.public"]}},"vpc_id":{"expression":{"references":["aws_vpc.main.id","aws_vpc.main"]}}},"resources":[{"address":"aws_alb.main","mode":"managed","type":"aws_alb","name":"main","provider_config_key":"aws","expressions":{"enable_deletion_protection":{"constant_value":true},"internal":{"constant_value":false},"load_balancer_type":{"constant_value":"application"},"name":{"constant_value":"crm-alb"},"security_groups":{"references":["aws_security_group.alb.id","aws_security_group.alb"]},"subnets":{"references":["aws_subnet.public"]},"tags":{"constant_value":{"Name":"crm-alb"}}},"schema_version":0},{"address":"aws_alb_listener.https","mode":"managed","type":"aws_alb_listener","name":"https","provider_config_key":"aws","expressions":{"certificate_arn":{"references":["var.acm_certificate_arn"]},"default_action":[{"target_group_arn":{"references":["aws_alb_target_group.main.arn","aws_alb_target_group.main"]},"type":{"constant_value":"forward"}}],"load_balancer_arn":{"references":["aws_alb.main.arn","aws_alb.main"]},"port":{"constant_value":443},"protocol":{"constant_value":"HTTPS"},"ssl_policy":{"constant_value":"ELBSecurityPolicy-TLS13-1-2-2021-06"}},"schema_version":0},{"address":"aws_alb_target_group.green","mode":"managed","type":"aws_alb_target_group","name":"green","provider_config_key":"aws","expressions":{"health_check":[{"healthy_threshold":{"constant_value":3},"interval":{"constant_value":30},"matcher":{"constant_value":"200"},"path":{"constant_value":"/health"},"timeout":{"constant_value":10},"unhealthy_threshold":{"constant_value":3}}],"name":{"constant_value":"crm-tg-green"},"port":{"constant_value":3000},"protocol":{"constant_value":"HTTP"},"target_type":{"constant_value":"ip"},"vpc_id":{"references":["aws_vpc.main.id","aws_vpc.main"]}},"schema_version":0},{"address":"aws_alb_target_group.main","mode":"managed","type":"aws_alb_target_group","name":"main","provider_config_key":"aws","expressions":{"health_check":[{"healthy_threshold":{"constant_value":3},"interval":{"constant_value":30},"matcher":{"constant_value":"200"},"path":{"constant_value":"/health"},"timeout":{"constant_value":10},"unhealthy_threshold":{"constant_value":3}}],"name":{"constant_value":"crm-tg"},"port":{"constant_value":3000},"protocol":{"constant_value":"HTTP"},"target_type":{"constant_value":"ip"},"vpc_id":{"references":["aws_vpc.main.id","aws_vpc.main"]}},"schema_version":0},{"address":"aws_db_subnet_group.db","mode":"managed","type":"aws_db_subnet_group","name":"db","provider_config_key":"aws","expressions":{"name":{"constant_value":"crm-db-subnet-group"},"subnet_ids":{"references":["aws_subnet.private"]},"tags":{"constant_value":{"Name":"crm-db-subnet-group"}}},"schema_version":0},{"address":"aws_eip.nat","mode":"managed","type":"aws_eip","name":"nat","provider_config_key":"aws","expressions":{"domain":{"constant_value":"vpc"}},"schema_version":0,"count_expression":{"references":["var.public_subnets"]}},{"address":"aws_flow_log.vpc","mode":"managed","type":"aws_flow_log","name":"vpc","provider_config_key":"aws","expressions":{"iam_role_arn":{"references":["var.vpc_flow_logs_role_arn"]},"log_destination":{"references":["var.log_group_arn"]},"tags":{"constant_value":{"Name":"crm-vpc-flow-log"}},"traffic_type":{"constant_value":"ALL"},"vpc_id":{"references":["aws_vpc.main.id","aws_vpc.main"]}},"schema_version":0},{"address":"aws_internet_gateway.igw","mode":"managed","type":"aws_internet_gateway","name":"igw","provider_config_key":"aws","expressions":{"tags":{"constant_value":{"Name":"crm-igw"}},"vpc_id":{"references":["aws_vpc.main.id","aws_vpc.main"]}},"schema_version":0},{"address":"aws_nat_gateway.nat","mode":"managed","type":"aws_nat_gateway","name":"nat","provider_config_key":"aws","expressions":{"allocation_id":{"references":["aws_eip.nat","count.index"]},"subnet_id":{"references":["aws_subnet.public","count.index"]},"tags":{"references":["count.index"]}},"schema_version":0,"count_expression":{"references":["var.public_subnets"]}},{"address":"aws_route_table.private","mode":"managed","type":"aws_route_table","name":"private","provider_config_key":"aws","expressions":{"route":{"references":["aws_nat_gateway.nat","count.index"]},"tags":{"references":["count.index"]},"vpc_id":{"references":["aws_vpc.main.id","aws_vpc.main"]}},"schema_version":0,"count_expression":{"references":["var.private_subnets"]}},{"address":"aws_route_table.public","mode":"managed","type":"aws_route_table","name":"public","provider_config_key":"aws","expressions":{"route":{"references":["aws_internet_gateway.igw.id","aws_internet_gateway.igw"]},"tags":{"constant_value":{"Name":"public-rt"}},"vpc_id":{"references":["aws_vpc.main.id","aws_vpc.main"]}},"schema_version":0},{"address":"aws_route_table_association.private","mode":"managed","type":"aws_route_table_association","name":"private","provider_config_key":"aws","expressions":{"route_table_id":{"references":["aws_route_table.private","count.index"]},"subnet_id":{"references":["aws_subnet.private","count.index"]}},"schema_version":0,"count_expression":{"references":["var.private_subnets"]}},{"address":"aws_route_table_association.public","mode":"managed","type":"aws_route_table_association","name":"public","provider_config_key":"aws","expressions":{"route_table_id":{"references":["aws_route_table.public.id","aws_route_table.public"]},"subnet_id":{"references":["aws_subnet.public","count.index"]}},"schema_version":0,"count_expression":{"references":["var.public_subnets"]}},{"address":"aws_security_group.alb","mode":"managed","type":"aws_security_group","name":"alb","provider_config_key":"aws","expressions":{"description":{"constant_value":"Allow HTTP/HTTPS traffic to ALB"},"egress":{"constant_value":[{"cidr_blocks":["0.0.0.0/0"],"description":null,"from_port":0,"ipv6_cidr_blocks":null,"prefix_list_ids":null,"protocol":"-1","security_groups":null,"self":null,"to_port":0}]},"ingress":{"constant_value":[{"cidr_blocks":["0.0.0.0/0"],"description":null,"from_port":80,"ipv6_cidr_blocks":null,"prefix_list_ids":null,"protocol":"tcp","security_groups":null,"self":null,"to_port":80},{"cidr_blocks":["0.0.0.0/0"],"description":null,"from_port":443,"ipv6_cidr_blocks":null,"prefix_list_ids":null,"protocol":"tcp","security_groups":null,"self":null,"to_port":443}]},"name":{"constant_value":"crm-alb-sg"},"tags":{"constant_value":{"Name":"crm-alb-sg"}},"vpc_id":{"references":["aws_vpc.main.id","aws_vpc.main"]}},"schema_version":1},{"address":"aws_subnet.private","mode":"managed","type":"aws_subnet","name":"private","provider_config_key":"aws","expressions":{"cidr_block":{"references":["var.private_subnets","count.index"]},"tags":{"references":["count.index"]},"vpc_id":{"references":["aws_vpc.main.id","aws_vpc.main"]}},"schema_version":1,"count_expression":{"references":["var.private_subnets"]}},{"address":"aws_subnet.public","mode":"managed","type":"aws_subnet","name":"public","provider_config_key":"aws","expressions":{"availability_zone":{"references":["var.azs","count.index"]},"cidr_block":{"references":["var.public_subnets","count.index"]},"map_public_ip_on_launch":{"constant_value":true},"tags":{"references":["count.index"]},"vpc_id":{"references":["aws_vpc.main.id","aws_vpc.main"]}},"schema_version":1,"count_expression":{"references":["var.public_subnets"]}},{"address":"aws_vpc.main","mode":"managed","type":"aws_vpc","name":"main","provider_config_key":"aws","expressions":{"cidr_block":{"references":["var.vpc_cidr"]},"enable_dns_hostnames":{"constant_value":true},"enable_dns_support":{"constant_value":true},"tags":{"constant_value":{"Name":"crm-vpc"}}},"schema_version":1}],"variables":{"acm_certificate_arn":{"description":"ACM certificate ARN for HTTPS"},"azs":{"description":"Availability zones"},"log_group_arn":{"description":"CloudWatch Log Group ARN for VPC Flow Logs"},"private_subnets":{"description":"List of private subnet CIDRs"},"public_subnets":{"description":"List of public subnet CIDRs"},"vpc_cidr":{"description":"CIDR block for the VPC"},"vpc_flow_logs_role_arn":{"description":"IAM role ARN to use for VPC Flow Logs"}}}},"security":{"source":"../../modules/security","expressions":{"account_id":{"references":["var.account_id"]},"acm_certificate_arn":{"references":["var.acm_certificate_arn"]},"alarm_email":{"references":["var.alarm_email"]},"alb_sg_id":{"references":["module.networking.alb_sg_id","module.networking"]},"app_initial_secret":{"references":["var.app_initial_secret"]},"app_secret_arn":{"references":["var.app_secret_arn"]},"app_secret_value":{"references":["var.app_secret_value"]},"db_initial_password":{"references":["var.db_initial_password"]},"db_password":{"references":["var.db_password"]},"db_username":{"references":["var.db_username"]},"domain_name":{"references":["var.domain_name"]},"pg_initial_password":{"references":["var.pg_initial_password"]},"pgpassword_secret_arn":{"references":["var.pgpassword_secret_arn"]},"pgpassword_value":{"references":["var.pgpassword_value"]},"region":{"references":["var.region"]},"s3_bucket_name":{"references":["module.storage.s3_bucket_name","module.storage"]},"vpc_id":{"references":["module.networking.vpc_id","module.networking"]}},"module":{"outputs":{"app_secret_arn":{"expression":{"references":["aws_secretsmanager_secret.app_secret.arn","aws_secretsmanager_secret.app_secret"]}},"db_sg_id":{"expression":{"references":["aws_security_group.db.id","aws_security_group.db"]}},"ecs_exec_role_arn":{"expression":{"references":["aws_iam_role.ecs_exec.arn","aws_iam_role.ecs_exec"]}},"ecs_sg_id":{"expression":{"references":["aws_security_group.ecs.id","aws_security_group.ecs"]}},"ecs_task_role_arn":{"expression":{"references":["aws_iam_role.ecs_task.arn","aws_iam_role.ecs_task"]}},"kms_key_arn":{"expression":{"references":["aws_kms_key.main.arn","aws_kms_key.main"]}},"pgpassword_secret_arn":{"expression":{"references":["aws_secretsmanager_secret.pgpassword.arn","aws_secretsmanager_secret.pgpassword"]}},"vpc_flow_logs_role_arn":{"expression":{"references":["aws_iam_role.vpc_flow_logs.arn","aws_iam_role.vpc_flow_logs"]},"description":"IAM role ARN for VPC Flow Logs"},"waf_acl_arn":{"expression":{"references":["aws_wafv2_web_acl.crm.arn","aws_wafv2_web_acl.crm"]}}},"resources":[{"address":"aws_iam_policy.ecs_task","mode":"managed","type":"aws_iam_policy","name":"ecs_task","provider_config_key":"aws","expressions":{"description":{"constant_value":"Permissions for CRM ECS tasks"},"name":{"constant_value":"crm-ecs-task-policy"},"policy":{"references":["var.s3_bucket_name","var.s3_bucket_name","var.pgpassword_secret_arn","aws_kms_key.main.arn","aws_kms_key.main"]}},"schema_version":0},{"address":"aws_iam_role.ecs_exec","mode":"managed","type":"aws_iam_role","name":"ecs_exec","provider_config_key":"aws","expressions":{"assume_role_policy":{},"name":{"constant_value":"crm-ecs-exec-role"}},"schema_version":0},{"address":"aws_iam_role.ecs_task","mode":"managed","type":"aws_iam_role","name":"ecs_task","provider_config_key":"aws","expressions":{"assume_role_policy":{},"name":{"constant_value":"crm-ecs-task-role"}},"schema_version":0},{"address":"aws_iam_role.vpc_flow_logs","mode":"managed","type":"aws_iam_role","name":"vpc_flow_logs","provider_config_key":"aws","expressions":{"assume_role_policy":{},"name":{"constant_value":"crm-vpc-flow-logs-role"}},"schema_version":0},{"address":"aws_iam_role_policy.vpc_flow_logs","mode":"managed","type":"aws_iam_role_policy","name":"vpc_flow_logs","provider_config_key":"aws","expressions":{"name":{"constant_value":"crm-vpc-flow-logs-policy"},"policy":{},"role":{"references":["aws_iam_role.vpc_flow_logs.id","aws_iam_role.vpc_flow_logs"]}},"schema_version":0},{"address":"aws_iam_role_policy_attachment.ecs_exec","mode":"managed","type":"aws_iam_role_policy_attachment","name":"ecs_exec","provider_config_key":"aws","expressions":{"policy_arn":{"constant_value":"arn:aws:iam::aws:policy/service-role/AmazonECSTaskExecutionRolePolicy"},"role":{"references":["aws_iam_role.ecs_exec.name","aws_iam_role.ecs_exec"]}},"schema_version":0},{"address":"aws_iam_role_policy_attachment.ecs_task","mode":"managed","type":"aws_iam_role_policy_attachment","name":"ecs_task","provider_config_key":"aws","expressions":{"policy_arn":{"references":["aws_iam_policy.ecs_task.arn","aws_iam_policy.ecs_task"]},"role":{"references":["aws_iam_role.ecs_task.name","aws_iam_role.ecs_task"]}},"schema_version":0},{"address":"aws_kms_key.main","mode":"managed","type":"aws_kms_key","name":"main","provider_config_key":"aws","expressions":{"deletion_window_in_days":{"constant_value":30},"description":{"constant_value":"KMS key for CRM encryption"},"enable_key_rotation":{"constant_value":true},"policy":{"references":["var.account_id"]}},"schema_version":0},{"address":"aws_secretsmanager_secret.app_secret","mode":"managed","type":"aws_secretsmanager_secret","name":"app_secret","provider_config_key":"aws","expressions":{"description":{"constant_value":"Application secret for CRM"},"kms_key_id":{"references":["aws_kms_key.main.key_id","aws_kms_key.main"]},"name":{"constant_value":"crm-app-secret"}},"schema_version":0},{"address":"aws_secretsmanager_secret.db_creds","mode":"managed","type":"aws_secretsmanager_secret","name":"db_creds","provider_config_key":"aws","expressions":{"name":{"references":["var.db_password"]}},"schema_version":0},{"address":"aws_secretsmanager_secret.pg_super","mode":"managed","type":"aws_secretsmanager_secret","name":"pg_super","provider_config_key":"aws","expressions":{"name":{"references":["var.pgpassword_value"]}},"schema_version":0},{"address":"aws_secretsmanager_secret.pgpassword","mode":"managed","type":"aws_secretsmanager_secret","name":"pgpassword","provider_config_key":"aws","expressions":{"description":{"constant_value":"Database password for CRM"},"kms_key_id":{"references":["aws_kms_key.main.key_id","aws_kms_key.main"]},"name":{"constant_value":"crm-db-password"}},"schema_version":0},{"address":"aws_secretsmanager_secret_version.app_secret","mode":"managed","type":"aws_secretsmanager_secret_version","name":"app_secret","provider_config_key":"aws","expressions":{"secret_id":{"references":["aws_secretsmanager_secret.app_secret.id","aws_secretsmanager_secret.app_secret"]},"secret_string":{"references":["var.app_secret_value"]}},"schema_version":0},{"address":"aws_secretsmanager_secret_version.db_creds","mode":"managed","type":"aws_secretsmanager_secret_version","name":"db_creds","provider_config_key":"aws","expressions":{"secret_id":{"references":["aws_secretsmanager_secret.db_creds.id","aws_secretsmanager_secret.db_creds"]},"secret_string":{"references":["var.db_username","var.db_initial_password"]}},"schema_version":0},{"address":"aws_secretsmanager_secret_version.pg_super","mode":"managed","type":"aws_secretsmanager_secret_version","name":"pg_super","provider_config_key":"aws","expressions":{"secret_id":{"references":["aws_secretsmanager_secret.pg_super.id","aws_secretsmanager_secret.pg_super"]},"secret_string":{"references":["var.pg_initial_password"]}},"schema_version":0},{"address":"aws_secretsmanager_secret_version.pgpassword","mode":"managed","type":"aws_secretsmanager_secret_version","name":"pgpassword","provider_config_key":"aws","expressions":{"secret_id":{"references":["aws_secretsmanager_secret.pgpassword.id","aws_secretsmanager_secret.pgpassword"]},"secret_string":{"references":["var.pgpassword_value"]}},"schema_version":0},{"address":"aws_security_group.db","mode":"managed","type":"aws_security_group","name":"db","provider_config_key":"aws","expressions":{"description":{"constant_value":"Security group for RDS"},"egress":{"constant_value":[{"cidr_blocks":["0.0.0.0/0"],"description":null,"from_port":0,"ipv6_cidr_blocks":null,"prefix_list_ids":null,"protocol":"-1","security_groups":null,"self":null,"to_port":0}]},"ingress":{"references":["aws_security_group.ecs.id","aws_security_group.ecs"]},"name":{"constant_value":"crm-db-sg"},"tags":{"constant_value":{"Name":"crm-db-sg"}},"vpc_id":{"references":["var.vpc_id"]}},"schema_version":1},{"address":"aws_security_group.ecs","mode":"managed","type":"aws_security_group","name":"ecs","provider_config_key":"aws","expressions":{"description":{"constant_value":"Security group for ECS tasks"},"egress":{"constant_value":[{"cidr_blocks":["0.0.0.0/0"],"description":null,"from_port":0,"ipv6_cidr_blocks":null,"prefix_list_ids":null,"protocol":"-1","security_groups":null,"self":null,"to_port":0}]},"ingress":{"references":["var.alb_sg_id"]},"name":{"constant_value":"crm-ecs-sg"},"tags":{"constant_value":{"Name":"crm-ecs-sg"}},"vpc_id":{"references":["var.vpc_id"]}},"schema_version":1},{"address":"aws_ssm_parameter.alert_email","mode":"managed","type":"aws_ssm_parameter","name":"alert_email","provider_config_key":"aws","expressions":{"name":{"references":["var.alarm_email"]},"type":{"constant_value":"String"},"value":{"constant_value":"alerts@example.com"}},"schema_version":0},{"address":"aws_ssm_parameter.cert_arn","mode":"managed","type":"aws_ssm_parameter","name":"cert_arn","provider_config_key":"aws","expressions":{"name":{"references":["var.acm_certificate_arn"]},"type":{"constant_value":"String"},"value":{"references":["var.region","var.account_id"]}},"schema_version":0},{"address":"aws_ssm_parameter.domain_name","mode":"managed","type":"aws_ssm_parameter","name":"domain_name","provider_config_key":"aws","expressions":{"name":{"references":["var.domain_name"]},"type":{"constant_value":"String"},"value":{"references":["var.domain_name"]}},"schema_version":0},{"address":"aws_wafv2_web_acl.crm","mode":"managed","type":"aws_wafv2_web_acl","name":"crm","provider_config_key":"aws","expressions":{"default_action":[{"allow":[{}]}],"description":{"constant_value":"Web ACL for CRM application"},"name":{"constant_value":"crm-web-acl"},"rule":[{"name":{"constant_value":"AWSManagedRulesCommonRuleSet"},"override_action":[{"none":[{}]}],"priority":{"constant_value":1},"statement":[{"managed_rule_group_statement":[{"name":{"constant_value":"AWSManagedRulesCommonRuleSet"},"vendor_name":{"constant_value":"AWS"}}]}],"visibility_config":[{"cloudwatch_metrics_enabled":{"constant_value":true},"metric_name":{"constant_value":"AWSManagedRulesCommonRuleSet"},"sampled_requests_enabled":{"constant_value":true}}]}],"scope":{"constant_value":"REGIONAL"},"visibility_config":[{"cloudwatch_metrics_enabled":{"constant_value":true},"metric_name":{"constant_value":"crm-web-acl-metrics"},"sampled_requests_enabled":{"constant_value":true}}]},"schema_version":0}],"variables":{"account_id":{"description":"AWS account ID"},"acm_certificate_arn":{"description":"SSM Parameter path for the ACM certificate ARN"},"alarm_email":{"description":"SSM Parameter path for the alert email address"},"alb_sg_id":{"description":"ALB security group ID"},"app_initial_secret":{"description":"Initial application secret (bootstrap value)","sensitive":true},"app_secret_arn":{"description":"App secret ARN"},"app_secret_value":{"description":"Application secret value","sensitive":true},"db_initial_password":{"description":"Initial DB master password (used once to bootstrap the secret)","sensitive":true},"db_password":{"description":"Secrets Manager secret ID for DB master credentials"},"db_username":{},"domain_name":{"description":"SSM Parameter path for the public domain name"},"pg_initial_password":{"description":"Initial Postgres superuser password (bootstrap value)","sensitive":true},"pgpassword_secret_arn":{"description":"Database password secret ARN"},"pgpassword_value":{"description":"Database password value","sensitive":true},"region":{},"s3_bucket_name":{"description":"S3 bucket name for attachments"},"vpc_id":{"description":"VPC ID"}}}},"storage":{"source":"../../modules/storage","expressions":{"bucket_name":{"references":["var.account_id"]},"kms_key_arn":{"references":["module.security.kms_key_arn","module.security"]}},"module":{"outputs":{"s3_bucket_arn":{"expression":{"references":["aws_s3_bucket.attachments.arn","aws_s3_bucket.attachments"]}},"s3_bucket_name":{"expression":{"references":["aws_s3_bucket.attachments.bucket","aws_s3_bucket.attachments"]}}},"resources":[{"address":"aws_s3_bucket.attachments","mode":"managed","type":"aws_s3_bucket","name":"attachments","provider_config_key":"aws","expressions":{"bucket":{"references":["var.bucket_name"]},"tags":{"constant_value":{"Name":"crm-attachments"}}},"schema_version":0},{"address":"aws_s3_bucket_lifecycle_configuration.attachments","mode":"managed","type":"aws_s3_bucket_lifecycle_configuration","name":"attachments","provider_config_key":"aws","expressions":{"bucket":{"references":["aws_s3_bucket.attachments.id","aws_s3_bucket.attachments"]},"rule":[{"filter":[{}],"id":{"constant_value":"transition-to-ia"},"status":{"constant_value":"Enabled"},"transition":[{"days":{"constant_value":30},"storage_class":{"constant_value":"STANDARD_IA"}},{"days":{"constant_value":90},"storage_class":{"constant_value":"GLACIER"}}]}]},"schema_version":1},{"address":"aws_s3_bucket_public_access_block.block","mode":"managed","type":"aws_s3_bucket_public_access_block","name":"block","provider_config_key":"aws","expressions":{"block_public_acls":{"constant_value":true},"block_public_policy":{"constant_value":true},"bucket":{"references":["aws_s3_bucket.attachments.id","aws_s3_bucket.attachments"]},"ignore_public_acls":{"constant_value":true},"restrict_public_buckets":{"constant_value":true}},"schema_version":0},{"address":"aws_s3_bucket_server_side_encryption_configuration.attachments","mode":"managed","type":"aws_s3_bucket_server_side_encryption_configuration","name":"attachments","provider_config_key":"aws","expressions":{"bucket":{"references":["aws_s3_bucket.attachments.id","aws_s3_bucket.attachments"]},"rule":[{"apply_server_side_encryption_by_default":[{"kms_master_key_id":{"references":["var.kms_key_arn"]},"sse_algorithm":{"constant_value":"aws:kms"}}]}]},"schema_version":0},{"address":"aws_s3_bucket_versioning.attachments","mode":"managed","type":"aws_s3_bucket_versioning","name":"attachments","provider_config_key":"aws","expressions":{"bucket":{"references":["aws_s3_bucket.attachments.id","aws_s3_bucket.attachments"]},"versioning_configuration":[{"status":{"constant_value":"Enabled"}}]},"schema_version":0}],"variables":{"bucket_name":{"description":"S3 bucket name"},"kms_key_arn":{"description":"KMS key ARN for encryption"}}}}},"variables":{"account_id":{"default":"123456789012"},"acm_certificate_arn":{"description":"SSM Parameter path for the ACM certificate ARN"},"alarm_email":{"description":"SSM Parameter path for the alert email address"},"anomaly_threshold_amount":{"default":50000,"description":"Absolute yen threshold for cost anomaly alerts"},"app_initial_secret":{"description":"Initial application secret (bootstrap value)","sensitive":true},"app_secret_arn":{"description":"SecretsManager ARN for the application secret"},"app_secret_value":{"description":"Secrets Manager secret ID for the application secret"},"azs":{"default":["ap-northeast-1a","ap-northeast-1b"]},"budget_threshold_percent":{"default":80,"description":"Percent of budget at which to alert"},"cur_s3_bucket":{"default":"my-crm-cur-bucket","description":"Name of the S3 bucket to receive CUR files"},"db_initial_password":{"description":"Initial DB master password (used once to bootstrap the secret)","sensitive":true},"db_instance_class":{"default":"db.t3.medium"},"db_name":{"default":"twenty"},"db_password":{"description":"Secrets Manager secret ID for DB master credentials"},"db_sg_ids":{"default":["sg-0123456789abcdef0"]},"db_username":{"default":"twenty_admin"},"domain_name":{"description":"SSM Parameter path for the public domain name"},"dr_region":{"default":"ap-southeast-1"},"lambda_code_bucket":{"default":"my-deployed-lambda-bucket","description":"Bucket containing the Lambda ZIP"},"lambda_code_key":{"default":"dr/promote-replica.zip","description":"Key of the Lambda ZIP in S3"},"monthly_budget_limit":{"default":1000000,"description":"Monthly budget limit in JPY"},"pg_initial_password":{"description":"Initial Postgres superuser password (bootstrap value)","sensitive":true},"pgpassword_secret_arn":{"description":"SecretsManager ARN for the Postgres superuser password"},"pgpassword_value":{"description":"Secrets Manager secret ID for the Postgres superuser password"},"pipeline_name":{"default":"crm-prod-deployment"},"prefix":{"default":"crm-prod"},"private_subnets":{"default":["10.0.3.0/24","10.0.4.0/24"]},"public_subnets":{"default":["10.0.1.0/24","10.0.2.0/24"]},"region":{"default":"ap-northeast-1"},"vpc_cidr":{"default":"10.0.0.0/16"}}}},"relevant_attributes":[{"resource":"module.ci_cd.aws_s3_bucket.artifacts","attribute":["bucket"]},{"resource":"module.networking.aws_alb.main","attribute":["arn"]},{"resource":"module.backup.aws_backup_vault.primary","attribute":["name"]},{"resource":"module.compute.aws_appautoscaling_target.server_scale","attribute":["service_namespace"]},{"resource":"module.networking.aws_security_group.alb","attribute":["id"]},{"resource":"module.backup.aws_iam_role.backup_role","attribute":["arn"]},{"resource":"module.security.aws_iam_role.vpc_flow_logs","attribute":["arn"]},{"resource":"module.compute.aws_cloudwatch_log_group.main","attribute":["name"]},{"resource":"module.security.aws_secretsmanager_secret.pgpassword","attribute":["arn"]},{"resource":"module.ci_cd.aws_s3_bucket.artifacts","attribute":["id"]},{"resource":"module.cost.aws_s3_bucket.cur","attribute":["id"]},{"resource":"module.networking.aws_subnet.public","attribute":[]},{"resource":"module.compute.aws_appautoscaling_target.server_scale","attribute":["resource_id"]},{"resource":"module.compute.aws_ecs_service.server","attribute":["name"]},{"resource":"module.cost.aws_cloudwatch_event_rule.cost_anomaly","attribute":["arn"]},{"resource":"module.edge.aws_cloudfront_distribution.crm","attribute":["domain_name"]},{"resource":"module.edge.aws_route53_zone.main","attribute":["zone_id"]},{"resource":"module.networking.aws_eip.nat","attribute":[]},{"resource":"module.compute.aws_ecs_cluster.main","attribute":["id"]},{"resource":"module.security.aws_kms_key.main","attribute":["arn"]},{"resource":"module.cost.aws_budgets_budget.monthly","attribute":["name"]},{"resource":"module.database.aws_db_instance.main","attribute":["id"]},{"resource":"module.database.aws_db_parameter_group.main","attribute":["name"]},{"resource":"module.monitoring.aws_cloudwatch_metric_alarm.ecs_memory","attribute":["alarm_name"]},{"resource":"module.ci_cd.aws_codedeploy_app.ecs","attribute":["name"]},{"resource":"module.compute.aws_ecs_task_definition.server","attribute":["arn"]},{"resource":"module.networking.aws_vpc.main","attribute":["id"]},{"resource":"module.failover.aws_iam_role.promote_role","attribute":["name"]},{"resource":"module.monitoring.aws_cloudwatch_log_group.flow_logs","attribute":["arn"]},{"resource":"module.backup.aws_iam_role.backup_role","attribute":["name"]},{"resource":"module.ci_cd.aws_codebuild_project.build","attribute":["name"]},{"resource":"module.compute.aws_ecs_cluster.main","attribute":["name"]},{"resource":"module.security.aws_iam_policy.ecs_task","attribute":["arn"]},{"resource":"module.monitoring.aws_cloudwatch_metric_alarm.alb_5xx","attribute":["alarm_name"]},{"resource":"module.security.aws_iam_role.ecs_exec","attribute":["arn"]},{"resource":"module.networking.aws_internet_gateway.igw","attribute":["id"]},{"resource":"module.security.aws_wafv2_web_acl.crm","attribute":["arn"]},{"resource":"module.compute.aws_ecs_task_definition.worker","attribute":["arn"]},{"resource":"module.networking.aws_subnet.private","attribute":[]},{"resource":"module.monitoring.aws_cloudwatch_log_group.flow_logs","attribute":["name"]},{"resource":"module.database.aws_db_instance.main","attribute":["endpoint"]},{"resource":"module.networking.aws_alb_listener.https","attribute":["arn"]},{"resource":"module.backup.aws_backup_vault.secondary","attribute":["arn"]},{"resource":"module.networking.aws_route_table.private","attribute":[]},{"resource":"module.security.aws_iam_role.ecs_task","attribute":["arn"]},{"resource":"module.compute.aws_ecs_service.worker","attribute":["name"]},{"resource":"module.storage.aws_s3_bucket.attachments","attribute":["bucket"]},{"resource":"module.database.aws_db_instance.replica","attribute":["id"]},{"resource":"module.monitoring.aws_cloudwatch_metric_alarm.rds_cpu","attribute":["alarm_name"]},{"resource":"module.security.aws_security_group.db","attribute":["id"]},{"resource":"module.database.aws_db_instance.replica","attribute":["arn"]},{"resource":"module.monitoring.aws_cloudwatch_metric_alarm.ecs_cpu","attribute":["alarm_name"]},{"resource":"module.failover.aws_cloudwatch_event_rule.rds_failover","attribute":["arn"]},{"resource":"module.security.aws_secretsmanager_secret.pg_super","attribute":["id"]},{"resource":"module.ci_cd.aws_iam_role.codebuild","attribute":["name"]},{"resource":"module.failover.aws_iam_policy.promote_policy","attribute":["arn"]},{"resource":"module.failover.aws_lambda_function.promote","attribute":["arn"]},{"resource":"module.networking.aws_alb_target_group.green","attribute":["name"]},{"resource":"module.networking.aws_db_subnet_group.db","attribute":["name"]},{"resource":"module.ci_cd.aws_iam_role.codepipeline","attribute":["arn"]},{"resource":"module.cost.aws_s3_bucket.cur","attribute":["bucket"]},{"resource":"module.security.aws_iam_role.vpc_flow_logs","attribute":["id"]},{"resource":"module.ci_cd.aws_codestarconnections_connection.github","attribute":["arn"]},{"resource":"module.ci_cd.aws_s3_bucket.artifacts","attribute":["arn"]},{"resource":"module.cost.aws_sns_topic.cost_alerts","attribute":["arn"]},{"resource":"module.database.aws_db_instance.main","attribute":["identifier"]},{"resource":"module.edge.aws_cloudfront_distribution.crm","attribute":["hosted_zone_id"]},{"resource":"module.compute.aws_appautoscaling_target.server_scale","attribute":["scalable_dimension"]},{"resource":"module.backup.aws_backup_plan.cross_region","attribute":["id"]},{"resource":"module.networking.aws_nat_gateway.nat","attribute":[]},{"resource":"module.security.aws_secretsmanager_secret.pgpassword","attribute":["id"]},{"resource":"module.cost.data.aws_iam_policy_document.events_to_sns","attribute":["json"]},{"resource":"module.database.aws_db_instance.main","attribute":["arn"]},{"resource":"module.networking.aws_alb_target_group.main","attribute":["name"]},{"resource":"module.ci_cd.aws_iam_role.codebuild","attribute":["arn"]},{"resource":"module.security.aws_secretsmanager_secret.db_creds","attribute":["id"]},{"resource":"module.failover.aws_lambda_function.promote","attribute":["function_name"]},{"resource":"module.ci_cd.aws_iam_role.codepipeline","attribute":["name"]},{"resource":"module.storage.aws_s3_bucket.attachments","attribute":["id"]},{"resource":"module.database.aws_db_instance.main","attribute":["db_name"]},{"resource":"module.networking.aws_alb.main","attribute":["dns_name"]},{"resource":"module.failover.aws_iam_role.promote_role","attribute":["arn"]},{"resource":"module.security.aws_secretsmanager_secret.app_secret","attribute":["id"]},{"resource":"module.networking.aws_alb_target_group.main","attribute":["arn"]},{"resource":"module.security.aws_secretsmanager_secret.app_secret","attribute":["arn"]},{"resource":"module.failover.data.aws_iam_policy_document.lambda_assume","attribute":["json"]},{"resource":"module.monitoring.aws_sns_topic.alarms","attribute":["arn"]},{"resource":"module.networking.aws_route_table.public","attribute":["id"]},{"resource":"module.networking.aws_alb_target_group.green","attribute":["arn"]},{"resource":"module.storage.aws_s3_bucket.attachments","attribute":["arn"]},{"resource":"module.security.aws_iam_role.ecs_task","attribute":["name"]},{"resource":"module.ci_cd.aws_codedeploy_deployment_group.ecs","attribute":["deployment_group_name"]},{"resource":"module.security.aws_security_group.ecs","attribute":["id"]},{"resource":"module.failover.aws_cloudwatch_event_rule.rds_failover","attribute":["name"]},{"resource":"module.security.aws_iam_role.ecs_exec","attribute":["name"]},{"resource":"module.cost.aws_cloudwatch_event_rule.cost_anomaly","attribute":["name"]},{"resource":"module.security.aws_kms_key.main","attribute":["key_id"]}],"timestamp":"2025-07-04T01:15:00Z","applyable":true,"complete":true,"errored":false}
